# THIS IS AN AUTOGENERATED FILE. DO NOT EDIT THIS FILE DIRECTLY.
# yarn lockfile v1


"@aws-crypto/ie11-detection@^3.0.0":
  version "3.0.0"
  resolved "https://registry.yarnpkg.com/@aws-crypto/ie11-detection/-/ie11-detection-3.0.0.tgz#640ae66b4ec3395cee6a8e94ebcd9f80c24cd688"
  integrity sha512-341lBBkiY1DfDNKai/wXM3aujNBkXR7tq1URPQDL9wi3AUbI80NR74uF1TXHMm7po1AcnFk8iu2S2IeU/+/A+Q==
  dependencies:
    tslib "^1.11.1"

"@aws-crypto/sha256-browser@3.0.0":
  version "3.0.0"
  resolved "https://registry.yarnpkg.com/@aws-crypto/sha256-browser/-/sha256-browser-3.0.0.tgz#05f160138ab893f1c6ba5be57cfd108f05827766"
  integrity sha512-8VLmW2B+gjFbU5uMeqtQM6Nj0/F1bro80xQXCW6CQBWgosFWXTx77aeOF5CAIAmbOK64SdMBJdNr6J41yP5mvQ==
  dependencies:
    "@aws-crypto/ie11-detection" "^3.0.0"
    "@aws-crypto/sha256-js" "^3.0.0"
    "@aws-crypto/supports-web-crypto" "^3.0.0"
    "@aws-crypto/util" "^3.0.0"
    "@aws-sdk/types" "^3.222.0"
    "@aws-sdk/util-locate-window" "^3.0.0"
    "@aws-sdk/util-utf8-browser" "^3.0.0"
    tslib "^1.11.1"

"@aws-crypto/sha256-js@3.0.0", "@aws-crypto/sha256-js@^3.0.0":
  version "3.0.0"
  resolved "https://registry.yarnpkg.com/@aws-crypto/sha256-js/-/sha256-js-3.0.0.tgz#f06b84d550d25521e60d2a0e2a90139341e007c2"
  integrity sha512-PnNN7os0+yd1XvXAy23CFOmTbMaDxgxXtTKHybrJ39Y8kGzBATgBFibWJKH6BhytLI/Zyszs87xCOBNyBig6vQ==
  dependencies:
    "@aws-crypto/util" "^3.0.0"
    "@aws-sdk/types" "^3.222.0"
    tslib "^1.11.1"

"@aws-crypto/supports-web-crypto@^3.0.0":
  version "3.0.0"
  resolved "https://registry.yarnpkg.com/@aws-crypto/supports-web-crypto/-/supports-web-crypto-3.0.0.tgz#5d1bf825afa8072af2717c3e455f35cda0103ec2"
  integrity sha512-06hBdMwUAb2WFTuGG73LSC0wfPu93xWwo5vL2et9eymgmu3Id5vFAHBbajVWiGhPO37qcsdCap/FqXvJGJWPIg==
  dependencies:
    tslib "^1.11.1"

"@aws-crypto/util@^3.0.0":
  version "3.0.0"
  resolved "https://registry.yarnpkg.com/@aws-crypto/util/-/util-3.0.0.tgz#1c7ca90c29293f0883468ad48117937f0fe5bfb0"
  integrity sha512-2OJlpeJpCR48CC8r+uKVChzs9Iungj9wkZrl8Z041DWEWvyIHILYKCPNzJghKsivj+S3mLo6BVc7mBNzdxA46w==
  dependencies:
    "@aws-sdk/types" "^3.222.0"
    "@aws-sdk/util-utf8-browser" "^3.0.0"
    tslib "^1.11.1"

"@aws-sdk/abort-controller@3.341.0":
  version "3.341.0"
  resolved "https://registry.yarnpkg.com/@aws-sdk/abort-controller/-/abort-controller-3.341.0.tgz#736c1c82a4e52931ce13d9c0c538799ebfb32d0d"
  integrity sha512-D27hLlUPJTM4rNtMBPduD1vdPSmbUs0Eat8DZWCv3bg+v60loairha87oYL5x6Kj4IhbK93shI1OfzbxDqG1Yw==
  dependencies:
    "@aws-sdk/types" "3.341.0"
    tslib "^2.5.0"

"@aws-sdk/client-dynamodb@^3.7.0":
  version "3.341.0"
  resolved "https://registry.yarnpkg.com/@aws-sdk/client-dynamodb/-/client-dynamodb-3.341.0.tgz#c27679985c5a8e49799380fecb189ed94e7ea0cc"
  integrity sha512-3pqMv5p/xbwe3hXl17yoyS274I0QrdRx0UK2Bo7boQCax7TZ88Q4ynhZHELOVeMbk1xaxzXIS/ODvQrmqK/SSw==
  dependencies:
    "@aws-crypto/sha256-browser" "3.0.0"
    "@aws-crypto/sha256-js" "3.0.0"
    "@aws-sdk/client-sts" "3.341.0"
    "@aws-sdk/config-resolver" "3.341.0"
    "@aws-sdk/credential-provider-node" "3.341.0"
    "@aws-sdk/fetch-http-handler" "3.341.0"
    "@aws-sdk/hash-node" "3.341.0"
    "@aws-sdk/invalid-dependency" "3.341.0"
    "@aws-sdk/middleware-content-length" "3.341.0"
    "@aws-sdk/middleware-endpoint" "3.341.0"
    "@aws-sdk/middleware-endpoint-discovery" "3.341.0"
    "@aws-sdk/middleware-host-header" "3.341.0"
    "@aws-sdk/middleware-logger" "3.341.0"
    "@aws-sdk/middleware-recursion-detection" "3.341.0"
    "@aws-sdk/middleware-retry" "3.341.0"
    "@aws-sdk/middleware-serde" "3.341.0"
    "@aws-sdk/middleware-signing" "3.341.0"
    "@aws-sdk/middleware-stack" "3.341.0"
    "@aws-sdk/middleware-user-agent" "3.341.0"
    "@aws-sdk/node-config-provider" "3.341.0"
    "@aws-sdk/node-http-handler" "3.341.0"
    "@aws-sdk/smithy-client" "3.341.0"
    "@aws-sdk/types" "3.341.0"
    "@aws-sdk/url-parser" "3.341.0"
    "@aws-sdk/util-base64" "3.310.0"
    "@aws-sdk/util-body-length-browser" "3.310.0"
    "@aws-sdk/util-body-length-node" "3.310.0"
    "@aws-sdk/util-defaults-mode-browser" "3.341.0"
    "@aws-sdk/util-defaults-mode-node" "3.341.0"
    "@aws-sdk/util-endpoints" "3.341.0"
    "@aws-sdk/util-retry" "3.341.0"
    "@aws-sdk/util-user-agent-browser" "3.341.0"
    "@aws-sdk/util-user-agent-node" "3.341.0"
    "@aws-sdk/util-utf8" "3.310.0"
    "@aws-sdk/util-waiter" "3.341.0"
    "@smithy/protocol-http" "^1.0.1"
    "@smithy/types" "^1.0.0"
    tslib "^2.5.0"
    uuid "^8.3.2"

"@aws-sdk/client-sqs@^3.7.0":
  version "3.341.0"
  resolved "https://registry.yarnpkg.com/@aws-sdk/client-sqs/-/client-sqs-3.341.0.tgz#c3a6aae4d4b04eb9ff43821d1a8ef57745446f73"
  integrity sha512-N54Y1d6SUdkVG41m16NDlCeJddIScEladcQGqQcnXUAB1ytz1K77Tx+AnfJzKZuWpmkzf9GKINcBYogYwp71JQ==
  dependencies:
    "@aws-crypto/sha256-browser" "3.0.0"
    "@aws-crypto/sha256-js" "3.0.0"
    "@aws-sdk/client-sts" "3.341.0"
    "@aws-sdk/config-resolver" "3.341.0"
    "@aws-sdk/credential-provider-node" "3.341.0"
    "@aws-sdk/fetch-http-handler" "3.341.0"
    "@aws-sdk/hash-node" "3.341.0"
    "@aws-sdk/invalid-dependency" "3.341.0"
    "@aws-sdk/md5-js" "3.341.0"
    "@aws-sdk/middleware-content-length" "3.341.0"
    "@aws-sdk/middleware-endpoint" "3.341.0"
    "@aws-sdk/middleware-host-header" "3.341.0"
    "@aws-sdk/middleware-logger" "3.341.0"
    "@aws-sdk/middleware-recursion-detection" "3.341.0"
    "@aws-sdk/middleware-retry" "3.341.0"
    "@aws-sdk/middleware-sdk-sqs" "3.341.0"
    "@aws-sdk/middleware-serde" "3.341.0"
    "@aws-sdk/middleware-signing" "3.341.0"
    "@aws-sdk/middleware-stack" "3.341.0"
    "@aws-sdk/middleware-user-agent" "3.341.0"
    "@aws-sdk/node-config-provider" "3.341.0"
    "@aws-sdk/node-http-handler" "3.341.0"
    "@aws-sdk/smithy-client" "3.341.0"
    "@aws-sdk/types" "3.341.0"
    "@aws-sdk/url-parser" "3.341.0"
    "@aws-sdk/util-base64" "3.310.0"
    "@aws-sdk/util-body-length-browser" "3.310.0"
    "@aws-sdk/util-body-length-node" "3.310.0"
    "@aws-sdk/util-defaults-mode-browser" "3.341.0"
    "@aws-sdk/util-defaults-mode-node" "3.341.0"
    "@aws-sdk/util-endpoints" "3.341.0"
    "@aws-sdk/util-retry" "3.341.0"
    "@aws-sdk/util-user-agent-browser" "3.341.0"
    "@aws-sdk/util-user-agent-node" "3.341.0"
    "@aws-sdk/util-utf8" "3.310.0"
    "@smithy/protocol-http" "^1.0.1"
    "@smithy/types" "^1.0.0"
    fast-xml-parser "4.1.2"
    tslib "^2.5.0"

"@aws-sdk/client-sso-oidc@3.341.0":
  version "3.341.0"
  resolved "https://registry.yarnpkg.com/@aws-sdk/client-sso-oidc/-/client-sso-oidc-3.341.0.tgz#0a87db818c04e6e2e9a3dbb7b33ce7e68f0c19d3"
  integrity sha512-BjG4E7E1StsHCM0Mex7EZA6oPMQ+PLZY5axr554ErYxlzYlzE8b/Aq3N/mCCqeUSIdz4zAGr8di7XYCUB3CRdg==
  dependencies:
    "@aws-crypto/sha256-browser" "3.0.0"
    "@aws-crypto/sha256-js" "3.0.0"
    "@aws-sdk/config-resolver" "3.341.0"
    "@aws-sdk/fetch-http-handler" "3.341.0"
    "@aws-sdk/hash-node" "3.341.0"
    "@aws-sdk/invalid-dependency" "3.341.0"
    "@aws-sdk/middleware-content-length" "3.341.0"
    "@aws-sdk/middleware-endpoint" "3.341.0"
    "@aws-sdk/middleware-host-header" "3.341.0"
    "@aws-sdk/middleware-logger" "3.341.0"
    "@aws-sdk/middleware-recursion-detection" "3.341.0"
    "@aws-sdk/middleware-retry" "3.341.0"
    "@aws-sdk/middleware-serde" "3.341.0"
    "@aws-sdk/middleware-stack" "3.341.0"
    "@aws-sdk/middleware-user-agent" "3.341.0"
    "@aws-sdk/node-config-provider" "3.341.0"
    "@aws-sdk/node-http-handler" "3.341.0"
    "@aws-sdk/smithy-client" "3.341.0"
    "@aws-sdk/types" "3.341.0"
    "@aws-sdk/url-parser" "3.341.0"
    "@aws-sdk/util-base64" "3.310.0"
    "@aws-sdk/util-body-length-browser" "3.310.0"
    "@aws-sdk/util-body-length-node" "3.310.0"
    "@aws-sdk/util-defaults-mode-browser" "3.341.0"
    "@aws-sdk/util-defaults-mode-node" "3.341.0"
    "@aws-sdk/util-endpoints" "3.341.0"
    "@aws-sdk/util-retry" "3.341.0"
    "@aws-sdk/util-user-agent-browser" "3.341.0"
    "@aws-sdk/util-user-agent-node" "3.341.0"
    "@aws-sdk/util-utf8" "3.310.0"
    "@smithy/protocol-http" "^1.0.1"
    "@smithy/types" "^1.0.0"
    tslib "^2.5.0"

"@aws-sdk/client-sso@3.341.0":
  version "3.341.0"
  resolved "https://registry.yarnpkg.com/@aws-sdk/client-sso/-/client-sso-3.341.0.tgz#0a9ba2ae442fb915ecdacf92020d78daf1b400f7"
  integrity sha512-RWFKz3DBgEy92mce3TTgcq/UOKr/LKNyC189M8UXhWRyyoaQpE9gIyHUQwuh7a2bbnI7XKgpa2rO54Ns0rFJzw==
  dependencies:
    "@aws-crypto/sha256-browser" "3.0.0"
    "@aws-crypto/sha256-js" "3.0.0"
    "@aws-sdk/config-resolver" "3.341.0"
    "@aws-sdk/fetch-http-handler" "3.341.0"
    "@aws-sdk/hash-node" "3.341.0"
    "@aws-sdk/invalid-dependency" "3.341.0"
    "@aws-sdk/middleware-content-length" "3.341.0"
    "@aws-sdk/middleware-endpoint" "3.341.0"
    "@aws-sdk/middleware-host-header" "3.341.0"
    "@aws-sdk/middleware-logger" "3.341.0"
    "@aws-sdk/middleware-recursion-detection" "3.341.0"
    "@aws-sdk/middleware-retry" "3.341.0"
    "@aws-sdk/middleware-serde" "3.341.0"
    "@aws-sdk/middleware-stack" "3.341.0"
    "@aws-sdk/middleware-user-agent" "3.341.0"
    "@aws-sdk/node-config-provider" "3.341.0"
    "@aws-sdk/node-http-handler" "3.341.0"
    "@aws-sdk/smithy-client" "3.341.0"
    "@aws-sdk/types" "3.341.0"
    "@aws-sdk/url-parser" "3.341.0"
    "@aws-sdk/util-base64" "3.310.0"
    "@aws-sdk/util-body-length-browser" "3.310.0"
    "@aws-sdk/util-body-length-node" "3.310.0"
    "@aws-sdk/util-defaults-mode-browser" "3.341.0"
    "@aws-sdk/util-defaults-mode-node" "3.341.0"
    "@aws-sdk/util-endpoints" "3.341.0"
    "@aws-sdk/util-retry" "3.341.0"
    "@aws-sdk/util-user-agent-browser" "3.341.0"
    "@aws-sdk/util-user-agent-node" "3.341.0"
    "@aws-sdk/util-utf8" "3.310.0"
    "@smithy/protocol-http" "^1.0.1"
    "@smithy/types" "^1.0.0"
    tslib "^2.5.0"

"@aws-sdk/client-sts@3.341.0":
  version "3.341.0"
  resolved "https://registry.yarnpkg.com/@aws-sdk/client-sts/-/client-sts-3.341.0.tgz#5ffa75db58882fd14a8dd90a7492dd73478d558b"
  integrity sha512-Ec8lzyPkd7N6VE4O73RuY04hgxMSXCD+uyWmYCoCCuamAx+xEP4ifVL0spApr8tttm51QLBgc01pVKNL62Oprw==
  dependencies:
    "@aws-crypto/sha256-browser" "3.0.0"
    "@aws-crypto/sha256-js" "3.0.0"
    "@aws-sdk/config-resolver" "3.341.0"
    "@aws-sdk/credential-provider-node" "3.341.0"
    "@aws-sdk/fetch-http-handler" "3.341.0"
    "@aws-sdk/hash-node" "3.341.0"
    "@aws-sdk/invalid-dependency" "3.341.0"
    "@aws-sdk/middleware-content-length" "3.341.0"
    "@aws-sdk/middleware-endpoint" "3.341.0"
    "@aws-sdk/middleware-host-header" "3.341.0"
    "@aws-sdk/middleware-logger" "3.341.0"
    "@aws-sdk/middleware-recursion-detection" "3.341.0"
    "@aws-sdk/middleware-retry" "3.341.0"
    "@aws-sdk/middleware-sdk-sts" "3.341.0"
    "@aws-sdk/middleware-serde" "3.341.0"
    "@aws-sdk/middleware-signing" "3.341.0"
    "@aws-sdk/middleware-stack" "3.341.0"
    "@aws-sdk/middleware-user-agent" "3.341.0"
    "@aws-sdk/node-config-provider" "3.341.0"
    "@aws-sdk/node-http-handler" "3.341.0"
    "@aws-sdk/smithy-client" "3.341.0"
    "@aws-sdk/types" "3.341.0"
    "@aws-sdk/url-parser" "3.341.0"
    "@aws-sdk/util-base64" "3.310.0"
    "@aws-sdk/util-body-length-browser" "3.310.0"
    "@aws-sdk/util-body-length-node" "3.310.0"
    "@aws-sdk/util-defaults-mode-browser" "3.341.0"
    "@aws-sdk/util-defaults-mode-node" "3.341.0"
    "@aws-sdk/util-endpoints" "3.341.0"
    "@aws-sdk/util-retry" "3.341.0"
    "@aws-sdk/util-user-agent-browser" "3.341.0"
    "@aws-sdk/util-user-agent-node" "3.341.0"
    "@aws-sdk/util-utf8" "3.310.0"
    "@smithy/protocol-http" "^1.0.1"
    "@smithy/types" "^1.0.0"
    fast-xml-parser "4.1.2"
    tslib "^2.5.0"

"@aws-sdk/config-resolver@3.341.0":
  version "3.341.0"
  resolved "https://registry.yarnpkg.com/@aws-sdk/config-resolver/-/config-resolver-3.341.0.tgz#4bc4f901b2cb9a5aed2031266b48046b52526b43"
  integrity sha512-BpU6JTvT2SJLrsKxe4hjDDVbFnLc5iRcD+dwF/uV4rltFlXPOhqrx1S4NtRLpRaT3oYwA3DnBGC5CkV6QHWW5Q==
  dependencies:
    "@aws-sdk/types" "3.341.0"
    "@aws-sdk/util-config-provider" "3.310.0"
    "@aws-sdk/util-middleware" "3.341.0"
    tslib "^2.5.0"

"@aws-sdk/credential-provider-env@3.341.0":
  version "3.341.0"
  resolved "https://registry.yarnpkg.com/@aws-sdk/credential-provider-env/-/credential-provider-env-3.341.0.tgz#f0f1a9f5bf5fdb1c3dec9183f4e7536f0b011cb7"
  integrity sha512-oqFMmGvtKjqcY6Io4CweHz0blgyyZtlfxWJbttPK7dSLk9EtRUuvVilcRtzXWXuAB2hk9zUN9wavd8nyaTcidA==
  dependencies:
    "@aws-sdk/property-provider" "3.341.0"
    "@aws-sdk/types" "3.341.0"
    tslib "^2.5.0"

"@aws-sdk/credential-provider-imds@3.341.0":
  version "3.341.0"
  resolved "https://registry.yarnpkg.com/@aws-sdk/credential-provider-imds/-/credential-provider-imds-3.341.0.tgz#b2ffcb34f85db6050fefa3c587f1b55eb781ae19"
  integrity sha512-dkvc7WcKxFR0KgAScbRQ16wg0qH8tKxaVS3hfgHDYJR4UIKqV/sM6r5H2OvAdegY9/T180O2srtq2N4pyywPSQ==
  dependencies:
    "@aws-sdk/node-config-provider" "3.341.0"
    "@aws-sdk/property-provider" "3.341.0"
    "@aws-sdk/types" "3.341.0"
    "@aws-sdk/url-parser" "3.341.0"
    tslib "^2.5.0"

"@aws-sdk/credential-provider-ini@3.341.0":
  version "3.341.0"
  resolved "https://registry.yarnpkg.com/@aws-sdk/credential-provider-ini/-/credential-provider-ini-3.341.0.tgz#775226304af783a7ae39de92821c3023fcf0c530"
  integrity sha512-o+44n3VFErRNOHZi4Psbu0JQWB7RT15QJzRtYquAPohgKNDT9jQ/VN0JesEVyktpIklsPJBNAbDb68fExsjKUg==
  dependencies:
    "@aws-sdk/credential-provider-env" "3.341.0"
    "@aws-sdk/credential-provider-imds" "3.341.0"
    "@aws-sdk/credential-provider-process" "3.341.0"
    "@aws-sdk/credential-provider-sso" "3.341.0"
    "@aws-sdk/credential-provider-web-identity" "3.341.0"
    "@aws-sdk/property-provider" "3.341.0"
    "@aws-sdk/shared-ini-file-loader" "3.341.0"
    "@aws-sdk/types" "3.341.0"
    tslib "^2.5.0"

"@aws-sdk/credential-provider-node@3.341.0":
  version "3.341.0"
  resolved "https://registry.yarnpkg.com/@aws-sdk/credential-provider-node/-/credential-provider-node-3.341.0.tgz#5fe6add80ad24ab86304f0c63d334bc7d21ef950"
  integrity sha512-O4gxP5PLu86361sGgnyxcwP5L2Ek7N65KM3MYJNgDpXRig+FP/pxBmdOtYkTYJYymPspGxnsNM6p2tbARJ1WMw==
  dependencies:
    "@aws-sdk/credential-provider-env" "3.341.0"
    "@aws-sdk/credential-provider-imds" "3.341.0"
    "@aws-sdk/credential-provider-ini" "3.341.0"
    "@aws-sdk/credential-provider-process" "3.341.0"
    "@aws-sdk/credential-provider-sso" "3.341.0"
    "@aws-sdk/credential-provider-web-identity" "3.341.0"
    "@aws-sdk/property-provider" "3.341.0"
    "@aws-sdk/shared-ini-file-loader" "3.341.0"
    "@aws-sdk/types" "3.341.0"
    tslib "^2.5.0"

"@aws-sdk/credential-provider-process@3.341.0":
  version "3.341.0"
  resolved "https://registry.yarnpkg.com/@aws-sdk/credential-provider-process/-/credential-provider-process-3.341.0.tgz#3aeb488457be4f71278559884321469ef2d2f324"
  integrity sha512-t+12surwkdZO7dAdtA7xz+O6Hk0H3yOVqXH+Y8UINXbFc9/uUgstPZq5qhpQIeDPRes/lqYUiZ4tho5mhpGItw==
  dependencies:
    "@aws-sdk/property-provider" "3.341.0"
    "@aws-sdk/shared-ini-file-loader" "3.341.0"
    "@aws-sdk/types" "3.341.0"
    tslib "^2.5.0"

"@aws-sdk/credential-provider-sso@3.341.0":
  version "3.341.0"
  resolved "https://registry.yarnpkg.com/@aws-sdk/credential-provider-sso/-/credential-provider-sso-3.341.0.tgz#06ade30c8f4290b78e7d15d6dbcdac0c89bed77f"
  integrity sha512-ooOntFPVwawHO8WwwTSDFysno+nZFt1+GPlAr9N9QxIWQSRZYLaNFeplnxT/58jJoMcyHH5JjY4Zu4g46htmkw==
  dependencies:
    "@aws-sdk/client-sso" "3.341.0"
    "@aws-sdk/property-provider" "3.341.0"
    "@aws-sdk/shared-ini-file-loader" "3.341.0"
    "@aws-sdk/token-providers" "3.341.0"
    "@aws-sdk/types" "3.341.0"
    tslib "^2.5.0"

"@aws-sdk/credential-provider-web-identity@3.341.0":
  version "3.341.0"
  resolved "https://registry.yarnpkg.com/@aws-sdk/credential-provider-web-identity/-/credential-provider-web-identity-3.341.0.tgz#5793375eee35c7be67fadb7bbeb7536445bcf070"
  integrity sha512-NxoyxnxiycO1IG3FG7/soE3CYLLwuc4pv5PWoMHwy6VjH5yiUIeC8CQHHCF5ndCvB/p5XW1TT5z3YmWKknGqaw==
  dependencies:
    "@aws-sdk/property-provider" "3.341.0"
    "@aws-sdk/types" "3.341.0"
    tslib "^2.5.0"

"@aws-sdk/endpoint-cache@3.310.0":
  version "3.310.0"
  resolved "https://registry.yarnpkg.com/@aws-sdk/endpoint-cache/-/endpoint-cache-3.310.0.tgz#e6f84bfcd55462966811390ef797145559bab15a"
  integrity sha512-y3wipforet41EDTI0vnzxILqwAGll1KfI5qcdX9pXF/WF1f+3frcOtPiWtQEZQpy4czRogKm3BHo70QBYAZxlQ==
  dependencies:
    mnemonist "0.38.3"
    tslib "^2.5.0"

"@aws-sdk/fetch-http-handler@3.341.0":
  version "3.341.0"
  resolved "https://registry.yarnpkg.com/@aws-sdk/fetch-http-handler/-/fetch-http-handler-3.341.0.tgz#69ef5c8a54d52c4b58caff0ef98fdfa7e49cd4d6"
  integrity sha512-GclHYOFKmhft9Bp+wX4CgVv4q48P/md/xiKN7kJpGUvazCRhBN7DqfcvMoMCPhobh+llYSefyiqJBxEccEq/TA==
  dependencies:
    "@aws-sdk/protocol-http" "3.341.0"
    "@aws-sdk/querystring-builder" "3.341.0"
    "@aws-sdk/types" "3.341.0"
    "@aws-sdk/util-base64" "3.310.0"
    tslib "^2.5.0"

"@aws-sdk/hash-node@3.341.0":
  version "3.341.0"
  resolved "https://registry.yarnpkg.com/@aws-sdk/hash-node/-/hash-node-3.341.0.tgz#209ba119620f1d819c299aabe49ffc16fcef227c"
  integrity sha512-legGgjmhQnA8veIuVjJEVNE18YIhWj6JaLNm47xgiBbEoZ1BApoBY1GsX1AunV6FrA18fRpCeTynW3u4MVIIow==
  dependencies:
    "@aws-sdk/types" "3.341.0"
    "@aws-sdk/util-buffer-from" "3.310.0"
    "@aws-sdk/util-utf8" "3.310.0"
    tslib "^2.5.0"

"@aws-sdk/invalid-dependency@3.341.0":
  version "3.341.0"
  resolved "https://registry.yarnpkg.com/@aws-sdk/invalid-dependency/-/invalid-dependency-3.341.0.tgz#ee61fe12cf7398c2f587932793f93fc0d94ba31e"
  integrity sha512-1GNk+J/Q76bzuj27OqPOqTmFGEYXtyB02afn0cIeadDf0qbjo3G7qkRd3jrJrBIdHNg+DYbBYEHfFB5EuK1s8g==
  dependencies:
    "@aws-sdk/types" "3.341.0"
    tslib "^2.5.0"

"@aws-sdk/is-array-buffer@3.310.0":
  version "3.310.0"
  resolved "https://registry.yarnpkg.com/@aws-sdk/is-array-buffer/-/is-array-buffer-3.310.0.tgz#f87a79f1b858c88744f07e8d8d0a791df204017e"
  integrity sha512-urnbcCR+h9NWUnmOtet/s4ghvzsidFmspfhYaHAmSRdy9yDjdjBJMFjjsn85A1ODUktztm+cVncXjQ38WCMjMQ==
  dependencies:
    tslib "^2.5.0"

"@aws-sdk/md5-js@3.341.0":
  version "3.341.0"
  resolved "https://registry.yarnpkg.com/@aws-sdk/md5-js/-/md5-js-3.341.0.tgz#79d27a95885d05a93f00ca7ab28ef5d9d047921b"
  integrity sha512-0e24Kf8Wu0my2sSQvNUoKqFVvUEflBkZv4ZNiJTm2ccKy6cRbMaTcHrPWj9mc8RdTzgGKB8lSoafNRGpVN/oJw==
  dependencies:
    "@aws-sdk/types" "3.341.0"
    "@aws-sdk/util-utf8" "3.310.0"
    tslib "^2.5.0"

"@aws-sdk/middleware-content-length@3.341.0":
  version "3.341.0"
  resolved "https://registry.yarnpkg.com/@aws-sdk/middleware-content-length/-/middleware-content-length-3.341.0.tgz#fda1808c9f4fc3652f25f8e0cbbfd3fc84ad935a"
  integrity sha512-m663QyL1qvMnXOsXUtLvQz5B5l1kulQMTOwVxxhefPxO0nZbIlXdMQurEOwI1FHfaMnR8UQ1FfPLY6GIkJkX/g==
  dependencies:
    "@aws-sdk/protocol-http" "3.341.0"
    "@aws-sdk/types" "3.341.0"
    tslib "^2.5.0"

"@aws-sdk/middleware-endpoint-discovery@3.341.0":
  version "3.341.0"
  resolved "https://registry.yarnpkg.com/@aws-sdk/middleware-endpoint-discovery/-/middleware-endpoint-discovery-3.341.0.tgz#9d3b302203ee27e4da9a818a0144ff2477654e84"
  integrity sha512-KfDqJ+Wn7Ozu4kAIdISTxie3M/zc/vM3knSkpLIcDlL1gGyI8GcY+c7Ylh0q8P7tOAoQKOz+dDYqCopVvhHkMw==
  dependencies:
    "@aws-sdk/endpoint-cache" "3.310.0"
    "@aws-sdk/protocol-http" "3.341.0"
    "@aws-sdk/types" "3.341.0"
    tslib "^2.5.0"

"@aws-sdk/middleware-endpoint@3.341.0":
  version "3.341.0"
  resolved "https://registry.yarnpkg.com/@aws-sdk/middleware-endpoint/-/middleware-endpoint-3.341.0.tgz#27284b0b38918de236f862b833fc6e4790e4083f"
  integrity sha512-IucQO8JjAjxnA+7RI1tkxOjUtpuUpkS3v56u5vk6Oypq1iovVBvD8yiFBR2wPh9X/O+3Ts7eWsZ4jhuf4JQQUQ==
  dependencies:
    "@aws-sdk/middleware-serde" "3.341.0"
    "@aws-sdk/types" "3.341.0"
    "@aws-sdk/url-parser" "3.341.0"
    "@aws-sdk/util-middleware" "3.341.0"
    tslib "^2.5.0"

"@aws-sdk/middleware-host-header@3.341.0":
  version "3.341.0"
  resolved "https://registry.yarnpkg.com/@aws-sdk/middleware-host-header/-/middleware-host-header-3.341.0.tgz#6b8387e8cfcf77417be634f89793a6cf8759a505"
  integrity sha512-1AidcDDtGd7LUGtDV+F+FuLb6NmBlpupY2FpuqasUDH5f7ExcEbPaGYjOp4ozktQ6Qb0c0oJ4qxhv5sDos5Qww==
  dependencies:
    "@aws-sdk/protocol-http" "3.341.0"
    "@aws-sdk/types" "3.341.0"
    tslib "^2.5.0"

"@aws-sdk/middleware-logger@3.341.0":
  version "3.341.0"
  resolved "https://registry.yarnpkg.com/@aws-sdk/middleware-logger/-/middleware-logger-3.341.0.tgz#bd0a2cae2e7b8f75f2cc3d5595231c2ff3454b90"
  integrity sha512-JQgnPQMlNs542SL/ANbQSWbPMeWeY4+GW/fEfSRgM9uVBZaKPO5dZW7F761odxoK7f3qPSujEZb0ECmTYaEqgg==
  dependencies:
    "@aws-sdk/types" "3.341.0"
    tslib "^2.5.0"

"@aws-sdk/middleware-recursion-detection@3.341.0":
  version "3.341.0"
  resolved "https://registry.yarnpkg.com/@aws-sdk/middleware-recursion-detection/-/middleware-recursion-detection-3.341.0.tgz#a49c08cfbdd7b473654825b7ffe9e8253852b0dc"
  integrity sha512-DAfZgW7Bb4MB4ZHsjAhiaCXKqTeUFWazrgmNHAa8FkSE8MmgJv/4k8tvnWDtxkAO2GBOwqg7wG9LspeBG/RGMw==
  dependencies:
    "@aws-sdk/protocol-http" "3.341.0"
    "@aws-sdk/types" "3.341.0"
    tslib "^2.5.0"

"@aws-sdk/middleware-retry@3.341.0":
  version "3.341.0"
  resolved "https://registry.yarnpkg.com/@aws-sdk/middleware-retry/-/middleware-retry-3.341.0.tgz#9213c7581a7e83e87ea376fb92e19e64a32f410c"
  integrity sha512-EyL2N4ohUQc4CdlccydPuybd4ngVx12MTSIGQVc0PcMZ39ayPbgYOZyCkAGb1rRCEIMayMrF9hF4GfNo4BvV5g==
  dependencies:
    "@aws-sdk/protocol-http" "3.341.0"
    "@aws-sdk/service-error-classification" "3.341.0"
    "@aws-sdk/types" "3.341.0"
    "@aws-sdk/util-middleware" "3.341.0"
    "@aws-sdk/util-retry" "3.341.0"
    tslib "^2.5.0"
    uuid "^8.3.2"

"@aws-sdk/middleware-sdk-sqs@3.341.0":
  version "3.341.0"
  resolved "https://registry.yarnpkg.com/@aws-sdk/middleware-sdk-sqs/-/middleware-sdk-sqs-3.341.0.tgz#3ec9175a166930308dacda12ed68fd6bed42139e"
  integrity sha512-Km+zpHIdI3OoKiXUvBG5mahqGg0EBzrR5FqlcULRi8/ENhWSu+sjTi6fTRJSW+r15iKY/7iRepyGiVzmtTXt1g==
  dependencies:
    "@aws-sdk/types" "3.341.0"
    "@aws-sdk/util-hex-encoding" "3.310.0"
    "@aws-sdk/util-utf8" "3.310.0"
    tslib "^2.5.0"

"@aws-sdk/middleware-sdk-sts@3.341.0":
  version "3.341.0"
  resolved "https://registry.yarnpkg.com/@aws-sdk/middleware-sdk-sts/-/middleware-sdk-sts-3.341.0.tgz#3c90e2eac205fa9efbf18df5104fbfe99c304a48"
  integrity sha512-A7sXKhL9wzVqeq7sy3eWx7D5FPWdzrJTVpRRBYez/qBY4UjfLcxF9zpB0mw/xhQ7PUta7iJ5tSlPmZZQ4MBnmg==
  dependencies:
    "@aws-sdk/middleware-signing" "3.341.0"
    "@aws-sdk/types" "3.341.0"
    tslib "^2.5.0"

"@aws-sdk/middleware-serde@3.341.0":
  version "3.341.0"
  resolved "https://registry.yarnpkg.com/@aws-sdk/middleware-serde/-/middleware-serde-3.341.0.tgz#9e26fdd4a5678f7ec9ff5e3394b596eaf3d74d87"
  integrity sha512-FaPpbEGo/OETxnexg+TYet71fP6dM+y3NPXRUrd5dAulVhmr+CkdzOxqkqtMC1HinKAqHdUpjlsuf7gYg14deQ==
  dependencies:
    "@aws-sdk/types" "3.341.0"
    tslib "^2.5.0"

"@aws-sdk/middleware-signing@3.341.0":
  version "3.341.0"
  resolved "https://registry.yarnpkg.com/@aws-sdk/middleware-signing/-/middleware-signing-3.341.0.tgz#1feb95cf06b85d9222c66fb734af87bab023eec4"
  integrity sha512-KbyBIblgrGRizFJF3sLvx+ON84qOBHrDztNc++Xg2/UmdjLuEtm1sVvpQ2SxrKcfumx+ztVOuDpbD5pd0lBkOA==
  dependencies:
    "@aws-sdk/property-provider" "3.341.0"
    "@aws-sdk/protocol-http" "3.341.0"
    "@aws-sdk/signature-v4" "3.341.0"
    "@aws-sdk/types" "3.341.0"
    "@aws-sdk/util-middleware" "3.341.0"
    tslib "^2.5.0"

"@aws-sdk/middleware-stack@3.341.0":
  version "3.341.0"
  resolved "https://registry.yarnpkg.com/@aws-sdk/middleware-stack/-/middleware-stack-3.341.0.tgz#85cc11941278cb5168ca850cfe58c55c0074ce57"
  integrity sha512-pBAN9T4tBSHp7gJKu0Ma0MepZqP3GvecEh7eZWwTrJrRMgY1k8M1zpUOXBFG6EVRzVdyy7A4DWSuD4kcXE+BIw==
  dependencies:
    tslib "^2.5.0"

"@aws-sdk/middleware-user-agent@3.341.0":
  version "3.341.0"
  resolved "https://registry.yarnpkg.com/@aws-sdk/middleware-user-agent/-/middleware-user-agent-3.341.0.tgz#ae57aac72bcd3f695d7a71ff723001a61a6785ab"
  integrity sha512-9gpVXPMkgwv0yV1Lbuc9bvb3MHLEjj5whgbM1WNrtRiogeFwWB0cxOQQgb2cY+xgQLMLnH7VvfRGN79TNVnI7w==
  dependencies:
    "@aws-sdk/protocol-http" "3.341.0"
    "@aws-sdk/types" "3.341.0"
    "@aws-sdk/util-endpoints" "3.341.0"
    tslib "^2.5.0"

"@aws-sdk/node-config-provider@3.341.0":
  version "3.341.0"
  resolved "https://registry.yarnpkg.com/@aws-sdk/node-config-provider/-/node-config-provider-3.341.0.tgz#5320d51d00cddd4ca212eb96e96d80de244277a0"
  integrity sha512-Le/WSf9t0ItrHuGhOlEPiA+J/nYpYJaC1WgLefRG9j17xKF/fp7X+XSylF1xQ+cOMbHFMi7SNcXRhyfwFreU0w==
  dependencies:
    "@aws-sdk/property-provider" "3.341.0"
    "@aws-sdk/shared-ini-file-loader" "3.341.0"
    "@aws-sdk/types" "3.341.0"
    tslib "^2.5.0"

"@aws-sdk/node-http-handler@3.341.0":
  version "3.341.0"
  resolved "https://registry.yarnpkg.com/@aws-sdk/node-http-handler/-/node-http-handler-3.341.0.tgz#91eb7126dd84e713b0e42160490cc7a757c1c084"
  integrity sha512-pXkX1amhWhkgffs76bf+pR814JnBUa199Nb6Wm2l20LLPgSsQrRX0IwucM/KtAdEhFeJTR8bLhRJBzrm3ONMwQ==
  dependencies:
    "@aws-sdk/abort-controller" "3.341.0"
    "@aws-sdk/protocol-http" "3.341.0"
    "@aws-sdk/querystring-builder" "3.341.0"
    "@aws-sdk/types" "3.341.0"
    tslib "^2.5.0"

"@aws-sdk/property-provider@3.341.0":
  version "3.341.0"
  resolved "https://registry.yarnpkg.com/@aws-sdk/property-provider/-/property-provider-3.341.0.tgz#e9de4670a592f24eebc35d1ea50cccb4ec7d2993"
  integrity sha512-5Ynks9iUS/VJcZa/J3c5G+XAaUw4SkWltQp4Y7dzWpJXS3AaUm9gby7DsWYopbH5dLeeSmvKENHTsKpsM5pQoQ==
  dependencies:
    "@aws-sdk/types" "3.341.0"
    tslib "^2.5.0"

"@aws-sdk/protocol-http@3.341.0":
  version "3.341.0"
  resolved "https://registry.yarnpkg.com/@aws-sdk/protocol-http/-/protocol-http-3.341.0.tgz#f8b23d7c895139c117dbd33426d78082dd5b7114"
  integrity sha512-Av+qcOA+gYXWgYYtzbTn2goHGlNdt+nbrzhUI6dWczYPzBe8aNnMR5d/ACNt0mD7O41muULmSTQBHOKBmOmNJA==
  dependencies:
    "@aws-sdk/types" "3.341.0"
    tslib "^2.5.0"

"@aws-sdk/querystring-builder@3.341.0":
  version "3.341.0"
  resolved "https://registry.yarnpkg.com/@aws-sdk/querystring-builder/-/querystring-builder-3.341.0.tgz#14fdd5500aab1d9b4c9a0c498242ba828bd86795"
  integrity sha512-71RNU1VB8tSfqeu9t61YWDmMS/5C9NH8ua6LXb5HGzlnq68BSLq3lGa4zx/h2K0OpZ6ERUORFdw6pmqA17pDmg==
  dependencies:
    "@aws-sdk/types" "3.341.0"
    "@aws-sdk/util-uri-escape" "3.310.0"
    tslib "^2.5.0"

"@aws-sdk/querystring-parser@3.341.0":
  version "3.341.0"
  resolved "https://registry.yarnpkg.com/@aws-sdk/querystring-parser/-/querystring-parser-3.341.0.tgz#d97660c7cf5fbeaec3005e4a7c4029557fd0ccee"
  integrity sha512-7O61bRUdo2x73TTeyyriibLpx9tUPO13gBdI9oHpJTZEkOiUYxoxjMdo5s7ofis12MdmzelqIUjPmAvJNtB5wA==
  dependencies:
    "@aws-sdk/types" "3.341.0"
    tslib "^2.5.0"

"@aws-sdk/service-error-classification@3.341.0":
  version "3.341.0"
  resolved "https://registry.yarnpkg.com/@aws-sdk/service-error-classification/-/service-error-classification-3.341.0.tgz#ebdf95fcf9817b68c61f22d184f703ba62471b79"
  integrity sha512-mqf9rV/j8Ry2RWDQsaJDPyDm/VDQ4ZDdmi8rzm/AeSgEDaNWublt31zlWtgUWfjISfTtbBgzI48n6ZBJqyYmUA==

"@aws-sdk/shared-ini-file-loader@3.341.0":
  version "3.341.0"
  resolved "https://registry.yarnpkg.com/@aws-sdk/shared-ini-file-loader/-/shared-ini-file-loader-3.341.0.tgz#efdfff8bd12cf60f7f5906f647839bbe067715e2"
  integrity sha512-/ikCc2XRL8zG//EB2g6SXFvMMa7KD2T8RpM4dYEisdvHDoF9khVX3/SLLUs2Y32rr1x9tnh7X9DdV8lX9MP/ZA==
  dependencies:
    "@aws-sdk/types" "3.341.0"
    tslib "^2.5.0"

"@aws-sdk/signature-v4@3.341.0":
  version "3.341.0"
  resolved "https://registry.yarnpkg.com/@aws-sdk/signature-v4/-/signature-v4-3.341.0.tgz#3ebf018adfcbd1a5e097e545aa9ef4819a54b7c4"
  integrity sha512-4nWgDiw68lEFBwrQY1JsKBvcMmcRhClpWzi3iKHwU1PJogId6g4XRU89Zo0QzBQihmFZIKklRSF/150pbNGdcg==
  dependencies:
    "@aws-sdk/is-array-buffer" "3.310.0"
    "@aws-sdk/types" "3.341.0"
    "@aws-sdk/util-hex-encoding" "3.310.0"
    "@aws-sdk/util-middleware" "3.341.0"
    "@aws-sdk/util-uri-escape" "3.310.0"
    "@aws-sdk/util-utf8" "3.310.0"
    tslib "^2.5.0"

"@aws-sdk/smithy-client@3.341.0":
  version "3.341.0"
  resolved "https://registry.yarnpkg.com/@aws-sdk/smithy-client/-/smithy-client-3.341.0.tgz#ef120806d76ff2dfc942d9694c7b976b02f5a7f7"
  integrity sha512-4ReKR+UciZ012W8OimFZfGy1LRZeWcl/i7h6lTIiXasni4Q+5k1rqneCRtJpBgfB5YbJg4EawmWxsxChrX9pwQ==
  dependencies:
    "@aws-sdk/middleware-stack" "3.341.0"
    "@aws-sdk/types" "3.341.0"
    tslib "^2.5.0"

"@aws-sdk/token-providers@3.341.0":
  version "3.341.0"
  resolved "https://registry.yarnpkg.com/@aws-sdk/token-providers/-/token-providers-3.341.0.tgz#1d16210b8cabbc8a1a5e9f3d96a10d9c3c09dc77"
  integrity sha512-PNskQMWVV6hUTPZmwcfAU0nknY0+Ge60ZVdNx6B4bpor6oEXl/jUCDOmymyHJl85LiIN7AZDrwq1gpdsDDVhZw==
  dependencies:
    "@aws-sdk/client-sso-oidc" "3.341.0"
    "@aws-sdk/property-provider" "3.341.0"
    "@aws-sdk/shared-ini-file-loader" "3.341.0"
    "@aws-sdk/types" "3.341.0"
    tslib "^2.5.0"

"@aws-sdk/types@3.341.0", "@aws-sdk/types@^3.222.0":
  version "3.341.0"
  resolved "https://registry.yarnpkg.com/@aws-sdk/types/-/types-3.341.0.tgz#b4282a2d3a9f7ae85650a4b61a80326588ca9400"
  integrity sha512-2KJf64BhJly/Ty35oWKlCElIqUP4kQ0LA+meSrgAmwl7oE0AYuO7V0ar1nsTGlsubYkLRvOuEhMcuNuumaUdoQ==
  dependencies:
    tslib "^2.5.0"

"@aws-sdk/url-parser@3.341.0":
  version "3.341.0"
  resolved "https://registry.yarnpkg.com/@aws-sdk/url-parser/-/url-parser-3.341.0.tgz#468acdc289485edbd200967855b170d39fd32a32"
  integrity sha512-pAT+4Yp3NkHKnLhYjbFj9DGKTRavBIVoe0fbQLm1G/MD11FAlUOlswf5EYFjgz0wfdgnbyFE3ai837/eO0fGjw==
  dependencies:
    "@aws-sdk/querystring-parser" "3.341.0"
    "@aws-sdk/types" "3.341.0"
    tslib "^2.5.0"

"@aws-sdk/util-base64@3.310.0":
  version "3.310.0"
  resolved "https://registry.yarnpkg.com/@aws-sdk/util-base64/-/util-base64-3.310.0.tgz#d0fd49aff358c5a6e771d0001c63b1f97acbe34c"
  integrity sha512-v3+HBKQvqgdzcbL+pFswlx5HQsd9L6ZTlyPVL2LS9nNXnCcR3XgGz9jRskikRUuUvUXtkSG1J88GAOnJ/apTPg==
  dependencies:
    "@aws-sdk/util-buffer-from" "3.310.0"
    tslib "^2.5.0"

"@aws-sdk/util-body-length-browser@3.310.0":
  version "3.310.0"
  resolved "https://registry.yarnpkg.com/@aws-sdk/util-body-length-browser/-/util-body-length-browser-3.310.0.tgz#3fca9d2f73c058edf1907e4a1d99a392fdd23eca"
  integrity sha512-sxsC3lPBGfpHtNTUoGXMQXLwjmR0zVpx0rSvzTPAuoVILVsp5AU/w5FphNPxD5OVIjNbZv9KsKTuvNTiZjDp9g==
  dependencies:
    tslib "^2.5.0"

"@aws-sdk/util-body-length-node@3.310.0":
  version "3.310.0"
  resolved "https://registry.yarnpkg.com/@aws-sdk/util-body-length-node/-/util-body-length-node-3.310.0.tgz#4846ae72834ab0636f29f89fc1878520f6543fed"
  integrity sha512-2tqGXdyKhyA6w4zz7UPoS8Ip+7sayOg9BwHNidiGm2ikbDxm1YrCfYXvCBdwaJxa4hJfRVz+aL9e+d3GqPI9pQ==
  dependencies:
    tslib "^2.5.0"

"@aws-sdk/util-buffer-from@3.310.0":
  version "3.310.0"
  resolved "https://registry.yarnpkg.com/@aws-sdk/util-buffer-from/-/util-buffer-from-3.310.0.tgz#7a72cb965984d3c6a7e256ae6cf1621f52e54a57"
  integrity sha512-i6LVeXFtGih5Zs8enLrt+ExXY92QV25jtEnTKHsmlFqFAuL3VBeod6boeMXkN2p9lbSVVQ1sAOOYZOHYbYkntw==
  dependencies:
    "@aws-sdk/is-array-buffer" "3.310.0"
    tslib "^2.5.0"

"@aws-sdk/util-config-provider@3.310.0":
  version "3.310.0"
  resolved "https://registry.yarnpkg.com/@aws-sdk/util-config-provider/-/util-config-provider-3.310.0.tgz#ff21f73d4774cfd7bd16ae56f905828600dda95f"
  integrity sha512-xIBaYo8dwiojCw8vnUcIL4Z5tyfb1v3yjqyJKJWV/dqKUFOOS0U591plmXbM+M/QkXyML3ypon1f8+BoaDExrg==
  dependencies:
    tslib "^2.5.0"

"@aws-sdk/util-defaults-mode-browser@3.341.0":
  version "3.341.0"
  resolved "https://registry.yarnpkg.com/@aws-sdk/util-defaults-mode-browser/-/util-defaults-mode-browser-3.341.0.tgz#eee0afa53564458be93e2085b8f6311f6f95ad79"
  integrity sha512-FjZg0T/7lcEgeMTdC8iMaNcHlHwqVzS0FlyUdJrMZqXEo70h3KlByijv8N9VlV8XQUfiCPuTNlhpLpDEDMdtbw==
  dependencies:
    "@aws-sdk/property-provider" "3.341.0"
    "@aws-sdk/types" "3.341.0"
    bowser "^2.11.0"
    tslib "^2.5.0"

"@aws-sdk/util-defaults-mode-node@3.341.0":
  version "3.341.0"
  resolved "https://registry.yarnpkg.com/@aws-sdk/util-defaults-mode-node/-/util-defaults-mode-node-3.341.0.tgz#1dfb67b3a6d679be1340368b0ffa9a268053f996"
  integrity sha512-I943vmtUHqOdHvWCCnO3Vv/XXKCZ4O3XPNl9jvIC8m0n6CXqf7qjs9R72t3PQCTBAbsbIRGfkKMKfH2ab5ci/g==
  dependencies:
    "@aws-sdk/config-resolver" "3.341.0"
    "@aws-sdk/credential-provider-imds" "3.341.0"
    "@aws-sdk/node-config-provider" "3.341.0"
    "@aws-sdk/property-provider" "3.341.0"
    "@aws-sdk/types" "3.341.0"
    tslib "^2.5.0"

"@aws-sdk/util-endpoints@3.341.0":
  version "3.341.0"
  resolved "https://registry.yarnpkg.com/@aws-sdk/util-endpoints/-/util-endpoints-3.341.0.tgz#7a6117f0fc83376c5d1a112d52f9ce188523c046"
  integrity sha512-J15adxRV+YwWasOcCHDZoxXXQS7l8yBgWbId2ozGond/GwHifKhElF0RX9QKB4R/Vq1Cj7WVTyQsugYJAlLWrw==
  dependencies:
    "@aws-sdk/types" "3.341.0"
    tslib "^2.5.0"

"@aws-sdk/util-hex-encoding@3.310.0":
  version "3.310.0"
  resolved "https://registry.yarnpkg.com/@aws-sdk/util-hex-encoding/-/util-hex-encoding-3.310.0.tgz#19294c78986c90ae33f04491487863dc1d33bd87"
  integrity sha512-sVN7mcCCDSJ67pI1ZMtk84SKGqyix6/0A1Ab163YKn+lFBQRMKexleZzpYzNGxYzmQS6VanP/cfU7NiLQOaSfA==
  dependencies:
    tslib "^2.5.0"

"@aws-sdk/util-locate-window@^3.0.0":
  version "3.310.0"
  resolved "https://registry.yarnpkg.com/@aws-sdk/util-locate-window/-/util-locate-window-3.310.0.tgz#b071baf050301adee89051032bd4139bba32cc40"
  integrity sha512-qo2t/vBTnoXpjKxlsC2e1gBrRm80M3bId27r0BRB2VniSSe7bL1mmzM+/HFtujm0iAxtPM+aLEflLJlJeDPg0w==
  dependencies:
    tslib "^2.5.0"

"@aws-sdk/util-middleware@3.341.0":
  version "3.341.0"
  resolved "https://registry.yarnpkg.com/@aws-sdk/util-middleware/-/util-middleware-3.341.0.tgz#1012412783e66b6e6056f8373604f0a4f0e79b9e"
  integrity sha512-JsuZGZw9pMYMHzaJW31Y3Zl1Dh/R2PNVxnlQPsPy37RhHoSLPZ6wR9G828Y1ZY2thBpR+DU3D/VfNJOxBmWGkw==
  dependencies:
    tslib "^2.5.0"

"@aws-sdk/util-retry@3.341.0":
  version "3.341.0"
  resolved "https://registry.yarnpkg.com/@aws-sdk/util-retry/-/util-retry-3.341.0.tgz#d4a753ccb37982f5b27c0115de61ec9f2d219f94"
  integrity sha512-UxAZiajjj65Zi9Q8PJ53vGydsa6dv9ZJC+bfO70czGGTWjB+L7kb2UoRdtGo9NBzRTFYXV6OjP6yBw5yFb39kw==
  dependencies:
    "@aws-sdk/service-error-classification" "3.341.0"
    tslib "^2.5.0"

"@aws-sdk/util-uri-escape@3.310.0":
  version "3.310.0"
  resolved "https://registry.yarnpkg.com/@aws-sdk/util-uri-escape/-/util-uri-escape-3.310.0.tgz#9f942f09a715d8278875013a416295746b6085ba"
  integrity sha512-drzt+aB2qo2LgtDoiy/3sVG8w63cgLkqFIa2NFlGpUgHFWTXkqtbgf4L5QdjRGKWhmZsnqkbtL7vkSWEcYDJ4Q==
  dependencies:
    tslib "^2.5.0"

"@aws-sdk/util-user-agent-browser@3.341.0":
  version "3.341.0"
  resolved "https://registry.yarnpkg.com/@aws-sdk/util-user-agent-browser/-/util-user-agent-browser-3.341.0.tgz#f61c64a34a4bca51e7d20b1630abf0919d91bf05"
  integrity sha512-VCgWM03lbcfjBQFhJJcF7Gs+XKxdtSYuK5txFiXy/glin5eCY+9VB3vqMrYwvEgIlwZynUYXvh9+OkU2AeRaBg==
  dependencies:
    "@aws-sdk/types" "3.341.0"
    bowser "^2.11.0"
    tslib "^2.5.0"

"@aws-sdk/util-user-agent-node@3.341.0":
  version "3.341.0"
  resolved "https://registry.yarnpkg.com/@aws-sdk/util-user-agent-node/-/util-user-agent-node-3.341.0.tgz#2703938b1d094ceaada99e07927b96788fcdb038"
  integrity sha512-ac1VcSQOn4fhif51hoSZtrfkFGZHNqXXv2mWzNo1xgsyDwCJh2/H6fPBBGtjT3TNc/o5yOuyBFRP4BIjJ5GkPA==
  dependencies:
    "@aws-sdk/node-config-provider" "3.341.0"
    "@aws-sdk/types" "3.341.0"
    tslib "^2.5.0"

"@aws-sdk/util-utf8-browser@^3.0.0":
  version "3.259.0"
  resolved "https://registry.yarnpkg.com/@aws-sdk/util-utf8-browser/-/util-utf8-browser-3.259.0.tgz#3275a6f5eb334f96ca76635b961d3c50259fd9ff"
  integrity sha512-UvFa/vR+e19XookZF8RzFZBrw2EUkQWxiBW0yYQAhvk3C+QVGl0H3ouca8LDBlBfQKXwmW3huo/59H8rwb1wJw==
  dependencies:
    tslib "^2.3.1"

"@aws-sdk/util-utf8@3.310.0":
  version "3.310.0"
  resolved "https://registry.yarnpkg.com/@aws-sdk/util-utf8/-/util-utf8-3.310.0.tgz#4a7b9dcebb88e830d3811aeb21e9a6df4273afb4"
  integrity sha512-DnLfFT8uCO22uOJc0pt0DsSNau1GTisngBCDw8jQuWT5CqogMJu4b/uXmwEqfj8B3GX6Xsz8zOd6JpRlPftQoA==
  dependencies:
    "@aws-sdk/util-buffer-from" "3.310.0"
    tslib "^2.5.0"

"@aws-sdk/util-waiter@3.341.0":
  version "3.341.0"
  resolved "https://registry.yarnpkg.com/@aws-sdk/util-waiter/-/util-waiter-3.341.0.tgz#7478b2270908e5315d32ae290ca64d799b4db4b4"
  integrity sha512-YNKFk3xwq3lgyZ+udgvwACE0thV6bWtSBeEoSuVIOVz6yR0Td9NsA+5gOBgAMKLWSoWP/4II57+ZnEEuhuyzzg==
  dependencies:
    "@aws-sdk/abort-controller" "3.341.0"
    "@aws-sdk/types" "3.341.0"
    tslib "^2.5.0"

"@smithy/protocol-http@^1.0.1":
  version "1.0.1"
  resolved "https://registry.yarnpkg.com/@smithy/protocol-http/-/protocol-http-1.0.1.tgz#62fd73d73db285fd8e9a2287ed2904ac66e0d43f"
  integrity sha512-9OrEn0WfOVtBNYJUjUAn9AOiJ4lzERCJJ/JeZs8E6yajTGxBaFRxUnNBHiNqoDJVg076hY36UmEnPx7xXrvUSg==
  dependencies:
    "@smithy/types" "^1.0.0"
    tslib "^2.5.0"

"@smithy/types@^1.0.0":
  version "1.0.0"
  resolved "https://registry.yarnpkg.com/@smithy/types/-/types-1.0.0.tgz#87ab6131fe5e19cbd4d383ffb94d2b806d027d38"
  integrity sha512-kc1m5wPBHQCTixwuaOh9vnak/iJm21DrSf9UK6yDE5S3mQQ4u11pqAUiKWnlrZnYkeLfAI9UEHj9OaMT1v5Umg==
  dependencies:
    tslib "^2.5.0"

bowser@^2.11.0:
  version "2.11.0"
  resolved "https://registry.yarnpkg.com/bowser/-/bowser-2.11.0.tgz#5ca3c35757a7aa5771500c70a73a9f91ef420a8f"
  integrity sha512-AlcaJBi/pqqJBIQ8U9Mcpc9i8Aqxn88Skv5d+xBX006BY5u8N3mGLHa5Lgppa7L/HfwgwLgZ6NYs+Ag6uUmJRA==

fast-xml-parser@4.1.2:
  version "4.1.2"
  resolved "https://registry.yarnpkg.com/fast-xml-parser/-/fast-xml-parser-4.1.2.tgz#5a98c18238d28a57bbdfa9fe4cda01211fff8f4a"
  integrity sha512-CDYeykkle1LiA/uqQyNwYpFbyF6Axec6YapmpUP+/RHWIoR1zKjocdvNaTsxCxZzQ6v9MLXaSYm9Qq0thv0DHg==
  dependencies:
    strnum "^1.0.5"

mnemonist@0.38.3:
  version "0.38.3"
  resolved "https://registry.yarnpkg.com/mnemonist/-/mnemonist-0.38.3.tgz#35ec79c1c1f4357cfda2fe264659c2775ccd7d9d"
  integrity sha512-2K9QYubXx/NAjv4VLq1d1Ly8pWNC5L3BrixtdkyTegXWJIqY+zLNDhhX/A+ZwWt70tB1S8H4BE8FLYEFyNoOBw==
  dependencies:
    obliterator "^1.6.1"

obliterator@^1.6.1:
  version "1.6.1"
  resolved "https://registry.yarnpkg.com/obliterator/-/obliterator-1.6.1.tgz#dea03e8ab821f6c4d96a299e17aef6a3af994ef3"
  integrity sha512-9WXswnqINnnhOG/5SLimUlzuU1hFJUc8zkwyD59Sd+dPOMf05PmnYG/d6Q7HZ+KmgkZJa1PxRso6QdM3sTNHig==

strnum@^1.0.5:
  version "1.0.5"
  resolved "https://registry.yarnpkg.com/strnum/-/strnum-1.0.5.tgz#5c4e829fe15ad4ff0d20c3db5ac97b73c9b072db"
  integrity sha512-J8bbNyKKXl5qYcR36TIO8W3mVGVHrmmxsd5PAItGkmyzwJvybiw2IVq5nqd0i4LSNSkB/sx9VHllbfFdr9k1JA==

tslib@^1.11.1:
  version "1.14.1"
  resolved "https://registry.yarnpkg.com/tslib/-/tslib-1.14.1.tgz#cf2d38bdc34a134bcaf1091c41f6619e2f672d00"
  integrity sha512-Xni35NKzjgMrwevysHTCArtLDpPvye8zV/0E4EyYn43P7/7qvQwPh9BGkHewbMulVntbigmcT7rdX3BNo9wRJg==

tslib@^2.3.1, tslib@^2.5.0:
  version "2.5.2"
  resolved "https://registry.yarnpkg.com/tslib/-/tslib-2.5.2.tgz#1b6f07185c881557b0ffa84b111a0106989e8338"
  integrity sha512-5svOrSA2w3iGFDs1HibEVBGbDrAY82bFQ3HZ3ixB+88nsbsWQoKqDRb5UBYAUPEzbBn6dAp5gRNXglySbx1MlA==

uuid@^8.3.2:
  version "8.3.2"
  resolved "https://registry.yarnpkg.com/uuid/-/uuid-8.3.2.tgz#80d5b5ced271bb9af6c445f21a1a04c606cefbe2"
  integrity sha512-+NYs2QeMWy+GWFOEm9xnn6HCDp0l7QBD7ml8zLUmJ+93Q5NF0NocErnwkTkXVFNiX3/fpC6afS8Dhb/gz7R7eg==
