# THIS IS AN AUTOGENERATED FILE. DO NOT EDIT THIS FILE DIRECTLY.
# yarn lockfile v1


"@types/aws-lambda@^8.10.128":
  version "8.10.136"
  resolved "https://registry.yarnpkg.com/@types/aws-lambda/-/aws-lambda-8.10.136.tgz#12a2af86b9123f4e4549992b27e1bf0dcf60d9f9"
  integrity sha512-cmmgqxdVGhxYK9lZMYYXYRJk6twBo53ivtXjIUEFZxfxe4TkZTZBK3RRWrY2HjJcUIix0mdifn15yjOAat5lTA==

"@types/node@^20.9.4":
  version "20.17.25"
  resolved "https://registry.yarnpkg.com/@types/node/-/node-20.17.25.tgz#3135ad0af2b46a7689aa5ffb3ecafe1f50171a29"
  integrity sha512-bT+r2haIlplJUYtlZrEanFHdPIZTeiMeh/fSOEbOOfWf9uTn+lg8g0KU6Q3iMgjd9FLuuMAgfCNSkjUbxL6E3Q==
  dependencies:
    undici-types "~6.19.2"

typescript@^5.3.2:
  version "5.8.2"
  resolved "https://registry.yarnpkg.com/typescript/-/typescript-5.8.2.tgz#8170b3702f74b79db2e5a96207c15e65807999e4"
  integrity sha512-aJn6wq13/afZp/jT9QZmwEjDqqvSGp1VT5GVg+f/t6/oVyrgXM6BY1h9BRh/O5p3PlUPAe+WuiEZOmb/49RqoQ==

undici-types@~6.19.2:
  version "6.19.8"
  resolved "https://registry.yarnpkg.com/undici-types/-/undici-types-6.19.8.tgz#35111c9d1437ab83a7cdc0abae2f26d88eda0a02"
  integrity sha512-ve2KP6f/JnbPBFyobGHuerC9g1FYGn/F8n1LWTwNxCEzd6IfqTwUQcNXgEtmmQ6DlRrC1hrSrBnCZPokRrDHjw==
