# THIS IS AN AUTOGENERATED FILE. DO NOT EDIT THIS FILE DIRECTLY.
# yarn lockfile v1


"@types/aws-lambda@^8.10.128":
  version "8.10.136"
  resolved "https://registry.yarnpkg.com/@types/aws-lambda/-/aws-lambda-8.10.136.tgz#12a2af86b9123f4e4549992b27e1bf0dcf60d9f9"
  integrity sha512-cmmgqxdVGhxYK9lZMYYXYRJk6twBo53ivtXjIUEFZxfxe4TkZTZBK3RRWrY2HjJcUIix0mdifn15yjOAat5lTA==

"@types/node@^20.9.4":
  version "20.17.19"
  resolved "https://registry.yarnpkg.com/@types/node/-/node-20.17.19.tgz#0f2869555719bef266ca6e1827fcdca903c1a697"
  integrity sha512-LEwC7o1ifqg/6r2gn9Dns0f1rhK+fPFDoMiceTJ6kWmVk6bgXBI/9IOWfVan4WiAavK9pIVWdX0/e3J+eEUh5A==
  dependencies:
    undici-types "~6.19.2"

typescript@^5.3.2:
  version "5.7.3"
  resolved "https://registry.yarnpkg.com/typescript/-/typescript-5.7.3.tgz#919b44a7dbb8583a9b856d162be24a54bf80073e"
  integrity sha512-84MVSjMEHP+FQRPy3pX9sTVV/INIex71s9TL2Gm5FG/WG1SqXeKyZ0k7/blY/4FdOzI12CBy1vGc4og/eus0fw==

undici-types@~6.19.2:
  version "6.19.8"
  resolved "https://registry.yarnpkg.com/undici-types/-/undici-types-6.19.8.tgz#35111c9d1437ab83a7cdc0abae2f26d88eda0a02"
  integrity sha512-ve2KP6f/JnbPBFyobGHuerC9g1FYGn/F8n1LWTwNxCEzd6IfqTwUQcNXgEtmmQ6DlRrC1hrSrBnCZPokRrDHjw==
