# THIS IS AN AUTOGENERATED FILE. DO NOT EDIT THIS FILE DIRECTLY.
# yarn lockfile v1


"@aws-crypto/sha256-browser@5.2.0":
  version "5.2.0"
  resolved "https://registry.yarnpkg.com/@aws-crypto/sha256-browser/-/sha256-browser-5.2.0.tgz#153895ef1dba6f9fce38af550e0ef58988eb649e"
  integrity sha512-AXfN/lGotSQwu6HNcEsIASo7kWXZ5HYWvfOmSNKDsEqC4OashTp8alTmaz+F7TC2L083SFv5RdB+qU3Vs1kZqw==
  dependencies:
    "@aws-crypto/sha256-js" "^5.2.0"
    "@aws-crypto/supports-web-crypto" "^5.2.0"
    "@aws-crypto/util" "^5.2.0"
    "@aws-sdk/types" "^3.222.0"
    "@aws-sdk/util-locate-window" "^3.0.0"
    "@smithy/util-utf8" "^2.0.0"
    tslib "^2.6.2"

"@aws-crypto/sha256-js@5.2.0", "@aws-crypto/sha256-js@^5.2.0":
  version "5.2.0"
  resolved "https://registry.yarnpkg.com/@aws-crypto/sha256-js/-/sha256-js-5.2.0.tgz#c4fdb773fdbed9a664fc1a95724e206cf3860042"
  integrity sha512-FFQQyu7edu4ufvIZ+OadFpHHOt+eSTBaYaki44c+akjg7qZg9oOQeLlk77F6tSYqjDAFClrHJk9tMf0HdVyOvA==
  dependencies:
    "@aws-crypto/util" "^5.2.0"
    "@aws-sdk/types" "^3.222.0"
    tslib "^2.6.2"

"@aws-crypto/supports-web-crypto@^5.2.0":
  version "5.2.0"
  resolved "https://registry.yarnpkg.com/@aws-crypto/supports-web-crypto/-/supports-web-crypto-5.2.0.tgz#a1e399af29269be08e695109aa15da0a07b5b5fb"
  integrity sha512-iAvUotm021kM33eCdNfwIN//F77/IADDSs58i+MDaOqFrVjZo9bAal0NK7HurRuWLLpF1iLX7gbWrjHjeo+YFg==
  dependencies:
    tslib "^2.6.2"

"@aws-crypto/util@^5.2.0":
  version "5.2.0"
  resolved "https://registry.yarnpkg.com/@aws-crypto/util/-/util-5.2.0.tgz#71284c9cffe7927ddadac793c14f14886d3876da"
  integrity sha512-4RkU9EsI6ZpBve5fseQlGNUWKMa1RLPQ1dnjnQoe07ldfIzcsGb5hC5W0Dm7u423KWzawlrpbjXBrXCEv9zazQ==
  dependencies:
    "@aws-sdk/types" "^3.222.0"
    "@smithy/util-utf8" "^2.0.0"
    tslib "^2.6.2"

"@aws-sdk/client-ec2@^3.750.0":
  version "3.817.0"
  resolved "https://registry.yarnpkg.com/@aws-sdk/client-ec2/-/client-ec2-3.817.0.tgz#117332228e80c338f69d642995a00cd41360f87f"
  integrity sha512-fIPsvMhgiL7mfLu8qEWHyq1mOU+eLHI1XGtGPbY90AOBtHOuW7KZJ8ObOV3C7iAcrq1n3r1abcf777exT/mcOA==
  dependencies:
    "@aws-crypto/sha256-browser" "5.2.0"
    "@aws-crypto/sha256-js" "5.2.0"
    "@aws-sdk/core" "3.816.0"
    "@aws-sdk/credential-provider-node" "3.817.0"
    "@aws-sdk/middleware-host-header" "3.804.0"
    "@aws-sdk/middleware-logger" "3.804.0"
    "@aws-sdk/middleware-recursion-detection" "3.804.0"
    "@aws-sdk/middleware-sdk-ec2" "3.810.0"
    "@aws-sdk/middleware-user-agent" "3.816.0"
    "@aws-sdk/region-config-resolver" "3.808.0"
    "@aws-sdk/types" "3.804.0"
    "@aws-sdk/util-endpoints" "3.808.0"
    "@aws-sdk/util-user-agent-browser" "3.804.0"
    "@aws-sdk/util-user-agent-node" "3.816.0"
    "@smithy/config-resolver" "^4.1.2"
    "@smithy/core" "^3.3.3"
    "@smithy/fetch-http-handler" "^5.0.2"
    "@smithy/hash-node" "^4.0.2"
    "@smithy/invalid-dependency" "^4.0.2"
    "@smithy/middleware-content-length" "^4.0.2"
    "@smithy/middleware-endpoint" "^4.1.6"
    "@smithy/middleware-retry" "^4.1.7"
    "@smithy/middleware-serde" "^4.0.5"
    "@smithy/middleware-stack" "^4.0.2"
    "@smithy/node-config-provider" "^4.1.1"
    "@smithy/node-http-handler" "^4.0.4"
    "@smithy/protocol-http" "^5.1.0"
    "@smithy/smithy-client" "^4.2.6"
    "@smithy/types" "^4.2.0"
    "@smithy/url-parser" "^4.0.2"
    "@smithy/util-base64" "^4.0.0"
    "@smithy/util-body-length-browser" "^4.0.0"
    "@smithy/util-body-length-node" "^4.0.0"
    "@smithy/util-defaults-mode-browser" "^4.0.14"
    "@smithy/util-defaults-mode-node" "^4.0.14"
    "@smithy/util-endpoints" "^3.0.4"
    "@smithy/util-middleware" "^4.0.2"
    "@smithy/util-retry" "^4.0.3"
    "@smithy/util-utf8" "^4.0.0"
    "@smithy/util-waiter" "^4.0.3"
    "@types/uuid" "^9.0.1"
    tslib "^2.6.2"
    uuid "^9.0.1"

"@aws-sdk/client-sso@3.817.0":
  version "3.817.0"
  resolved "https://registry.yarnpkg.com/@aws-sdk/client-sso/-/client-sso-3.817.0.tgz#eca663fb562095f7ff1c2d0af6f89cc1f04e12a4"
  integrity sha512-fCh5rUHmWmWDvw70NNoWpE5+BRdtNi45kDnIoeoszqVg7UKF79SlG+qYooUT52HKCgDNHqgbWaXxMOSqd2I/OQ==
  dependencies:
    "@aws-crypto/sha256-browser" "5.2.0"
    "@aws-crypto/sha256-js" "5.2.0"
    "@aws-sdk/core" "3.816.0"
    "@aws-sdk/middleware-host-header" "3.804.0"
    "@aws-sdk/middleware-logger" "3.804.0"
    "@aws-sdk/middleware-recursion-detection" "3.804.0"
    "@aws-sdk/middleware-user-agent" "3.816.0"
    "@aws-sdk/region-config-resolver" "3.808.0"
    "@aws-sdk/types" "3.804.0"
    "@aws-sdk/util-endpoints" "3.808.0"
    "@aws-sdk/util-user-agent-browser" "3.804.0"
    "@aws-sdk/util-user-agent-node" "3.816.0"
    "@smithy/config-resolver" "^4.1.2"
    "@smithy/core" "^3.3.3"
    "@smithy/fetch-http-handler" "^5.0.2"
    "@smithy/hash-node" "^4.0.2"
    "@smithy/invalid-dependency" "^4.0.2"
    "@smithy/middleware-content-length" "^4.0.2"
    "@smithy/middleware-endpoint" "^4.1.6"
    "@smithy/middleware-retry" "^4.1.7"
    "@smithy/middleware-serde" "^4.0.5"
    "@smithy/middleware-stack" "^4.0.2"
    "@smithy/node-config-provider" "^4.1.1"
    "@smithy/node-http-handler" "^4.0.4"
    "@smithy/protocol-http" "^5.1.0"
    "@smithy/smithy-client" "^4.2.6"
    "@smithy/types" "^4.2.0"
    "@smithy/url-parser" "^4.0.2"
    "@smithy/util-base64" "^4.0.0"
    "@smithy/util-body-length-browser" "^4.0.0"
    "@smithy/util-body-length-node" "^4.0.0"
    "@smithy/util-defaults-mode-browser" "^4.0.14"
    "@smithy/util-defaults-mode-node" "^4.0.14"
    "@smithy/util-endpoints" "^3.0.4"
    "@smithy/util-middleware" "^4.0.2"
    "@smithy/util-retry" "^4.0.3"
    "@smithy/util-utf8" "^4.0.0"
    tslib "^2.6.2"

"@aws-sdk/core@3.816.0":
  version "3.816.0"
  resolved "https://registry.yarnpkg.com/@aws-sdk/core/-/core-3.816.0.tgz#f310a2fd458534b13f42de5e10fdfd3dfc8d4982"
  integrity sha512-Lx50wjtyarzKpMFV6V+gjbSZDgsA/71iyifbClGUSiNPoIQ4OCV0KVOmAAj7mQRVvGJqUMWKVM+WzK79CjbjWA==
  dependencies:
    "@aws-sdk/types" "3.804.0"
    "@smithy/core" "^3.3.3"
    "@smithy/node-config-provider" "^4.1.1"
    "@smithy/property-provider" "^4.0.2"
    "@smithy/protocol-http" "^5.1.0"
    "@smithy/signature-v4" "^5.1.0"
    "@smithy/smithy-client" "^4.2.6"
    "@smithy/types" "^4.2.0"
    "@smithy/util-middleware" "^4.0.2"
    fast-xml-parser "4.4.1"
    tslib "^2.6.2"

"@aws-sdk/credential-provider-env@3.816.0":
  version "3.816.0"
  resolved "https://registry.yarnpkg.com/@aws-sdk/credential-provider-env/-/credential-provider-env-3.816.0.tgz#a5e1dd3a23403f6c8ea4cbdcbf06d7986bcd1e81"
  integrity sha512-wUJZwRLe+SxPxRV9AENYBLrJZRrNIo+fva7ZzejsC83iz7hdfq6Rv6B/aHEdPwG/nQC4+q7UUvcRPlomyrpsBA==
  dependencies:
    "@aws-sdk/core" "3.816.0"
    "@aws-sdk/types" "3.804.0"
    "@smithy/property-provider" "^4.0.2"
    "@smithy/types" "^4.2.0"
    tslib "^2.6.2"

"@aws-sdk/credential-provider-http@3.816.0":
  version "3.816.0"
  resolved "https://registry.yarnpkg.com/@aws-sdk/credential-provider-http/-/credential-provider-http-3.816.0.tgz#35e5188e9c0143c48d02a9c7ca08f9e6e4821ed1"
  integrity sha512-gcWGzMQ7yRIF+ljTkR8Vzp7727UY6cmeaPrFQrvcFB8PhOqWpf7g0JsgOf5BSaP8CkkSQcTQHc0C5ZYAzUFwPg==
  dependencies:
    "@aws-sdk/core" "3.816.0"
    "@aws-sdk/types" "3.804.0"
    "@smithy/fetch-http-handler" "^5.0.2"
    "@smithy/node-http-handler" "^4.0.4"
    "@smithy/property-provider" "^4.0.2"
    "@smithy/protocol-http" "^5.1.0"
    "@smithy/smithy-client" "^4.2.6"
    "@smithy/types" "^4.2.0"
    "@smithy/util-stream" "^4.2.0"
    tslib "^2.6.2"

"@aws-sdk/credential-provider-ini@3.817.0":
  version "3.817.0"
  resolved "https://registry.yarnpkg.com/@aws-sdk/credential-provider-ini/-/credential-provider-ini-3.817.0.tgz#eb0d2dab8fc861cc0871e1a01bac6ac3f84a3b8b"
  integrity sha512-kyEwbQyuXE+phWVzloMdkFv6qM6NOon+asMXY5W0fhDKwBz9zQLObDRWBrvQX9lmqq8BbDL1sCfZjOh82Y+RFw==
  dependencies:
    "@aws-sdk/core" "3.816.0"
    "@aws-sdk/credential-provider-env" "3.816.0"
    "@aws-sdk/credential-provider-http" "3.816.0"
    "@aws-sdk/credential-provider-process" "3.816.0"
    "@aws-sdk/credential-provider-sso" "3.817.0"
    "@aws-sdk/credential-provider-web-identity" "3.817.0"
    "@aws-sdk/nested-clients" "3.817.0"
    "@aws-sdk/types" "3.804.0"
    "@smithy/credential-provider-imds" "^4.0.4"
    "@smithy/property-provider" "^4.0.2"
    "@smithy/shared-ini-file-loader" "^4.0.2"
    "@smithy/types" "^4.2.0"
    tslib "^2.6.2"

"@aws-sdk/credential-provider-node@3.817.0":
  version "3.817.0"
  resolved "https://registry.yarnpkg.com/@aws-sdk/credential-provider-node/-/credential-provider-node-3.817.0.tgz#ffa311d3917535a24a3319ff01f430c5ba4139e0"
  integrity sha512-b5mz7av0Lhavs1Bz3Zb+jrs0Pki93+8XNctnVO0drBW98x1fM4AR38cWvGbM/w9F9Q0/WEH3TinkmrMPrP4T/w==
  dependencies:
    "@aws-sdk/credential-provider-env" "3.816.0"
    "@aws-sdk/credential-provider-http" "3.816.0"
    "@aws-sdk/credential-provider-ini" "3.817.0"
    "@aws-sdk/credential-provider-process" "3.816.0"
    "@aws-sdk/credential-provider-sso" "3.817.0"
    "@aws-sdk/credential-provider-web-identity" "3.817.0"
    "@aws-sdk/types" "3.804.0"
    "@smithy/credential-provider-imds" "^4.0.4"
    "@smithy/property-provider" "^4.0.2"
    "@smithy/shared-ini-file-loader" "^4.0.2"
    "@smithy/types" "^4.2.0"
    tslib "^2.6.2"

"@aws-sdk/credential-provider-process@3.816.0":
  version "3.816.0"
  resolved "https://registry.yarnpkg.com/@aws-sdk/credential-provider-process/-/credential-provider-process-3.816.0.tgz#8fa3694b8d17d4e446de038e74d5a177d25d86f0"
  integrity sha512-9Tm+AxMoV2Izvl5b9tyMQRbBwaex8JP06HN7ZeCXgC5sAsSN+o8dsThnEhf8jKN+uBpT6CLWKN1TXuUMrAmW1A==
  dependencies:
    "@aws-sdk/core" "3.816.0"
    "@aws-sdk/types" "3.804.0"
    "@smithy/property-provider" "^4.0.2"
    "@smithy/shared-ini-file-loader" "^4.0.2"
    "@smithy/types" "^4.2.0"
    tslib "^2.6.2"

"@aws-sdk/credential-provider-sso@3.817.0":
  version "3.817.0"
  resolved "https://registry.yarnpkg.com/@aws-sdk/credential-provider-sso/-/credential-provider-sso-3.817.0.tgz#e23361a57f6aa72417847d568d7fb807a3c7ebfc"
  integrity sha512-gFUAW3VmGvdnueK1bh6TOcRX+j99Xm0men1+gz3cA4RE+rZGNy1Qjj8YHlv0hPwI9OnTPZquvPzA5fkviGREWg==
  dependencies:
    "@aws-sdk/client-sso" "3.817.0"
    "@aws-sdk/core" "3.816.0"
    "@aws-sdk/token-providers" "3.817.0"
    "@aws-sdk/types" "3.804.0"
    "@smithy/property-provider" "^4.0.2"
    "@smithy/shared-ini-file-loader" "^4.0.2"
    "@smithy/types" "^4.2.0"
    tslib "^2.6.2"

"@aws-sdk/credential-provider-web-identity@3.817.0":
  version "3.817.0"
  resolved "https://registry.yarnpkg.com/@aws-sdk/credential-provider-web-identity/-/credential-provider-web-identity-3.817.0.tgz#7d3c9c5af5a5d17ea877feda57b92ba075df64a8"
  integrity sha512-A2kgkS9g6NY0OMT2f2EdXHpL17Ym81NhbGnQ8bRXPqESIi7TFypFD2U6osB2VnsFv+MhwM+Ke4PKXSmLun22/A==
  dependencies:
    "@aws-sdk/core" "3.816.0"
    "@aws-sdk/nested-clients" "3.817.0"
    "@aws-sdk/types" "3.804.0"
    "@smithy/property-provider" "^4.0.2"
    "@smithy/types" "^4.2.0"
    tslib "^2.6.2"

"@aws-sdk/middleware-host-header@3.804.0":
  version "3.804.0"
  resolved "https://registry.yarnpkg.com/@aws-sdk/middleware-host-header/-/middleware-host-header-3.804.0.tgz#e4c2180cfc75f19c697974383324509fa104d7a3"
  integrity sha512-bum1hLVBrn2lJCi423Z2fMUYtsbkGI2s4N+2RI2WSjvbaVyMSv/WcejIrjkqiiMR+2Y7m5exgoKeg4/TODLDPQ==
  dependencies:
    "@aws-sdk/types" "3.804.0"
    "@smithy/protocol-http" "^5.1.0"
    "@smithy/types" "^4.2.0"
    tslib "^2.6.2"

"@aws-sdk/middleware-logger@3.804.0":
  version "3.804.0"
  resolved "https://registry.yarnpkg.com/@aws-sdk/middleware-logger/-/middleware-logger-3.804.0.tgz#9b7860d0193ec8647a1102aa6ffad070e3260513"
  integrity sha512-w/qLwL3iq0KOPQNat0Kb7sKndl9BtceigINwBU7SpkYWX9L/Lem6f8NPEKrC9Tl4wDBht3Yztub4oRTy/horJA==
  dependencies:
    "@aws-sdk/types" "3.804.0"
    "@smithy/types" "^4.2.0"
    tslib "^2.6.2"

"@aws-sdk/middleware-recursion-detection@3.804.0":
  version "3.804.0"
  resolved "https://registry.yarnpkg.com/@aws-sdk/middleware-recursion-detection/-/middleware-recursion-detection-3.804.0.tgz#797bbe72c765e83a1d4c259db9799b77831e1fbb"
  integrity sha512-zqHOrvLRdsUdN/ehYfZ9Tf8svhbiLLz5VaWUz22YndFv6m9qaAcijkpAOlKexsv3nLBMJdSdJ6GUTAeIy3BZzw==
  dependencies:
    "@aws-sdk/types" "3.804.0"
    "@smithy/protocol-http" "^5.1.0"
    "@smithy/types" "^4.2.0"
    tslib "^2.6.2"

"@aws-sdk/middleware-sdk-ec2@3.810.0":
  version "3.810.0"
  resolved "https://registry.yarnpkg.com/@aws-sdk/middleware-sdk-ec2/-/middleware-sdk-ec2-3.810.0.tgz#18f289854501708ea0464657b6b3a70cedf93bb6"
  integrity sha512-VJ8c8O0NNgIV732RxcloB7+1CgeGp70+bbhsqHt86ztdrlW1KYftNMd7erMGMZS+GdQX/BLpnfbbv4k8qbRLBw==
  dependencies:
    "@aws-sdk/types" "3.804.0"
    "@aws-sdk/util-format-url" "3.804.0"
    "@smithy/middleware-endpoint" "^4.1.6"
    "@smithy/protocol-http" "^5.1.0"
    "@smithy/signature-v4" "^5.1.0"
    "@smithy/smithy-client" "^4.2.6"
    "@smithy/types" "^4.2.0"
    tslib "^2.6.2"

"@aws-sdk/middleware-user-agent@3.816.0":
  version "3.816.0"
  resolved "https://registry.yarnpkg.com/@aws-sdk/middleware-user-agent/-/middleware-user-agent-3.816.0.tgz#6eb00bbcb44304ff9df53dbb53dc072638831760"
  integrity sha512-bHRSlWZ0xDsFR8E2FwDb//0Ff6wMkVx4O+UKsfyNlAbtqCiiHRt5ANNfKPafr95cN2CCxLxiPvFTFVblQM5TsQ==
  dependencies:
    "@aws-sdk/core" "3.816.0"
    "@aws-sdk/types" "3.804.0"
    "@aws-sdk/util-endpoints" "3.808.0"
    "@smithy/core" "^3.3.3"
    "@smithy/protocol-http" "^5.1.0"
    "@smithy/types" "^4.2.0"
    tslib "^2.6.2"

"@aws-sdk/nested-clients@3.817.0":
  version "3.817.0"
  resolved "https://registry.yarnpkg.com/@aws-sdk/nested-clients/-/nested-clients-3.817.0.tgz#4df7ff486cb918fa567bd29581452eeac7c05055"
  integrity sha512-vQ2E06A48STJFssueJQgxYD8lh1iGJoLJnHdshRDWOQb8gy1wVQR+a7MkPGhGR6lGoS0SCnF/Qp6CZhnwLsqsQ==
  dependencies:
    "@aws-crypto/sha256-browser" "5.2.0"
    "@aws-crypto/sha256-js" "5.2.0"
    "@aws-sdk/core" "3.816.0"
    "@aws-sdk/middleware-host-header" "3.804.0"
    "@aws-sdk/middleware-logger" "3.804.0"
    "@aws-sdk/middleware-recursion-detection" "3.804.0"
    "@aws-sdk/middleware-user-agent" "3.816.0"
    "@aws-sdk/region-config-resolver" "3.808.0"
    "@aws-sdk/types" "3.804.0"
    "@aws-sdk/util-endpoints" "3.808.0"
    "@aws-sdk/util-user-agent-browser" "3.804.0"
    "@aws-sdk/util-user-agent-node" "3.816.0"
    "@smithy/config-resolver" "^4.1.2"
    "@smithy/core" "^3.3.3"
    "@smithy/fetch-http-handler" "^5.0.2"
    "@smithy/hash-node" "^4.0.2"
    "@smithy/invalid-dependency" "^4.0.2"
    "@smithy/middleware-content-length" "^4.0.2"
    "@smithy/middleware-endpoint" "^4.1.6"
    "@smithy/middleware-retry" "^4.1.7"
    "@smithy/middleware-serde" "^4.0.5"
    "@smithy/middleware-stack" "^4.0.2"
    "@smithy/node-config-provider" "^4.1.1"
    "@smithy/node-http-handler" "^4.0.4"
    "@smithy/protocol-http" "^5.1.0"
    "@smithy/smithy-client" "^4.2.6"
    "@smithy/types" "^4.2.0"
    "@smithy/url-parser" "^4.0.2"
    "@smithy/util-base64" "^4.0.0"
    "@smithy/util-body-length-browser" "^4.0.0"
    "@smithy/util-body-length-node" "^4.0.0"
    "@smithy/util-defaults-mode-browser" "^4.0.14"
    "@smithy/util-defaults-mode-node" "^4.0.14"
    "@smithy/util-endpoints" "^3.0.4"
    "@smithy/util-middleware" "^4.0.2"
    "@smithy/util-retry" "^4.0.3"
    "@smithy/util-utf8" "^4.0.0"
    tslib "^2.6.2"

"@aws-sdk/region-config-resolver@3.808.0":
  version "3.808.0"
  resolved "https://registry.yarnpkg.com/@aws-sdk/region-config-resolver/-/region-config-resolver-3.808.0.tgz#76b037215c39b01361b9c34b7205f0b52513607c"
  integrity sha512-9x2QWfphkARZY5OGkl9dJxZlSlYM2l5inFeo2bKntGuwg4A4YUe5h7d5yJ6sZbam9h43eBrkOdumx03DAkQF9A==
  dependencies:
    "@aws-sdk/types" "3.804.0"
    "@smithy/node-config-provider" "^4.1.1"
    "@smithy/types" "^4.2.0"
    "@smithy/util-config-provider" "^4.0.0"
    "@smithy/util-middleware" "^4.0.2"
    tslib "^2.6.2"

"@aws-sdk/token-providers@3.817.0":
  version "3.817.0"
  resolved "https://registry.yarnpkg.com/@aws-sdk/token-providers/-/token-providers-3.817.0.tgz#138a0b4aac9ddbd16c7244a8a0618334804572c1"
  integrity sha512-CYN4/UO0VaqyHf46ogZzNrVX7jI3/CfiuktwKlwtpKA6hjf2+ivfgHSKzPpgPBcSEfiibA/26EeLuMnB6cpSrQ==
  dependencies:
    "@aws-sdk/core" "3.816.0"
    "@aws-sdk/nested-clients" "3.817.0"
    "@aws-sdk/types" "3.804.0"
    "@smithy/property-provider" "^4.0.2"
    "@smithy/shared-ini-file-loader" "^4.0.2"
    "@smithy/types" "^4.2.0"
    tslib "^2.6.2"

"@aws-sdk/types@3.804.0", "@aws-sdk/types@^3.222.0":
  version "3.804.0"
  resolved "https://registry.yarnpkg.com/@aws-sdk/types/-/types-3.804.0.tgz#b70a734fa721450cf8a513cec0c276001a5d154f"
  integrity sha512-A9qnsy9zQ8G89vrPPlNG9d1d8QcKRGqJKqwyGgS0dclJpwy6d1EWgQLIolKPl6vcFpLoe6avLOLxr+h8ur5wpg==
  dependencies:
    "@smithy/types" "^4.2.0"
    tslib "^2.6.2"

"@aws-sdk/util-endpoints@3.808.0":
  version "3.808.0"
  resolved "https://registry.yarnpkg.com/@aws-sdk/util-endpoints/-/util-endpoints-3.808.0.tgz#a3d269c4d5a6536d6387ba3cd66876f5b52ce913"
  integrity sha512-N6Lic98uc4ADB7fLWlzx+1uVnq04VgVjngZvwHoujcRg9YDhIg9dUDiTzD5VZv13g1BrPYmvYP1HhsildpGV6w==
  dependencies:
    "@aws-sdk/types" "3.804.0"
    "@smithy/types" "^4.2.0"
    "@smithy/util-endpoints" "^3.0.4"
    tslib "^2.6.2"

"@aws-sdk/util-format-url@3.804.0":
  version "3.804.0"
  resolved "https://registry.yarnpkg.com/@aws-sdk/util-format-url/-/util-format-url-3.804.0.tgz#47046b636e6044a910ad007fac2d3cd580ae5a3b"
  integrity sha512-1nOwSg7B0bj5LFGor0udF/HSdvDuSCxP+NC0IuSOJ5RgJ2AphFo03pLtK2UwArHY5WWZaejAEz5VBND6xxOEhA==
  dependencies:
    "@aws-sdk/types" "3.804.0"
    "@smithy/querystring-builder" "^4.0.2"
    "@smithy/types" "^4.2.0"
    tslib "^2.6.2"

"@aws-sdk/util-locate-window@^3.0.0":
  version "3.804.0"
  resolved "https://registry.yarnpkg.com/@aws-sdk/util-locate-window/-/util-locate-window-3.804.0.tgz#a2ee8dc5d9c98276986e8e1ba03c0c84d9afb0f5"
  integrity sha512-zVoRfpmBVPodYlnMjgVjfGoEZagyRF5IPn3Uo6ZvOZp24chnW/FRstH7ESDHDDRga4z3V+ElUQHKpFDXWyBW5A==
  dependencies:
    tslib "^2.6.2"

"@aws-sdk/util-user-agent-browser@3.804.0":
  version "3.804.0"
  resolved "https://registry.yarnpkg.com/@aws-sdk/util-user-agent-browser/-/util-user-agent-browser-3.804.0.tgz#0312fda0fd34958a1d89e7691c5b1cf41ad5549b"
  integrity sha512-KfW6T6nQHHM/vZBBdGn6fMyG/MgX5lq82TDdX4HRQRRuHKLgBWGpKXqqvBwqIaCdXwWHgDrg2VQups6GqOWW2A==
  dependencies:
    "@aws-sdk/types" "3.804.0"
    "@smithy/types" "^4.2.0"
    bowser "^2.11.0"
    tslib "^2.6.2"

"@aws-sdk/util-user-agent-node@3.816.0":
  version "3.816.0"
  resolved "https://registry.yarnpkg.com/@aws-sdk/util-user-agent-node/-/util-user-agent-node-3.816.0.tgz#c752f9bc37a973f82841c84b864e362f8ad28f68"
  integrity sha512-Q6dxmuj4hL7pudhrneWEQ7yVHIQRBFr0wqKLF1opwOi1cIePuoEbPyJ2jkel6PDEv1YMfvsAKaRshp6eNA8VHg==
  dependencies:
    "@aws-sdk/middleware-user-agent" "3.816.0"
    "@aws-sdk/types" "3.804.0"
    "@smithy/node-config-provider" "^4.1.1"
    "@smithy/types" "^4.2.0"
    tslib "^2.6.2"

"@smithy/abort-controller@^4.0.3":
  version "4.0.3"
  resolved "https://registry.yarnpkg.com/@smithy/abort-controller/-/abort-controller-4.0.3.tgz#53a53dabc5a46fec70857acb07653d658c79b916"
  integrity sha512-AqXFf6DXnuRBXy4SoK/n1mfgHaKaq36bmkphmD1KO0nHq6xK/g9KHSW4HEsPQUBCGdIEfuJifGHwxFXPIFay9Q==
  dependencies:
    "@smithy/types" "^4.3.0"
    tslib "^2.6.2"

"@smithy/config-resolver@^4.1.2", "@smithy/config-resolver@^4.1.3":
  version "4.1.3"
  resolved "https://registry.yarnpkg.com/@smithy/config-resolver/-/config-resolver-4.1.3.tgz#d883b2edaa05594cb7f002b2e1d4c5b495c1be42"
  integrity sha512-N5e7ofiyYDmHxnPnqF8L4KtsbSDwyxFRfDK9bp1d9OyPO4ytRLd0/XxCqi5xVaaqB65v4woW8uey6jND6zxzxQ==
  dependencies:
    "@smithy/node-config-provider" "^4.1.2"
    "@smithy/types" "^4.3.0"
    "@smithy/util-config-provider" "^4.0.0"
    "@smithy/util-middleware" "^4.0.3"
    tslib "^2.6.2"

"@smithy/core@^3.3.3", "@smithy/core@^3.4.0":
  version "3.4.0"
  resolved "https://registry.yarnpkg.com/@smithy/core/-/core-3.4.0.tgz#e8f4c93d138e68bfc76d43a63429b2b276987d19"
  integrity sha512-dDYISQo7k0Ml/rXlFIjkTmTcQze/LxhtIRAEmZ6HJ/EI0inVxVEVnrUXJ7jPx6ZP0GHUhFm40iQcCgS5apXIXA==
  dependencies:
    "@smithy/middleware-serde" "^4.0.6"
    "@smithy/protocol-http" "^5.1.1"
    "@smithy/types" "^4.3.0"
    "@smithy/util-body-length-browser" "^4.0.0"
    "@smithy/util-middleware" "^4.0.3"
    "@smithy/util-stream" "^4.2.1"
    "@smithy/util-utf8" "^4.0.0"
    tslib "^2.6.2"

"@smithy/credential-provider-imds@^4.0.4", "@smithy/credential-provider-imds@^4.0.5":
  version "4.0.5"
  resolved "https://registry.yarnpkg.com/@smithy/credential-provider-imds/-/credential-provider-imds-4.0.5.tgz#d44989d783300af37b2be2fc4ec29cdb67540c32"
  integrity sha512-saEAGwrIlkb9XxX/m5S5hOtzjoJPEK6Qw2f9pYTbIsMPOFyGSXBBTw95WbOyru8A1vIS2jVCCU1Qhz50QWG3IA==
  dependencies:
    "@smithy/node-config-provider" "^4.1.2"
    "@smithy/property-provider" "^4.0.3"
    "@smithy/types" "^4.3.0"
    "@smithy/url-parser" "^4.0.3"
    tslib "^2.6.2"

"@smithy/fetch-http-handler@^5.0.2", "@smithy/fetch-http-handler@^5.0.3":
  version "5.0.3"
  resolved "https://registry.yarnpkg.com/@smithy/fetch-http-handler/-/fetch-http-handler-5.0.3.tgz#4db3296bbacd6ddfdc9f8b8b2a6fb52d201dace3"
  integrity sha512-yBZwavI31roqTndNI7ONHqesfH01JmjJK6L3uUpZAhyAmr86LN5QiPzfyZGIxQmed8VEK2NRSQT3/JX5V1njfQ==
  dependencies:
    "@smithy/protocol-http" "^5.1.1"
    "@smithy/querystring-builder" "^4.0.3"
    "@smithy/types" "^4.3.0"
    "@smithy/util-base64" "^4.0.0"
    tslib "^2.6.2"

"@smithy/hash-node@^4.0.2":
  version "4.0.3"
  resolved "https://registry.yarnpkg.com/@smithy/hash-node/-/hash-node-4.0.3.tgz#262367c0cb80f9975bdb96e945067dd1f04cdef2"
  integrity sha512-W5Uhy6v/aYrgtjh9y0YP332gIQcwccQ+EcfWhllL0B9rPae42JngTTUpb8W6wuxaNFzqps4xq5klHckSSOy5fw==
  dependencies:
    "@smithy/types" "^4.3.0"
    "@smithy/util-buffer-from" "^4.0.0"
    "@smithy/util-utf8" "^4.0.0"
    tslib "^2.6.2"

"@smithy/invalid-dependency@^4.0.2":
  version "4.0.3"
  resolved "https://registry.yarnpkg.com/@smithy/invalid-dependency/-/invalid-dependency-4.0.3.tgz#045edee05cc380c06ffdf8cc1a81d54005c1e134"
  integrity sha512-1Bo8Ur1ZGqxvwTqBmv6DZEn0rXtwJGeqiiO2/JFcCtz3nBakOqeXbJBElXJMMzd0ghe8+eB6Dkw98nMYctgizg==
  dependencies:
    "@smithy/types" "^4.3.0"
    tslib "^2.6.2"

"@smithy/is-array-buffer@^2.2.0":
  version "2.2.0"
  resolved "https://registry.yarnpkg.com/@smithy/is-array-buffer/-/is-array-buffer-2.2.0.tgz#f84f0d9f9a36601a9ca9381688bd1b726fd39111"
  integrity sha512-GGP3O9QFD24uGeAXYUjwSTXARoqpZykHadOmA8G5vfJPK0/DC67qa//0qvqrJzL1xc8WQWX7/yc7fwudjPHPhA==
  dependencies:
    tslib "^2.6.2"

"@smithy/is-array-buffer@^4.0.0":
  version "4.0.0"
  resolved "https://registry.yarnpkg.com/@smithy/is-array-buffer/-/is-array-buffer-4.0.0.tgz#55a939029321fec462bcc574890075cd63e94206"
  integrity sha512-saYhF8ZZNoJDTvJBEWgeBccCg+yvp1CX+ed12yORU3NilJScfc6gfch2oVb4QgxZrGUx3/ZJlb+c/dJbyupxlw==
  dependencies:
    tslib "^2.6.2"

"@smithy/middleware-content-length@^4.0.2":
  version "4.0.3"
  resolved "https://registry.yarnpkg.com/@smithy/middleware-content-length/-/middleware-content-length-4.0.3.tgz#6ca78cda6569e9c0a2b4f788729f874a461b8554"
  integrity sha512-NE/Zph4BP5u16bzYq2csq9qD0T6UBLeg4AuNrwNJ7Gv9uLYaGEgelZUOdRndGdMGcUfSGvNlXGb2aA2hPCwJ6g==
  dependencies:
    "@smithy/protocol-http" "^5.1.1"
    "@smithy/types" "^4.3.0"
    tslib "^2.6.2"

"@smithy/middleware-endpoint@^4.1.6", "@smithy/middleware-endpoint@^4.1.7":
  version "4.1.7"
  resolved "https://registry.yarnpkg.com/@smithy/middleware-endpoint/-/middleware-endpoint-4.1.7.tgz#7b15fc81171dc879c9d9c8f5297d4939d0f6a234"
  integrity sha512-KDzM7Iajo6K7eIWNNtukykRT4eWwlHjCEsULZUaSfi/SRSBK8BPRqG5FsVfp58lUxcvre8GT8AIPIqndA0ERKw==
  dependencies:
    "@smithy/core" "^3.4.0"
    "@smithy/middleware-serde" "^4.0.6"
    "@smithy/node-config-provider" "^4.1.2"
    "@smithy/shared-ini-file-loader" "^4.0.3"
    "@smithy/types" "^4.3.0"
    "@smithy/url-parser" "^4.0.3"
    "@smithy/util-middleware" "^4.0.3"
    tslib "^2.6.2"

"@smithy/middleware-retry@^4.1.7":
  version "4.1.8"
  resolved "https://registry.yarnpkg.com/@smithy/middleware-retry/-/middleware-retry-4.1.8.tgz#1b6123ef5ad4ea9e55d6e4a0d1912c238d019e05"
  integrity sha512-e2OtQgFzzlSG0uCjcJmi02QuFSRTrpT11Eh2EcqqDFy7DYriteHZJkkf+4AsxsrGDugAtPFcWBz1aq06sSX5fQ==
  dependencies:
    "@smithy/node-config-provider" "^4.1.2"
    "@smithy/protocol-http" "^5.1.1"
    "@smithy/service-error-classification" "^4.0.4"
    "@smithy/smithy-client" "^4.3.0"
    "@smithy/types" "^4.3.0"
    "@smithy/util-middleware" "^4.0.3"
    "@smithy/util-retry" "^4.0.4"
    tslib "^2.6.2"
    uuid "^9.0.1"

"@smithy/middleware-serde@^4.0.5", "@smithy/middleware-serde@^4.0.6":
  version "4.0.6"
  resolved "https://registry.yarnpkg.com/@smithy/middleware-serde/-/middleware-serde-4.0.6.tgz#76e8523b48f2402ccef97b6764d9cfe35e7df669"
  integrity sha512-YECyl7uNII+jCr/9qEmCu8xYL79cU0fqjo0qxpcVIU18dAPHam/iYwcknAu4Jiyw1uN+sAx7/SMf/Kmef/Jjsg==
  dependencies:
    "@smithy/protocol-http" "^5.1.1"
    "@smithy/types" "^4.3.0"
    tslib "^2.6.2"

"@smithy/middleware-stack@^4.0.2", "@smithy/middleware-stack@^4.0.3":
  version "4.0.3"
  resolved "https://registry.yarnpkg.com/@smithy/middleware-stack/-/middleware-stack-4.0.3.tgz#4231f41e05f63d088644bc829b182850f5a9ee59"
  integrity sha512-baeV7t4jQfQtFxBADFmnhmqBmqR38dNU5cvEgHcMK/Kp3D3bEI0CouoX2Sr/rGuntR+Eg0IjXdxnGGTc6SbIkw==
  dependencies:
    "@smithy/types" "^4.3.0"
    tslib "^2.6.2"

"@smithy/node-config-provider@^4.1.1", "@smithy/node-config-provider@^4.1.2":
  version "4.1.2"
  resolved "https://registry.yarnpkg.com/@smithy/node-config-provider/-/node-config-provider-4.1.2.tgz#6397998db6741ada1f9ee1bf6665190b02d68084"
  integrity sha512-SUvNup8iU1v7fmM8XPk+27m36udmGCfSz+VZP5Gb0aJ3Ne0X28K/25gnsrg3X1rWlhcnhzNUUysKW/Ied46ivQ==
  dependencies:
    "@smithy/property-provider" "^4.0.3"
    "@smithy/shared-ini-file-loader" "^4.0.3"
    "@smithy/types" "^4.3.0"
    tslib "^2.6.2"

"@smithy/node-http-handler@^4.0.4", "@smithy/node-http-handler@^4.0.5":
  version "4.0.5"
  resolved "https://registry.yarnpkg.com/@smithy/node-http-handler/-/node-http-handler-4.0.5.tgz#7d825f35d8e006a2662b7237eb7d369430883140"
  integrity sha512-T7QglZC1vS7SPT44/1qSIAQEx5bFKb3LfO6zw/o4Xzt1eC5HNoH1TkS4lMYA9cWFbacUhx4hRl/blLun4EOCkg==
  dependencies:
    "@smithy/abort-controller" "^4.0.3"
    "@smithy/protocol-http" "^5.1.1"
    "@smithy/querystring-builder" "^4.0.3"
    "@smithy/types" "^4.3.0"
    tslib "^2.6.2"

"@smithy/property-provider@^4.0.2", "@smithy/property-provider@^4.0.3":
  version "4.0.3"
  resolved "https://registry.yarnpkg.com/@smithy/property-provider/-/property-provider-4.0.3.tgz#cefeb7bc7a8baaeec9f68e82c3164141703a15d5"
  integrity sha512-Wcn17QNdawJZcZZPBuMuzyBENVi1AXl4TdE0jvzo4vWX2x5df/oMlmr/9M5XAAC6+yae4kWZlOYIsNsgDrMU9A==
  dependencies:
    "@smithy/types" "^4.3.0"
    tslib "^2.6.2"

"@smithy/protocol-http@^5.1.0", "@smithy/protocol-http@^5.1.1":
  version "5.1.1"
  resolved "https://registry.yarnpkg.com/@smithy/protocol-http/-/protocol-http-5.1.1.tgz#95d998526cd806b7902b0440c3f25188945a2e2c"
  integrity sha512-Vsay2mzq05DwNi9jK01yCFtfvu9HimmgC7a4HTs7lhX12Sx8aWsH0mfz6q/02yspSp+lOB+Q2HJwi4IV2GKz7A==
  dependencies:
    "@smithy/types" "^4.3.0"
    tslib "^2.6.2"

"@smithy/querystring-builder@^4.0.2", "@smithy/querystring-builder@^4.0.3":
  version "4.0.3"
  resolved "https://registry.yarnpkg.com/@smithy/querystring-builder/-/querystring-builder-4.0.3.tgz#056a17082e0a0ab10c817380d96321a8bba588fd"
  integrity sha512-UUzIWMVfPmDZcOutk2/r1vURZqavvQW0OHvgsyNV0cKupChvqg+/NKPRMaMEe+i8tP96IthMFeZOZWpV+E4RAw==
  dependencies:
    "@smithy/types" "^4.3.0"
    "@smithy/util-uri-escape" "^4.0.0"
    tslib "^2.6.2"

"@smithy/querystring-parser@^4.0.3":
  version "4.0.3"
  resolved "https://registry.yarnpkg.com/@smithy/querystring-parser/-/querystring-parser-4.0.3.tgz#ac8b26a23b7b9423734620cd025b5963bad764ae"
  integrity sha512-K5M4ZJQpFCblOJ5Oyw7diICpFg1qhhR47m2/5Ef1PhGE19RaIZf50tjYFrxa6usqcuXyTiFPGo4d1geZdH4YcQ==
  dependencies:
    "@smithy/types" "^4.3.0"
    tslib "^2.6.2"

"@smithy/service-error-classification@^4.0.4":
  version "4.0.4"
  resolved "https://registry.yarnpkg.com/@smithy/service-error-classification/-/service-error-classification-4.0.4.tgz#63aef3b40db39ef7f04f4ffcca8bf4ef57ff5b23"
  integrity sha512-W5ScbQ1bTzgH91kNEE2CvOzM4gXlDOqdow4m8vMFSIXCel2scbHwjflpVNnC60Y3F1m5i7w2gQg9lSnR+JsJAA==
  dependencies:
    "@smithy/types" "^4.3.0"

"@smithy/shared-ini-file-loader@^4.0.2", "@smithy/shared-ini-file-loader@^4.0.3":
  version "4.0.3"
  resolved "https://registry.yarnpkg.com/@smithy/shared-ini-file-loader/-/shared-ini-file-loader-4.0.3.tgz#23fab0e773630b0817846c52c54b435ac32a4dd0"
  integrity sha512-vHwlrqhZGIoLwaH8vvIjpHnloShqdJ7SUPNM2EQtEox+yEDFTVQ7E+DLZ+6OhnYEgFUwPByJyz6UZaOu2tny6A==
  dependencies:
    "@smithy/types" "^4.3.0"
    tslib "^2.6.2"

"@smithy/signature-v4@^5.1.0":
  version "5.1.1"
  resolved "https://registry.yarnpkg.com/@smithy/signature-v4/-/signature-v4-5.1.1.tgz#c9f6522936a427c689dd78d7ebf2e69faf286206"
  integrity sha512-zy8Repr5zvT0ja+Tf5wjV/Ba6vRrhdiDcp/ww6cvqYbSEudIkziDe3uppNRlFoCViyJXdPnLcwyZdDLA4CHzSg==
  dependencies:
    "@smithy/is-array-buffer" "^4.0.0"
    "@smithy/protocol-http" "^5.1.1"
    "@smithy/types" "^4.3.0"
    "@smithy/util-hex-encoding" "^4.0.0"
    "@smithy/util-middleware" "^4.0.3"
    "@smithy/util-uri-escape" "^4.0.0"
    "@smithy/util-utf8" "^4.0.0"
    tslib "^2.6.2"

"@smithy/smithy-client@^4.2.6", "@smithy/smithy-client@^4.3.0":
  version "4.3.0"
  resolved "https://registry.yarnpkg.com/@smithy/smithy-client/-/smithy-client-4.3.0.tgz#05d2fa958ffbb9256c777a11b380aeba199295b3"
  integrity sha512-DNsRA38pN6tYHUjebmwD9e4KcgqTLldYQb2gC6K+oxXYdCTxPn6wV9+FvOa6wrU2FQEnGJoi+3GULzOTKck/tg==
  dependencies:
    "@smithy/core" "^3.4.0"
    "@smithy/middleware-endpoint" "^4.1.7"
    "@smithy/middleware-stack" "^4.0.3"
    "@smithy/protocol-http" "^5.1.1"
    "@smithy/types" "^4.3.0"
    "@smithy/util-stream" "^4.2.1"
    tslib "^2.6.2"

"@smithy/types@^4.2.0", "@smithy/types@^4.3.0":
  version "4.3.0"
  resolved "https://registry.yarnpkg.com/@smithy/types/-/types-4.3.0.tgz#80a0da5ac907cfe9e97e89814bc7502626451580"
  integrity sha512-+1iaIQHthDh9yaLhRzaoQxRk+l9xlk+JjMFxGRhNLz+m9vKOkjNeU8QuB4w3xvzHyVR/BVlp/4AXDHjoRIkfgQ==
  dependencies:
    tslib "^2.6.2"

"@smithy/url-parser@^4.0.2", "@smithy/url-parser@^4.0.3":
  version "4.0.3"
  resolved "https://registry.yarnpkg.com/@smithy/url-parser/-/url-parser-4.0.3.tgz#ab0920cc98205f438a3064fb85161bc3c50625b4"
  integrity sha512-n5/DnosDu/tweOqUUNtUbu7eRIR4J/Wz9nL7V5kFYQQVb8VYdj7a4G5NJHCw6o21ul7CvZoJkOpdTnsQDLT0tQ==
  dependencies:
    "@smithy/querystring-parser" "^4.0.3"
    "@smithy/types" "^4.3.0"
    tslib "^2.6.2"

"@smithy/util-base64@^4.0.0":
  version "4.0.0"
  resolved "https://registry.yarnpkg.com/@smithy/util-base64/-/util-base64-4.0.0.tgz#8345f1b837e5f636e5f8470c4d1706ae0c6d0358"
  integrity sha512-CvHfCmO2mchox9kjrtzoHkWHxjHZzaFojLc8quxXY7WAAMAg43nuxwv95tATVgQFNDwd4M9S1qFzj40Ul41Kmg==
  dependencies:
    "@smithy/util-buffer-from" "^4.0.0"
    "@smithy/util-utf8" "^4.0.0"
    tslib "^2.6.2"

"@smithy/util-body-length-browser@^4.0.0":
  version "4.0.0"
  resolved "https://registry.yarnpkg.com/@smithy/util-body-length-browser/-/util-body-length-browser-4.0.0.tgz#965d19109a4b1e5fe7a43f813522cce718036ded"
  integrity sha512-sNi3DL0/k64/LO3A256M+m3CDdG6V7WKWHdAiBBMUN8S3hK3aMPhwnPik2A/a2ONN+9doY9UxaLfgqsIRg69QA==
  dependencies:
    tslib "^2.6.2"

"@smithy/util-body-length-node@^4.0.0":
  version "4.0.0"
  resolved "https://registry.yarnpkg.com/@smithy/util-body-length-node/-/util-body-length-node-4.0.0.tgz#3db245f6844a9b1e218e30c93305bfe2ffa473b3"
  integrity sha512-q0iDP3VsZzqJyje8xJWEJCNIu3lktUGVoSy1KB0UWym2CL1siV3artm+u1DFYTLejpsrdGyCSWBdGNjJzfDPjg==
  dependencies:
    tslib "^2.6.2"

"@smithy/util-buffer-from@^2.2.0":
  version "2.2.0"
  resolved "https://registry.yarnpkg.com/@smithy/util-buffer-from/-/util-buffer-from-2.2.0.tgz#6fc88585165ec73f8681d426d96de5d402021e4b"
  integrity sha512-IJdWBbTcMQ6DA0gdNhh/BwrLkDR+ADW5Kr1aZmd4k3DIF6ezMV4R2NIAmT08wQJ3yUK82thHWmC/TnK/wpMMIA==
  dependencies:
    "@smithy/is-array-buffer" "^2.2.0"
    tslib "^2.6.2"

"@smithy/util-buffer-from@^4.0.0":
  version "4.0.0"
  resolved "https://registry.yarnpkg.com/@smithy/util-buffer-from/-/util-buffer-from-4.0.0.tgz#b23b7deb4f3923e84ef50c8b2c5863d0dbf6c0b9"
  integrity sha512-9TOQ7781sZvddgO8nxueKi3+yGvkY35kotA0Y6BWRajAv8jjmigQ1sBwz0UX47pQMYXJPahSKEKYFgt+rXdcug==
  dependencies:
    "@smithy/is-array-buffer" "^4.0.0"
    tslib "^2.6.2"

"@smithy/util-config-provider@^4.0.0":
  version "4.0.0"
  resolved "https://registry.yarnpkg.com/@smithy/util-config-provider/-/util-config-provider-4.0.0.tgz#e0c7c8124c7fba0b696f78f0bd0ccb060997d45e"
  integrity sha512-L1RBVzLyfE8OXH+1hsJ8p+acNUSirQnWQ6/EgpchV88G6zGBTDPdXiiExei6Z1wR2RxYvxY/XLw6AMNCCt8H3w==
  dependencies:
    tslib "^2.6.2"

"@smithy/util-defaults-mode-browser@^4.0.14":
  version "4.0.15"
  resolved "https://registry.yarnpkg.com/@smithy/util-defaults-mode-browser/-/util-defaults-mode-browser-4.0.15.tgz#4a76a59f2af347189bef0f49295004e0156667ac"
  integrity sha512-bJJ/B8owQbHAflatSq92f9OcV8858DJBQF1Y3GRjB8psLyUjbISywszYPFw16beREHO/C3I3taW4VGH+tOuwrQ==
  dependencies:
    "@smithy/property-provider" "^4.0.3"
    "@smithy/smithy-client" "^4.3.0"
    "@smithy/types" "^4.3.0"
    bowser "^2.11.0"
    tslib "^2.6.2"

"@smithy/util-defaults-mode-node@^4.0.14":
  version "4.0.15"
  resolved "https://registry.yarnpkg.com/@smithy/util-defaults-mode-node/-/util-defaults-mode-node-4.0.15.tgz#60383794aa743776db1ac9e24d2e03aefae508d4"
  integrity sha512-8CUrEW2Ni5q+NmYkj8wsgkfqoP7l4ZquptFbq92yQE66xevc4SxqP2zH6tMtN158kgBqBDsZ+qlrRwXWOjCR8A==
  dependencies:
    "@smithy/config-resolver" "^4.1.3"
    "@smithy/credential-provider-imds" "^4.0.5"
    "@smithy/node-config-provider" "^4.1.2"
    "@smithy/property-provider" "^4.0.3"
    "@smithy/smithy-client" "^4.3.0"
    "@smithy/types" "^4.3.0"
    tslib "^2.6.2"

"@smithy/util-endpoints@^3.0.4":
  version "3.0.5"
  resolved "https://registry.yarnpkg.com/@smithy/util-endpoints/-/util-endpoints-3.0.5.tgz#92ce03a97c29f60b2e46df161797df88ec262f2d"
  integrity sha512-PjDpqLk24/vAl340tmtCA++Q01GRRNH9cwL9qh46NspAX9S+IQVcK+GOzPt0GLJ6KYGyn8uOgo2kvJhiThclJw==
  dependencies:
    "@smithy/node-config-provider" "^4.1.2"
    "@smithy/types" "^4.3.0"
    tslib "^2.6.2"

"@smithy/util-hex-encoding@^4.0.0":
  version "4.0.0"
  resolved "https://registry.yarnpkg.com/@smithy/util-hex-encoding/-/util-hex-encoding-4.0.0.tgz#dd449a6452cffb37c5b1807ec2525bb4be551e8d"
  integrity sha512-Yk5mLhHtfIgW2W2WQZWSg5kuMZCVbvhFmC7rV4IO2QqnZdbEFPmQnCcGMAX2z/8Qj3B9hYYNjZOhWym+RwhePw==
  dependencies:
    tslib "^2.6.2"

"@smithy/util-middleware@^4.0.2", "@smithy/util-middleware@^4.0.3":
  version "4.0.3"
  resolved "https://registry.yarnpkg.com/@smithy/util-middleware/-/util-middleware-4.0.3.tgz#bb4176241ce0df21623a3c402ce55f94903f8161"
  integrity sha512-iIsC6qZXxkD7V3BzTw3b1uK8RVC1M8WvwNxK1PKrH9FnxntCd30CSunXjL/8iJBE8Z0J14r2P69njwIpRG4FBQ==
  dependencies:
    "@smithy/types" "^4.3.0"
    tslib "^2.6.2"

"@smithy/util-retry@^4.0.3", "@smithy/util-retry@^4.0.4":
  version "4.0.4"
  resolved "https://registry.yarnpkg.com/@smithy/util-retry/-/util-retry-4.0.4.tgz#4e372f83aa83170eb95bc35a60be827555f90208"
  integrity sha512-Aoqr9W2jDYGrI6OxljN8VmLDQIGO4VdMAUKMf9RGqLG8hn6or+K41NEy1Y5dtum9q8F7e0obYAuKl2mt/GnpZg==
  dependencies:
    "@smithy/service-error-classification" "^4.0.4"
    "@smithy/types" "^4.3.0"
    tslib "^2.6.2"

"@smithy/util-stream@^4.2.0", "@smithy/util-stream@^4.2.1":
  version "4.2.1"
  resolved "https://registry.yarnpkg.com/@smithy/util-stream/-/util-stream-4.2.1.tgz#bc5358c4e1d5027b11411333f3190b7d5c104316"
  integrity sha512-W3IR0x5DY6iVtjj5p902oNhD+Bz7vs5S+p6tppbPa509rV9BdeXZjGuRSCtVEad9FA0Mba+tNUtUmtnSI1nwUw==
  dependencies:
    "@smithy/fetch-http-handler" "^5.0.3"
    "@smithy/node-http-handler" "^4.0.5"
    "@smithy/types" "^4.3.0"
    "@smithy/util-base64" "^4.0.0"
    "@smithy/util-buffer-from" "^4.0.0"
    "@smithy/util-hex-encoding" "^4.0.0"
    "@smithy/util-utf8" "^4.0.0"
    tslib "^2.6.2"

"@smithy/util-uri-escape@^4.0.0":
  version "4.0.0"
  resolved "https://registry.yarnpkg.com/@smithy/util-uri-escape/-/util-uri-escape-4.0.0.tgz#a96c160c76f3552458a44d8081fade519d214737"
  integrity sha512-77yfbCbQMtgtTylO9itEAdpPXSog3ZxMe09AEhm0dU0NLTalV70ghDZFR+Nfi1C60jnJoh/Re4090/DuZh2Omg==
  dependencies:
    tslib "^2.6.2"

"@smithy/util-utf8@^2.0.0":
  version "2.3.0"
  resolved "https://registry.yarnpkg.com/@smithy/util-utf8/-/util-utf8-2.3.0.tgz#dd96d7640363259924a214313c3cf16e7dd329c5"
  integrity sha512-R8Rdn8Hy72KKcebgLiv8jQcQkXoLMOGGv5uI1/k0l+snqkOzQ1R0ChUBCxWMlBsFMekWjq0wRudIweFs7sKT5A==
  dependencies:
    "@smithy/util-buffer-from" "^2.2.0"
    tslib "^2.6.2"

"@smithy/util-utf8@^4.0.0":
  version "4.0.0"
  resolved "https://registry.yarnpkg.com/@smithy/util-utf8/-/util-utf8-4.0.0.tgz#09ca2d9965e5849e72e347c130f2a29d5c0c863c"
  integrity sha512-b+zebfKCfRdgNJDknHCob3O7FpeYQN6ZG6YLExMcasDHsCXlsXCEuiPZeLnJLpwa5dvPetGlnGCiMHuLwGvFow==
  dependencies:
    "@smithy/util-buffer-from" "^4.0.0"
    tslib "^2.6.2"

"@smithy/util-waiter@^4.0.3":
  version "4.0.4"
  resolved "https://registry.yarnpkg.com/@smithy/util-waiter/-/util-waiter-4.0.4.tgz#f1a4ee2116286b0d58d4b3315e42c82ccb645404"
  integrity sha512-73aeIvHjtSB6fd9I08iFaQIGTICKpLrI3EtlWAkStVENGo1ARMq9qdoD4QwkY0RUp6A409xlgbD9NCCfCF5ieg==
  dependencies:
    "@smithy/abort-controller" "^4.0.3"
    "@smithy/types" "^4.3.0"
    tslib "^2.6.2"

"@types/aws-lambda@^8.10.126":
  version "8.10.147"
  resolved "https://registry.yarnpkg.com/@types/aws-lambda/-/aws-lambda-8.10.147.tgz#dc5c89aa32f47a9b35e52c32630545c83afa6f2f"
  integrity sha512-nD0Z9fNIZcxYX5Mai2CTmFD7wX7UldCkW2ezCF8D1T5hdiLsnTWDGRpfRYntU6VjTdLQjOvyszru7I1c1oCQew==

"@types/node@^20.9.0":
  version "20.17.19"
  resolved "https://registry.yarnpkg.com/@types/node/-/node-20.17.19.tgz#0f2869555719bef266ca6e1827fcdca903c1a697"
  integrity sha512-LEwC7o1ifqg/6r2gn9Dns0f1rhK+fPFDoMiceTJ6kWmVk6bgXBI/9IOWfVan4WiAavK9pIVWdX0/e3J+eEUh5A==
  dependencies:
    undici-types "~6.19.2"

"@types/uuid@^9.0.1":
  version "9.0.8"
  resolved "https://registry.yarnpkg.com/@types/uuid/-/uuid-9.0.8.tgz#7545ba4fc3c003d6c756f651f3bf163d8f0f29ba"
  integrity sha512-jg+97EGIcY9AGHJJRaaPVgetKDsrTgbRjQ5Msgjh/DQKEFl0DtyRr/VCOyD1T2R1MNeWPK/u7JoGhlDZnKBAfA==

bowser@^2.11.0:
  version "2.11.0"
  resolved "https://registry.yarnpkg.com/bowser/-/bowser-2.11.0.tgz#5ca3c35757a7aa5771500c70a73a9f91ef420a8f"
  integrity sha512-AlcaJBi/pqqJBIQ8U9Mcpc9i8Aqxn88Skv5d+xBX006BY5u8N3mGLHa5Lgppa7L/HfwgwLgZ6NYs+Ag6uUmJRA==

fast-xml-parser@4.4.1:
  version "4.4.1"
  resolved "https://registry.yarnpkg.com/fast-xml-parser/-/fast-xml-parser-4.4.1.tgz#86dbf3f18edf8739326447bcaac31b4ae7f6514f"
  integrity sha512-xkjOecfnKGkSsOwtZ5Pz7Us/T6mrbPQrq0nh+aCO5V9nk5NLWmasAHumTKjiPJPWANe+kAZ84Jc8ooJkzZ88Sw==
  dependencies:
    strnum "^1.0.5"

strnum@^1.0.5:
  version "1.1.2"
  resolved "https://registry.yarnpkg.com/strnum/-/strnum-1.1.2.tgz#57bca4fbaa6f271081715dbc9ed7cee5493e28e4"
  integrity sha512-vrN+B7DBIoTTZjnPNewwhx6cBA/H+IS7rfW68n7XxC1y7uoiGQBxaKzqucGUgavX15dJgiGztLJ8vxuEzwqBdA==

tslib@^2.6.2:
  version "2.8.1"
  resolved "https://registry.yarnpkg.com/tslib/-/tslib-2.8.1.tgz#612efe4ed235d567e8aba5f2a5fab70280ade83f"
  integrity sha512-oJFu94HQb+KVduSUQL7wnpmqnfmLsOA/nAh6b6EH0wCEoK0/mPeXU6c3wKDV83MkOuHPRHtSXKKU99IBazS/2w==

typescript@^5.2.2:
  version "5.8.3"
  resolved "https://registry.yarnpkg.com/typescript/-/typescript-5.8.3.tgz#92f8a3e5e3cf497356f4178c34cd65a7f5e8440e"
  integrity sha512-p1diW6TqL9L07nNxvRMM7hMMw4c5XOo/1ibL4aAIGmSAt9slTE1Xgw5KWuof2uTOvCg9BY7ZRi+GaF+7sfgPeQ==

undici-types@~6.19.2:
  version "6.19.8"
  resolved "https://registry.yarnpkg.com/undici-types/-/undici-types-6.19.8.tgz#35111c9d1437ab83a7cdc0abae2f26d88eda0a02"
  integrity sha512-ve2KP6f/JnbPBFyobGHuerC9g1FYGn/F8n1LWTwNxCEzd6IfqTwUQcNXgEtmmQ6DlRrC1hrSrBnCZPokRrDHjw==

uuid@^9.0.1:
  version "9.0.1"
  resolved "https://registry.yarnpkg.com/uuid/-/uuid-9.0.1.tgz#e188d4c8853cc722220392c424cd637f32293f30"
  integrity sha512-b+1eJOlsR9K8HJpow9Ok3fiWOWSIcIzXodvv0rQjVoOVNpWMpxf1wZNpt4y9h10odCNrqnYp1OBzRktckBe3sA==
