# THIS IS AN AUTOGENERATED FILE. DO NOT EDIT THIS FILE DIRECTLY.
# yarn lockfile v1


"@aws-crypto/sha256-browser@5.2.0":
  version "5.2.0"
  resolved "https://registry.yarnpkg.com/@aws-crypto/sha256-browser/-/sha256-browser-5.2.0.tgz#153895ef1dba6f9fce38af550e0ef58988eb649e"
  integrity sha512-AXfN/lGotSQwu6HNcEsIASo7kWXZ5HYWvfOmSNKDsEqC4OashTp8alTmaz+F7TC2L083SFv5RdB+qU3Vs1kZqw==
  dependencies:
    "@aws-crypto/sha256-js" "^5.2.0"
    "@aws-crypto/supports-web-crypto" "^5.2.0"
    "@aws-crypto/util" "^5.2.0"
    "@aws-sdk/types" "^3.222.0"
    "@aws-sdk/util-locate-window" "^3.0.0"
    "@smithy/util-utf8" "^2.0.0"
    tslib "^2.6.2"

"@aws-crypto/sha256-js@5.2.0", "@aws-crypto/sha256-js@^5.2.0":
  version "5.2.0"
  resolved "https://registry.yarnpkg.com/@aws-crypto/sha256-js/-/sha256-js-5.2.0.tgz#c4fdb773fdbed9a664fc1a95724e206cf3860042"
  integrity sha512-FFQQyu7edu4ufvIZ+OadFpHHOt+eSTBaYaki44c+akjg7qZg9oOQeLlk77F6tSYqjDAFClrHJk9tMf0HdVyOvA==
  dependencies:
    "@aws-crypto/util" "^5.2.0"
    "@aws-sdk/types" "^3.222.0"
    tslib "^2.6.2"

"@aws-crypto/supports-web-crypto@^5.2.0":
  version "5.2.0"
  resolved "https://registry.yarnpkg.com/@aws-crypto/supports-web-crypto/-/supports-web-crypto-5.2.0.tgz#a1e399af29269be08e695109aa15da0a07b5b5fb"
  integrity sha512-iAvUotm021kM33eCdNfwIN//F77/IADDSs58i+MDaOqFrVjZo9bAal0NK7HurRuWLLpF1iLX7gbWrjHjeo+YFg==
  dependencies:
    tslib "^2.6.2"

"@aws-crypto/util@^5.2.0":
  version "5.2.0"
  resolved "https://registry.yarnpkg.com/@aws-crypto/util/-/util-5.2.0.tgz#71284c9cffe7927ddadac793c14f14886d3876da"
  integrity sha512-4RkU9EsI6ZpBve5fseQlGNUWKMa1RLPQ1dnjnQoe07ldfIzcsGb5hC5W0Dm7u423KWzawlrpbjXBrXCEv9zazQ==
  dependencies:
    "@aws-sdk/types" "^3.222.0"
    "@smithy/util-utf8" "^2.0.0"
    tslib "^2.6.2"

"@aws-sdk/client-ec2@^3.750.0":
  version "3.927.0"
  resolved "https://registry.yarnpkg.com/@aws-sdk/client-ec2/-/client-ec2-3.927.0.tgz#b0263489bdd1fbe5f281ab3e9626741d598d489f"
  integrity sha512-Uy+xGZfU09PXWrNNQoYQW2yYts0w0cUUacuz7VFik7ni4cchw5zvNxepdIxRclV2cBTb30zrEVwxf78iWS587A==
  dependencies:
    "@aws-crypto/sha256-browser" "5.2.0"
    "@aws-crypto/sha256-js" "5.2.0"
    "@aws-sdk/core" "3.927.0"
    "@aws-sdk/credential-provider-node" "3.927.0"
    "@aws-sdk/middleware-host-header" "3.922.0"
    "@aws-sdk/middleware-logger" "3.922.0"
    "@aws-sdk/middleware-recursion-detection" "3.922.0"
    "@aws-sdk/middleware-sdk-ec2" "3.922.0"
    "@aws-sdk/middleware-user-agent" "3.927.0"
    "@aws-sdk/region-config-resolver" "3.925.0"
    "@aws-sdk/types" "3.922.0"
    "@aws-sdk/util-endpoints" "3.922.0"
    "@aws-sdk/util-user-agent-browser" "3.922.0"
    "@aws-sdk/util-user-agent-node" "3.927.0"
    "@smithy/config-resolver" "^4.4.2"
    "@smithy/core" "^3.17.2"
    "@smithy/fetch-http-handler" "^5.3.5"
    "@smithy/hash-node" "^4.2.4"
    "@smithy/invalid-dependency" "^4.2.4"
    "@smithy/middleware-content-length" "^4.2.4"
    "@smithy/middleware-endpoint" "^4.3.6"
    "@smithy/middleware-retry" "^4.4.6"
    "@smithy/middleware-serde" "^4.2.4"
    "@smithy/middleware-stack" "^4.2.4"
    "@smithy/node-config-provider" "^4.3.4"
    "@smithy/node-http-handler" "^4.4.4"
    "@smithy/protocol-http" "^5.3.4"
    "@smithy/smithy-client" "^4.9.2"
    "@smithy/types" "^4.8.1"
    "@smithy/url-parser" "^4.2.4"
    "@smithy/util-base64" "^4.3.0"
    "@smithy/util-body-length-browser" "^4.2.0"
    "@smithy/util-body-length-node" "^4.2.1"
    "@smithy/util-defaults-mode-browser" "^4.3.5"
    "@smithy/util-defaults-mode-node" "^4.2.8"
    "@smithy/util-endpoints" "^3.2.4"
    "@smithy/util-middleware" "^4.2.4"
    "@smithy/util-retry" "^4.2.4"
    "@smithy/util-utf8" "^4.2.0"
    "@smithy/util-waiter" "^4.2.4"
    "@smithy/uuid" "^1.1.0"
    tslib "^2.6.2"

"@aws-sdk/client-sso@3.927.0":
  version "3.927.0"
  resolved "https://registry.yarnpkg.com/@aws-sdk/client-sso/-/client-sso-3.927.0.tgz#47ef130162dbc5014570a29f7e6be0182e50eb19"
  integrity sha512-O+e+jo6ei7U/BA7lhT4mmPCWmeR9dFgGUHVwCwJ5c/nCaSaHQ+cb7j2h8WPXERu0LhPSFyj1aD5dk3jFIwNlbg==
  dependencies:
    "@aws-crypto/sha256-browser" "5.2.0"
    "@aws-crypto/sha256-js" "5.2.0"
    "@aws-sdk/core" "3.927.0"
    "@aws-sdk/middleware-host-header" "3.922.0"
    "@aws-sdk/middleware-logger" "3.922.0"
    "@aws-sdk/middleware-recursion-detection" "3.922.0"
    "@aws-sdk/middleware-user-agent" "3.927.0"
    "@aws-sdk/region-config-resolver" "3.925.0"
    "@aws-sdk/types" "3.922.0"
    "@aws-sdk/util-endpoints" "3.922.0"
    "@aws-sdk/util-user-agent-browser" "3.922.0"
    "@aws-sdk/util-user-agent-node" "3.927.0"
    "@smithy/config-resolver" "^4.4.2"
    "@smithy/core" "^3.17.2"
    "@smithy/fetch-http-handler" "^5.3.5"
    "@smithy/hash-node" "^4.2.4"
    "@smithy/invalid-dependency" "^4.2.4"
    "@smithy/middleware-content-length" "^4.2.4"
    "@smithy/middleware-endpoint" "^4.3.6"
    "@smithy/middleware-retry" "^4.4.6"
    "@smithy/middleware-serde" "^4.2.4"
    "@smithy/middleware-stack" "^4.2.4"
    "@smithy/node-config-provider" "^4.3.4"
    "@smithy/node-http-handler" "^4.4.4"
    "@smithy/protocol-http" "^5.3.4"
    "@smithy/smithy-client" "^4.9.2"
    "@smithy/types" "^4.8.1"
    "@smithy/url-parser" "^4.2.4"
    "@smithy/util-base64" "^4.3.0"
    "@smithy/util-body-length-browser" "^4.2.0"
    "@smithy/util-body-length-node" "^4.2.1"
    "@smithy/util-defaults-mode-browser" "^4.3.5"
    "@smithy/util-defaults-mode-node" "^4.2.8"
    "@smithy/util-endpoints" "^3.2.4"
    "@smithy/util-middleware" "^4.2.4"
    "@smithy/util-retry" "^4.2.4"
    "@smithy/util-utf8" "^4.2.0"
    tslib "^2.6.2"

"@aws-sdk/core@3.927.0":
  version "3.927.0"
  resolved "https://registry.yarnpkg.com/@aws-sdk/core/-/core-3.927.0.tgz#339cb2f9d355a4cc6b80711d8e78d4b29471eb82"
  integrity sha512-QOtR9QdjNeC7bId3fc/6MnqoEezvQ2Fk+x6F+Auf7NhOxwYAtB1nvh0k3+gJHWVGpfxN1I8keahRZd79U68/ag==
  dependencies:
    "@aws-sdk/types" "3.922.0"
    "@aws-sdk/xml-builder" "3.921.0"
    "@smithy/core" "^3.17.2"
    "@smithy/node-config-provider" "^4.3.4"
    "@smithy/property-provider" "^4.2.4"
    "@smithy/protocol-http" "^5.3.4"
    "@smithy/signature-v4" "^5.3.4"
    "@smithy/smithy-client" "^4.9.2"
    "@smithy/types" "^4.8.1"
    "@smithy/util-base64" "^4.3.0"
    "@smithy/util-middleware" "^4.2.4"
    "@smithy/util-utf8" "^4.2.0"
    tslib "^2.6.2"

"@aws-sdk/credential-provider-env@3.927.0":
  version "3.927.0"
  resolved "https://registry.yarnpkg.com/@aws-sdk/credential-provider-env/-/credential-provider-env-3.927.0.tgz#e5980c6b789ea04eff6455a2debcd609e64715fa"
  integrity sha512-bAllBpmaWINpf0brXQWh/hjkBctapknZPYb3FJRlBHytEGHi7TpgqBXi8riT0tc6RVWChhnw58rQz22acOmBuw==
  dependencies:
    "@aws-sdk/core" "3.927.0"
    "@aws-sdk/types" "3.922.0"
    "@smithy/property-provider" "^4.2.4"
    "@smithy/types" "^4.8.1"
    tslib "^2.6.2"

"@aws-sdk/credential-provider-http@3.927.0":
  version "3.927.0"
  resolved "https://registry.yarnpkg.com/@aws-sdk/credential-provider-http/-/credential-provider-http-3.927.0.tgz#6a18a9821b07a02137a1c0171788268b67e6541a"
  integrity sha512-jEvb8C7tuRBFhe8vZY9vm9z6UQnbP85IMEt3Qiz0dxAd341Hgu0lOzMv5mSKQ5yBnTLq+t3FPKgD9tIiHLqxSQ==
  dependencies:
    "@aws-sdk/core" "3.927.0"
    "@aws-sdk/types" "3.922.0"
    "@smithy/fetch-http-handler" "^5.3.5"
    "@smithy/node-http-handler" "^4.4.4"
    "@smithy/property-provider" "^4.2.4"
    "@smithy/protocol-http" "^5.3.4"
    "@smithy/smithy-client" "^4.9.2"
    "@smithy/types" "^4.8.1"
    "@smithy/util-stream" "^4.5.5"
    tslib "^2.6.2"

"@aws-sdk/credential-provider-ini@3.927.0":
  version "3.927.0"
  resolved "https://registry.yarnpkg.com/@aws-sdk/credential-provider-ini/-/credential-provider-ini-3.927.0.tgz#67ac4a3a805dba90fa1c5c3845cc82bab14fe300"
  integrity sha512-WvliaKYT7bNLiryl/FsZyUwRGBo/CWtboekZWvSfloAb+0SKFXWjmxt3z+Y260aoaPm/LIzEyslDHfxqR9xCJQ==
  dependencies:
    "@aws-sdk/core" "3.927.0"
    "@aws-sdk/credential-provider-env" "3.927.0"
    "@aws-sdk/credential-provider-http" "3.927.0"
    "@aws-sdk/credential-provider-process" "3.927.0"
    "@aws-sdk/credential-provider-sso" "3.927.0"
    "@aws-sdk/credential-provider-web-identity" "3.927.0"
    "@aws-sdk/nested-clients" "3.927.0"
    "@aws-sdk/types" "3.922.0"
    "@smithy/credential-provider-imds" "^4.2.4"
    "@smithy/property-provider" "^4.2.4"
    "@smithy/shared-ini-file-loader" "^4.3.4"
    "@smithy/types" "^4.8.1"
    tslib "^2.6.2"

"@aws-sdk/credential-provider-node@3.927.0":
  version "3.927.0"
  resolved "https://registry.yarnpkg.com/@aws-sdk/credential-provider-node/-/credential-provider-node-3.927.0.tgz#d17ce7eac9cec29045de1fb8703a381bf26ef2e1"
  integrity sha512-M6BLrI+WHQ7PUY1aYu2OkI/KEz9aca+05zyycACk7cnlHlZaQ3vTFd0xOqF+A1qaenQBuxApOTs7Z21pnPUo9Q==
  dependencies:
    "@aws-sdk/credential-provider-env" "3.927.0"
    "@aws-sdk/credential-provider-http" "3.927.0"
    "@aws-sdk/credential-provider-ini" "3.927.0"
    "@aws-sdk/credential-provider-process" "3.927.0"
    "@aws-sdk/credential-provider-sso" "3.927.0"
    "@aws-sdk/credential-provider-web-identity" "3.927.0"
    "@aws-sdk/types" "3.922.0"
    "@smithy/credential-provider-imds" "^4.2.4"
    "@smithy/property-provider" "^4.2.4"
    "@smithy/shared-ini-file-loader" "^4.3.4"
    "@smithy/types" "^4.8.1"
    tslib "^2.6.2"

"@aws-sdk/credential-provider-process@3.927.0":
  version "3.927.0"
  resolved "https://registry.yarnpkg.com/@aws-sdk/credential-provider-process/-/credential-provider-process-3.927.0.tgz#fdf46dc8af3d519ab98b6a62fb9979729c5b615b"
  integrity sha512-rvqdZIN3TRhLKssufN5G2EWLMBct3ZebOBdwr0tuOoPEdaYflyXYYUScu+Beb541CKfXaFnEOlZokq12r7EPcQ==
  dependencies:
    "@aws-sdk/core" "3.927.0"
    "@aws-sdk/types" "3.922.0"
    "@smithy/property-provider" "^4.2.4"
    "@smithy/shared-ini-file-loader" "^4.3.4"
    "@smithy/types" "^4.8.1"
    tslib "^2.6.2"

"@aws-sdk/credential-provider-sso@3.927.0":
  version "3.927.0"
  resolved "https://registry.yarnpkg.com/@aws-sdk/credential-provider-sso/-/credential-provider-sso-3.927.0.tgz#6fe689806b506819e9813449cc0909fb8eacd1d0"
  integrity sha512-XrCuncze/kxZE6WYEWtNMGtrJvJtyhUqav4xQQ9PJcNjxCUYiIRv7Gwkt7cuwJ1HS+akQj+JiZmljAg97utfDw==
  dependencies:
    "@aws-sdk/client-sso" "3.927.0"
    "@aws-sdk/core" "3.927.0"
    "@aws-sdk/token-providers" "3.927.0"
    "@aws-sdk/types" "3.922.0"
    "@smithy/property-provider" "^4.2.4"
    "@smithy/shared-ini-file-loader" "^4.3.4"
    "@smithy/types" "^4.8.1"
    tslib "^2.6.2"

"@aws-sdk/credential-provider-web-identity@3.927.0":
  version "3.927.0"
  resolved "https://registry.yarnpkg.com/@aws-sdk/credential-provider-web-identity/-/credential-provider-web-identity-3.927.0.tgz#950a7dc19a324c97b3fb39772eb9921457d9d369"
  integrity sha512-Oh/aFYjZQsIiZ2PQEgTNvqEE/mmOYxZKZzXV86qrU3jBUfUUBvprUZc684nBqJbSKPwM5jCZtxiRYh+IrZDE7A==
  dependencies:
    "@aws-sdk/core" "3.927.0"
    "@aws-sdk/nested-clients" "3.927.0"
    "@aws-sdk/types" "3.922.0"
    "@smithy/property-provider" "^4.2.4"
    "@smithy/shared-ini-file-loader" "^4.3.4"
    "@smithy/types" "^4.8.1"
    tslib "^2.6.2"

"@aws-sdk/middleware-host-header@3.922.0":
  version "3.922.0"
  resolved "https://registry.yarnpkg.com/@aws-sdk/middleware-host-header/-/middleware-host-header-3.922.0.tgz#f19621fd19764f7eb0a33795ce0f43402080e394"
  integrity sha512-HPquFgBnq/KqKRVkiuCt97PmWbKtxQ5iUNLEc6FIviqOoZTmaYG3EDsIbuFBz9C4RHJU4FKLmHL2bL3FEId6AA==
  dependencies:
    "@aws-sdk/types" "3.922.0"
    "@smithy/protocol-http" "^5.3.4"
    "@smithy/types" "^4.8.1"
    tslib "^2.6.2"

"@aws-sdk/middleware-logger@3.922.0":
  version "3.922.0"
  resolved "https://registry.yarnpkg.com/@aws-sdk/middleware-logger/-/middleware-logger-3.922.0.tgz#3a43e2b7ec72b043751a7fd45f0514db77756be9"
  integrity sha512-AkvYO6b80FBm5/kk2E636zNNcNgjztNNUxpqVx+huyGn9ZqGTzS4kLqW2hO6CBe5APzVtPCtiQsXL24nzuOlAg==
  dependencies:
    "@aws-sdk/types" "3.922.0"
    "@smithy/types" "^4.8.1"
    tslib "^2.6.2"

"@aws-sdk/middleware-recursion-detection@3.922.0":
  version "3.922.0"
  resolved "https://registry.yarnpkg.com/@aws-sdk/middleware-recursion-detection/-/middleware-recursion-detection-3.922.0.tgz#cca89bd926ad05893f9b99b253fa50a6b6c7b829"
  integrity sha512-TtSCEDonV/9R0VhVlCpxZbp/9sxQvTTRKzIf8LxW3uXpby6Wl8IxEciBJlxmSkoqxh542WRcko7NYODlvL/gDA==
  dependencies:
    "@aws-sdk/types" "3.922.0"
    "@aws/lambda-invoke-store" "^0.1.1"
    "@smithy/protocol-http" "^5.3.4"
    "@smithy/types" "^4.8.1"
    tslib "^2.6.2"

"@aws-sdk/middleware-sdk-ec2@3.922.0":
  version "3.922.0"
  resolved "https://registry.yarnpkg.com/@aws-sdk/middleware-sdk-ec2/-/middleware-sdk-ec2-3.922.0.tgz#b42c8786cf20808c04f03e41a788725ee415bab0"
  integrity sha512-UwjTkJO74n13naNXW4wUVUPZTZh3ZekfFtxF+SpOHRp0qxtyYWrq1k55ABEBWxf9IQ3QOkKnBJXsbyh34JDrZQ==
  dependencies:
    "@aws-sdk/types" "3.922.0"
    "@aws-sdk/util-format-url" "3.922.0"
    "@smithy/middleware-endpoint" "^4.3.6"
    "@smithy/protocol-http" "^5.3.4"
    "@smithy/signature-v4" "^5.3.4"
    "@smithy/smithy-client" "^4.9.2"
    "@smithy/types" "^4.8.1"
    tslib "^2.6.2"

"@aws-sdk/middleware-user-agent@3.927.0":
  version "3.927.0"
  resolved "https://registry.yarnpkg.com/@aws-sdk/middleware-user-agent/-/middleware-user-agent-3.927.0.tgz#e61180e75f6eb4591440568a03a679d06e4217f1"
  integrity sha512-sv6St9EgEka6E7y19UMCsttFBZ8tsmz2sstgRd7LztlX3wJynpeDUhq0gtedguG1lGZY/gDf832k5dqlRLUk7g==
  dependencies:
    "@aws-sdk/core" "3.927.0"
    "@aws-sdk/types" "3.922.0"
    "@aws-sdk/util-endpoints" "3.922.0"
    "@smithy/core" "^3.17.2"
    "@smithy/protocol-http" "^5.3.4"
    "@smithy/types" "^4.8.1"
    tslib "^2.6.2"

"@aws-sdk/nested-clients@3.927.0":
  version "3.927.0"
  resolved "https://registry.yarnpkg.com/@aws-sdk/nested-clients/-/nested-clients-3.927.0.tgz#1051e913a6b194c033b00c0c2e28c48b7c6e62d9"
  integrity sha512-Oy6w7+fzIdr10DhF/HpfVLy6raZFTdiE7pxS1rvpuj2JgxzW2y6urm2sYf3eLOpMiHyuG4xUBwFiJpU9CCEvJA==
  dependencies:
    "@aws-crypto/sha256-browser" "5.2.0"
    "@aws-crypto/sha256-js" "5.2.0"
    "@aws-sdk/core" "3.927.0"
    "@aws-sdk/middleware-host-header" "3.922.0"
    "@aws-sdk/middleware-logger" "3.922.0"
    "@aws-sdk/middleware-recursion-detection" "3.922.0"
    "@aws-sdk/middleware-user-agent" "3.927.0"
    "@aws-sdk/region-config-resolver" "3.925.0"
    "@aws-sdk/types" "3.922.0"
    "@aws-sdk/util-endpoints" "3.922.0"
    "@aws-sdk/util-user-agent-browser" "3.922.0"
    "@aws-sdk/util-user-agent-node" "3.927.0"
    "@smithy/config-resolver" "^4.4.2"
    "@smithy/core" "^3.17.2"
    "@smithy/fetch-http-handler" "^5.3.5"
    "@smithy/hash-node" "^4.2.4"
    "@smithy/invalid-dependency" "^4.2.4"
    "@smithy/middleware-content-length" "^4.2.4"
    "@smithy/middleware-endpoint" "^4.3.6"
    "@smithy/middleware-retry" "^4.4.6"
    "@smithy/middleware-serde" "^4.2.4"
    "@smithy/middleware-stack" "^4.2.4"
    "@smithy/node-config-provider" "^4.3.4"
    "@smithy/node-http-handler" "^4.4.4"
    "@smithy/protocol-http" "^5.3.4"
    "@smithy/smithy-client" "^4.9.2"
    "@smithy/types" "^4.8.1"
    "@smithy/url-parser" "^4.2.4"
    "@smithy/util-base64" "^4.3.0"
    "@smithy/util-body-length-browser" "^4.2.0"
    "@smithy/util-body-length-node" "^4.2.1"
    "@smithy/util-defaults-mode-browser" "^4.3.5"
    "@smithy/util-defaults-mode-node" "^4.2.8"
    "@smithy/util-endpoints" "^3.2.4"
    "@smithy/util-middleware" "^4.2.4"
    "@smithy/util-retry" "^4.2.4"
    "@smithy/util-utf8" "^4.2.0"
    tslib "^2.6.2"

"@aws-sdk/region-config-resolver@3.925.0":
  version "3.925.0"
  resolved "https://registry.yarnpkg.com/@aws-sdk/region-config-resolver/-/region-config-resolver-3.925.0.tgz#789fab5b277ec21753b908c78cee18bd70998475"
  integrity sha512-FOthcdF9oDb1pfQBRCfWPZhJZT5wqpvdAS5aJzB1WDZ+6EuaAhLzLH/fW1slDunIqq1PSQGG3uSnVglVVOvPHQ==
  dependencies:
    "@aws-sdk/types" "3.922.0"
    "@smithy/config-resolver" "^4.4.2"
    "@smithy/node-config-provider" "^4.3.4"
    "@smithy/types" "^4.8.1"
    tslib "^2.6.2"

"@aws-sdk/token-providers@3.927.0":
  version "3.927.0"
  resolved "https://registry.yarnpkg.com/@aws-sdk/token-providers/-/token-providers-3.927.0.tgz#a4b56c2e491d454fb0869065ec49c10d25e3c9e7"
  integrity sha512-JRdaprkZjZ6EY4WVwsZaEjPUj9W9vqlSaFDm4oD+IbwlY4GjAXuUQK6skKcvVyoOsSTvJp/CaveSws2FiWUp9Q==
  dependencies:
    "@aws-sdk/core" "3.927.0"
    "@aws-sdk/nested-clients" "3.927.0"
    "@aws-sdk/types" "3.922.0"
    "@smithy/property-provider" "^4.2.4"
    "@smithy/shared-ini-file-loader" "^4.3.4"
    "@smithy/types" "^4.8.1"
    tslib "^2.6.2"

"@aws-sdk/types@3.922.0", "@aws-sdk/types@^3.222.0":
  version "3.922.0"
  resolved "https://registry.yarnpkg.com/@aws-sdk/types/-/types-3.922.0.tgz#e92daf55272171caac8dba9d425786646466d935"
  integrity sha512-eLA6XjVobAUAMivvM7DBL79mnHyrm+32TkXNWZua5mnxF+6kQCfblKKJvxMZLGosO53/Ex46ogim8IY5Nbqv2w==
  dependencies:
    "@smithy/types" "^4.8.1"
    tslib "^2.6.2"

"@aws-sdk/util-endpoints@3.922.0":
  version "3.922.0"
  resolved "https://registry.yarnpkg.com/@aws-sdk/util-endpoints/-/util-endpoints-3.922.0.tgz#817457d6a78ce366bdb7b201c638dba5ffdbfe60"
  integrity sha512-4ZdQCSuNMY8HMlR1YN4MRDdXuKd+uQTeKIr5/pIM+g3TjInZoj8imvXudjcrFGA63UF3t92YVTkBq88mg58RXQ==
  dependencies:
    "@aws-sdk/types" "3.922.0"
    "@smithy/types" "^4.8.1"
    "@smithy/url-parser" "^4.2.4"
    "@smithy/util-endpoints" "^3.2.4"
    tslib "^2.6.2"

"@aws-sdk/util-format-url@3.922.0":
  version "3.922.0"
  resolved "https://registry.yarnpkg.com/@aws-sdk/util-format-url/-/util-format-url-3.922.0.tgz#a1b91b180d75a73dd8eedee0913a60153673392e"
  integrity sha512-UYLWPvZEd6TYilNkrQrIeXh2bXZsY3ighYErSEjD24f3JQhg0XdXoR/QHIE8licHu2qFrTRM6yi9LH1GY6X0cg==
  dependencies:
    "@aws-sdk/types" "3.922.0"
    "@smithy/querystring-builder" "^4.2.4"
    "@smithy/types" "^4.8.1"
    tslib "^2.6.2"

"@aws-sdk/util-locate-window@^3.0.0":
  version "3.893.0"
  resolved "https://registry.yarnpkg.com/@aws-sdk/util-locate-window/-/util-locate-window-3.893.0.tgz#5df15f24e1edbe12ff1fe8906f823b51cd53bae8"
  integrity sha512-T89pFfgat6c8nMmpI8eKjBcDcgJq36+m9oiXbcUzeU55MP9ZuGgBomGjGnHaEyF36jenW9gmg3NfZDm0AO2XPg==
  dependencies:
    tslib "^2.6.2"

"@aws-sdk/util-user-agent-browser@3.922.0":
  version "3.922.0"
  resolved "https://registry.yarnpkg.com/@aws-sdk/util-user-agent-browser/-/util-user-agent-browser-3.922.0.tgz#734bbe74d34c3fbdb96aca80a151d3d7e7e87c30"
  integrity sha512-qOJAERZ3Plj1st7M4Q5henl5FRpE30uLm6L9edZqZXGR6c7ry9jzexWamWVpQ4H4xVAVmiO9dIEBAfbq4mduOA==
  dependencies:
    "@aws-sdk/types" "3.922.0"
    "@smithy/types" "^4.8.1"
    bowser "^2.11.0"
    tslib "^2.6.2"

"@aws-sdk/util-user-agent-node@3.927.0":
  version "3.927.0"
  resolved "https://registry.yarnpkg.com/@aws-sdk/util-user-agent-node/-/util-user-agent-node-3.927.0.tgz#32488c1a381fe0bd4fd6280449199857352b11b1"
  integrity sha512-5Ty+29jBTHg1mathEhLJavzA7A7vmhephRYGenFzo8rApLZh+c+MCAqjddSjdDzcf5FH+ydGGnIrj4iIfbZIMQ==
  dependencies:
    "@aws-sdk/middleware-user-agent" "3.927.0"
    "@aws-sdk/types" "3.922.0"
    "@smithy/node-config-provider" "^4.3.4"
    "@smithy/types" "^4.8.1"
    tslib "^2.6.2"

"@aws-sdk/xml-builder@3.921.0":
  version "3.921.0"
  resolved "https://registry.yarnpkg.com/@aws-sdk/xml-builder/-/xml-builder-3.921.0.tgz#e4d4d21b09341648b598d720c602ee76d7a84594"
  integrity sha512-LVHg0jgjyicKKvpNIEMXIMr1EBViESxcPkqfOlT+X1FkmUMTNZEEVF18tOJg4m4hV5vxtkWcqtr4IEeWa1C41Q==
  dependencies:
    "@smithy/types" "^4.8.1"
    fast-xml-parser "5.2.5"
    tslib "^2.6.2"

"@aws/lambda-invoke-store@^0.1.1":
  version "0.1.1"
  resolved "https://registry.yarnpkg.com/@aws/lambda-invoke-store/-/lambda-invoke-store-0.1.1.tgz#2e67f17040b930bde00a79ffb484eb9e77472b06"
  integrity sha512-RcLam17LdlbSOSp9VxmUu1eI6Mwxp+OwhD2QhiSNmNCzoDb0EeUXTD2n/WbcnrAYMGlmf05th6QYq23VqvJqpA==

"@smithy/abort-controller@^4.2.4":
  version "4.2.4"
  resolved "https://registry.yarnpkg.com/@smithy/abort-controller/-/abort-controller-4.2.4.tgz#8031d32aea69c714eae49c1f43ce0ea60481d2d3"
  integrity sha512-Z4DUr/AkgyFf1bOThW2HwzREagee0sB5ycl+hDiSZOfRLW8ZgrOjDi6g8mHH19yyU5E2A/64W3z6SMIf5XiUSQ==
  dependencies:
    "@smithy/types" "^4.8.1"
    tslib "^2.6.2"

"@smithy/config-resolver@^4.4.2":
  version "4.4.2"
  resolved "https://registry.yarnpkg.com/@smithy/config-resolver/-/config-resolver-4.4.2.tgz#0a8017f5691cbb7505e4dbcfc5db5a41321ed4d7"
  integrity sha512-4Jys0ni2tB2VZzgslbEgszZyMdTkPOFGA8g+So/NjR8oy6Qwaq4eSwsrRI+NMtb0Dq4kqCzGUu/nGUx7OM/xfw==
  dependencies:
    "@smithy/node-config-provider" "^4.3.4"
    "@smithy/types" "^4.8.1"
    "@smithy/util-config-provider" "^4.2.0"
    "@smithy/util-endpoints" "^3.2.4"
    "@smithy/util-middleware" "^4.2.4"
    tslib "^2.6.2"

"@smithy/core@^3.17.2":
  version "3.17.2"
  resolved "https://registry.yarnpkg.com/@smithy/core/-/core-3.17.2.tgz#bd27762dfd9f61e60b2789a20fa0dfd647827e98"
  integrity sha512-n3g4Nl1Te+qGPDbNFAYf+smkRVB+JhFsGy9uJXXZQEufoP4u0r+WLh6KvTDolCswaagysDc/afS1yvb2jnj1gQ==
  dependencies:
    "@smithy/middleware-serde" "^4.2.4"
    "@smithy/protocol-http" "^5.3.4"
    "@smithy/types" "^4.8.1"
    "@smithy/util-base64" "^4.3.0"
    "@smithy/util-body-length-browser" "^4.2.0"
    "@smithy/util-middleware" "^4.2.4"
    "@smithy/util-stream" "^4.5.5"
    "@smithy/util-utf8" "^4.2.0"
    "@smithy/uuid" "^1.1.0"
    tslib "^2.6.2"

"@smithy/credential-provider-imds@^4.2.4":
  version "4.2.4"
  resolved "https://registry.yarnpkg.com/@smithy/credential-provider-imds/-/credential-provider-imds-4.2.4.tgz#eb2ab999136c97d942e69638e6126a3c4d8cf79d"
  integrity sha512-YVNMjhdz2pVto5bRdux7GMs0x1m0Afz3OcQy/4Yf9DH4fWOtroGH7uLvs7ZmDyoBJzLdegtIPpXrpJOZWvUXdw==
  dependencies:
    "@smithy/node-config-provider" "^4.3.4"
    "@smithy/property-provider" "^4.2.4"
    "@smithy/types" "^4.8.1"
    "@smithy/url-parser" "^4.2.4"
    tslib "^2.6.2"

"@smithy/fetch-http-handler@^5.3.5":
  version "5.3.5"
  resolved "https://registry.yarnpkg.com/@smithy/fetch-http-handler/-/fetch-http-handler-5.3.5.tgz#5cfea38d9a1519741c7147fea10a4a064de03f66"
  integrity sha512-mg83SM3FLI8Sa2ooTJbsh5MFfyMTyNRwxqpKHmE0ICRIa66Aodv80DMsTQI02xBLVJ0hckwqTRr5IGAbbWuFLQ==
  dependencies:
    "@smithy/protocol-http" "^5.3.4"
    "@smithy/querystring-builder" "^4.2.4"
    "@smithy/types" "^4.8.1"
    "@smithy/util-base64" "^4.3.0"
    tslib "^2.6.2"

"@smithy/hash-node@^4.2.4":
  version "4.2.4"
  resolved "https://registry.yarnpkg.com/@smithy/hash-node/-/hash-node-4.2.4.tgz#45bd19999625166825eb29aafb007819de031894"
  integrity sha512-kKU0gVhx/ppVMntvUOZE7WRMFW86HuaxLwvqileBEjL7PoILI8/djoILw3gPQloGVE6O0oOzqafxeNi2KbnUJw==
  dependencies:
    "@smithy/types" "^4.8.1"
    "@smithy/util-buffer-from" "^4.2.0"
    "@smithy/util-utf8" "^4.2.0"
    tslib "^2.6.2"

"@smithy/invalid-dependency@^4.2.4":
  version "4.2.4"
  resolved "https://registry.yarnpkg.com/@smithy/invalid-dependency/-/invalid-dependency-4.2.4.tgz#ff957d711b72f432803fdee1e247f0dd4c98251d"
  integrity sha512-z6aDLGiHzsMhbS2MjetlIWopWz//K+mCoPXjW6aLr0mypF+Y7qdEh5TyJ20Onf9FbWHiWl4eC+rITdizpnXqOw==
  dependencies:
    "@smithy/types" "^4.8.1"
    tslib "^2.6.2"

"@smithy/is-array-buffer@^2.2.0":
  version "2.2.0"
  resolved "https://registry.yarnpkg.com/@smithy/is-array-buffer/-/is-array-buffer-2.2.0.tgz#f84f0d9f9a36601a9ca9381688bd1b726fd39111"
  integrity sha512-GGP3O9QFD24uGeAXYUjwSTXARoqpZykHadOmA8G5vfJPK0/DC67qa//0qvqrJzL1xc8WQWX7/yc7fwudjPHPhA==
  dependencies:
    tslib "^2.6.2"

"@smithy/is-array-buffer@^4.2.0":
  version "4.2.0"
  resolved "https://registry.yarnpkg.com/@smithy/is-array-buffer/-/is-array-buffer-4.2.0.tgz#b0f874c43887d3ad44f472a0f3f961bcce0550c2"
  integrity sha512-DZZZBvC7sjcYh4MazJSGiWMI2L7E0oCiRHREDzIxi/M2LY79/21iXt6aPLHge82wi5LsuRF5A06Ds3+0mlh6CQ==
  dependencies:
    tslib "^2.6.2"

"@smithy/middleware-content-length@^4.2.4":
  version "4.2.4"
  resolved "https://registry.yarnpkg.com/@smithy/middleware-content-length/-/middleware-content-length-4.2.4.tgz#8b625cb264c13c54440ecae59a3e6b1996dfd7b5"
  integrity sha512-hJRZuFS9UsElX4DJSJfoX4M1qXRH+VFiLMUnhsWvtOOUWRNvvOfDaUSdlNbjwv1IkpVjj/Rd/O59Jl3nhAcxow==
  dependencies:
    "@smithy/protocol-http" "^5.3.4"
    "@smithy/types" "^4.8.1"
    tslib "^2.6.2"

"@smithy/middleware-endpoint@^4.3.6":
  version "4.3.6"
  resolved "https://registry.yarnpkg.com/@smithy/middleware-endpoint/-/middleware-endpoint-4.3.6.tgz#dce57120e72ffeb2d45f1d09d424a9bed1571a21"
  integrity sha512-PXehXofGMFpDqr933rxD8RGOcZ0QBAWtuzTgYRAHAL2BnKawHDEdf/TnGpcmfPJGwonhginaaeJIKluEojiF/w==
  dependencies:
    "@smithy/core" "^3.17.2"
    "@smithy/middleware-serde" "^4.2.4"
    "@smithy/node-config-provider" "^4.3.4"
    "@smithy/shared-ini-file-loader" "^4.3.4"
    "@smithy/types" "^4.8.1"
    "@smithy/url-parser" "^4.2.4"
    "@smithy/util-middleware" "^4.2.4"
    tslib "^2.6.2"

"@smithy/middleware-retry@^4.4.6":
  version "4.4.6"
  resolved "https://registry.yarnpkg.com/@smithy/middleware-retry/-/middleware-retry-4.4.6.tgz#b3c781b42b8f1ab22ee71358c0e81303cb00d737"
  integrity sha512-OhLx131znrEDxZPAvH/OYufR9d1nB2CQADyYFN4C3V/NQS7Mg4V6uvxHC/Dr96ZQW8IlHJTJ+vAhKt6oxWRndA==
  dependencies:
    "@smithy/node-config-provider" "^4.3.4"
    "@smithy/protocol-http" "^5.3.4"
    "@smithy/service-error-classification" "^4.2.4"
    "@smithy/smithy-client" "^4.9.2"
    "@smithy/types" "^4.8.1"
    "@smithy/util-middleware" "^4.2.4"
    "@smithy/util-retry" "^4.2.4"
    "@smithy/uuid" "^1.1.0"
    tslib "^2.6.2"

"@smithy/middleware-serde@^4.2.4":
  version "4.2.4"
  resolved "https://registry.yarnpkg.com/@smithy/middleware-serde/-/middleware-serde-4.2.4.tgz#43da8ac40e2bcdd30e705a6047a3a667ce44433c"
  integrity sha512-jUr3x2CDhV15TOX2/Uoz4gfgeqLrRoTQbYAuhLS7lcVKNev7FeYSJ1ebEfjk+l9kbb7k7LfzIR/irgxys5ZTOg==
  dependencies:
    "@smithy/protocol-http" "^5.3.4"
    "@smithy/types" "^4.8.1"
    tslib "^2.6.2"

"@smithy/middleware-stack@^4.2.4":
  version "4.2.4"
  resolved "https://registry.yarnpkg.com/@smithy/middleware-stack/-/middleware-stack-4.2.4.tgz#9c833c3c8f2ddda1e2e31c9315ffa31f0f0aa85d"
  integrity sha512-Gy3TKCOnm9JwpFooldwAboazw+EFYlC+Bb+1QBsSi5xI0W5lX81j/P5+CXvD/9ZjtYKRgxq+kkqd/KOHflzvgA==
  dependencies:
    "@smithy/types" "^4.8.1"
    tslib "^2.6.2"

"@smithy/node-config-provider@^4.3.4":
  version "4.3.4"
  resolved "https://registry.yarnpkg.com/@smithy/node-config-provider/-/node-config-provider-4.3.4.tgz#9e41d45167568dbd2e1bc2c24a25cb26c3fd847f"
  integrity sha512-3X3w7qzmo4XNNdPKNS4nbJcGSwiEMsNsRSunMA92S4DJLLIrH5g1AyuOA2XKM9PAPi8mIWfqC+fnfKNsI4KvHw==
  dependencies:
    "@smithy/property-provider" "^4.2.4"
    "@smithy/shared-ini-file-loader" "^4.3.4"
    "@smithy/types" "^4.8.1"
    tslib "^2.6.2"

"@smithy/node-http-handler@^4.4.4":
  version "4.4.4"
  resolved "https://registry.yarnpkg.com/@smithy/node-http-handler/-/node-http-handler-4.4.4.tgz#e0ccaae333960df7e9387e9487554b98674b7720"
  integrity sha512-VXHGfzCXLZeKnFp6QXjAdy+U8JF9etfpUXD1FAbzY1GzsFJiDQRQIt2CnMUvUdz3/YaHNqT3RphVWMUpXTIODA==
  dependencies:
    "@smithy/abort-controller" "^4.2.4"
    "@smithy/protocol-http" "^5.3.4"
    "@smithy/querystring-builder" "^4.2.4"
    "@smithy/types" "^4.8.1"
    tslib "^2.6.2"

"@smithy/property-provider@^4.2.4":
  version "4.2.4"
  resolved "https://registry.yarnpkg.com/@smithy/property-provider/-/property-provider-4.2.4.tgz#ea36ed8f1e282060aaf5cd220f2b428682d52775"
  integrity sha512-g2DHo08IhxV5GdY3Cpt/jr0mkTlAD39EJKN27Jb5N8Fb5qt8KG39wVKTXiTRCmHHou7lbXR8nKVU14/aRUf86w==
  dependencies:
    "@smithy/types" "^4.8.1"
    tslib "^2.6.2"

"@smithy/protocol-http@^5.3.4":
  version "5.3.4"
  resolved "https://registry.yarnpkg.com/@smithy/protocol-http/-/protocol-http-5.3.4.tgz#2773de28d0b7e8b0ab83e94673fee0966fc8c68c"
  integrity sha512-3sfFd2MAzVt0Q/klOmjFi3oIkxczHs0avbwrfn1aBqtc23WqQSmjvk77MBw9WkEQcwbOYIX5/2z4ULj8DuxSsw==
  dependencies:
    "@smithy/types" "^4.8.1"
    tslib "^2.6.2"

"@smithy/querystring-builder@^4.2.4":
  version "4.2.4"
  resolved "https://registry.yarnpkg.com/@smithy/querystring-builder/-/querystring-builder-4.2.4.tgz#9f57301a895bb986cf7740edd70a91df335e6109"
  integrity sha512-KQ1gFXXC+WsbPFnk7pzskzOpn4s+KheWgO3dzkIEmnb6NskAIGp/dGdbKisTPJdtov28qNDohQrgDUKzXZBLig==
  dependencies:
    "@smithy/types" "^4.8.1"
    "@smithy/util-uri-escape" "^4.2.0"
    tslib "^2.6.2"

"@smithy/querystring-parser@^4.2.4":
  version "4.2.4"
  resolved "https://registry.yarnpkg.com/@smithy/querystring-parser/-/querystring-parser-4.2.4.tgz#c0cc9b13855e9fc45a0c75ae26482eab6891a25e"
  integrity sha512-aHb5cqXZocdzEkZ/CvhVjdw5l4r1aU/9iMEyoKzH4eXMowT6M0YjBpp7W/+XjkBnY8Xh0kVd55GKjnPKlCwinQ==
  dependencies:
    "@smithy/types" "^4.8.1"
    tslib "^2.6.2"

"@smithy/service-error-classification@^4.2.4":
  version "4.2.4"
  resolved "https://registry.yarnpkg.com/@smithy/service-error-classification/-/service-error-classification-4.2.4.tgz#acace7208270c8a9c4f2218092866b4d650d4719"
  integrity sha512-fdWuhEx4+jHLGeew9/IvqVU/fxT/ot70tpRGuOLxE3HzZOyKeTQfYeV1oaBXpzi93WOk668hjMuuagJ2/Qs7ng==
  dependencies:
    "@smithy/types" "^4.8.1"

"@smithy/shared-ini-file-loader@^4.3.4":
  version "4.3.4"
  resolved "https://registry.yarnpkg.com/@smithy/shared-ini-file-loader/-/shared-ini-file-loader-4.3.4.tgz#ba0707daba05d7705ae120abdc27dbfa5b5b9049"
  integrity sha512-y5ozxeQ9omVjbnJo9dtTsdXj9BEvGx2X8xvRgKnV+/7wLBuYJQL6dOa/qMY6omyHi7yjt1OA97jZLoVRYi8lxA==
  dependencies:
    "@smithy/types" "^4.8.1"
    tslib "^2.6.2"

"@smithy/signature-v4@^5.3.4":
  version "5.3.4"
  resolved "https://registry.yarnpkg.com/@smithy/signature-v4/-/signature-v4-5.3.4.tgz#d2233c39ce0b02041a11c5cfd210f3e61982931a"
  integrity sha512-ScDCpasxH7w1HXHYbtk3jcivjvdA1VICyAdgvVqKhKKwxi+MTwZEqFw0minE+oZ7F07oF25xh4FGJxgqgShz0A==
  dependencies:
    "@smithy/is-array-buffer" "^4.2.0"
    "@smithy/protocol-http" "^5.3.4"
    "@smithy/types" "^4.8.1"
    "@smithy/util-hex-encoding" "^4.2.0"
    "@smithy/util-middleware" "^4.2.4"
    "@smithy/util-uri-escape" "^4.2.0"
    "@smithy/util-utf8" "^4.2.0"
    tslib "^2.6.2"

"@smithy/smithy-client@^4.9.2":
  version "4.9.2"
  resolved "https://registry.yarnpkg.com/@smithy/smithy-client/-/smithy-client-4.9.2.tgz#6f9d916da362de7ac8e685112e3f68a9eba56b94"
  integrity sha512-gZU4uAFcdrSi3io8U99Qs/FvVdRxPvIMToi+MFfsy/DN9UqtknJ1ais+2M9yR8e0ASQpNmFYEKeIKVcMjQg3rg==
  dependencies:
    "@smithy/core" "^3.17.2"
    "@smithy/middleware-endpoint" "^4.3.6"
    "@smithy/middleware-stack" "^4.2.4"
    "@smithy/protocol-http" "^5.3.4"
    "@smithy/types" "^4.8.1"
    "@smithy/util-stream" "^4.5.5"
    tslib "^2.6.2"

"@smithy/types@^4.8.1":
  version "4.8.1"
  resolved "https://registry.yarnpkg.com/@smithy/types/-/types-4.8.1.tgz#0ecad4e329340c8844e38a18c7608d84cc1c853c"
  integrity sha512-N0Zn0OT1zc+NA+UVfkYqQzviRh5ucWwO7mBV3TmHHprMnfcJNfhlPicDkBHi0ewbh+y3evR6cNAW0Raxvb01NA==
  dependencies:
    tslib "^2.6.2"

"@smithy/url-parser@^4.2.4":
  version "4.2.4"
  resolved "https://registry.yarnpkg.com/@smithy/url-parser/-/url-parser-4.2.4.tgz#36336ea90529ff00de473a2c82d1487d87a588b1"
  integrity sha512-w/N/Iw0/PTwJ36PDqU9PzAwVElo4qXxCC0eCTlUtIz/Z5V/2j/cViMHi0hPukSBHp4DVwvUlUhLgCzqSJ6plrg==
  dependencies:
    "@smithy/querystring-parser" "^4.2.4"
    "@smithy/types" "^4.8.1"
    tslib "^2.6.2"

"@smithy/util-base64@^4.3.0":
  version "4.3.0"
  resolved "https://registry.yarnpkg.com/@smithy/util-base64/-/util-base64-4.3.0.tgz#5e287b528793aa7363877c1a02cd880d2e76241d"
  integrity sha512-GkXZ59JfyxsIwNTWFnjmFEI8kZpRNIBfxKjv09+nkAWPt/4aGaEWMM04m4sxgNVWkbt2MdSvE3KF/PfX4nFedQ==
  dependencies:
    "@smithy/util-buffer-from" "^4.2.0"
    "@smithy/util-utf8" "^4.2.0"
    tslib "^2.6.2"

"@smithy/util-body-length-browser@^4.2.0":
  version "4.2.0"
  resolved "https://registry.yarnpkg.com/@smithy/util-body-length-browser/-/util-body-length-browser-4.2.0.tgz#04e9fc51ee7a3e7f648a4b4bcdf96c350cfa4d61"
  integrity sha512-Fkoh/I76szMKJnBXWPdFkQJl2r9SjPt3cMzLdOB6eJ4Pnpas8hVoWPYemX/peO0yrrvldgCUVJqOAjUrOLjbxg==
  dependencies:
    tslib "^2.6.2"

"@smithy/util-body-length-node@^4.2.1":
  version "4.2.1"
  resolved "https://registry.yarnpkg.com/@smithy/util-body-length-node/-/util-body-length-node-4.2.1.tgz#79c8a5d18e010cce6c42d5cbaf6c1958523e6fec"
  integrity sha512-h53dz/pISVrVrfxV1iqXlx5pRg3V2YWFcSQyPyXZRrZoZj4R4DeWRDo1a7dd3CPTcFi3kE+98tuNyD2axyZReA==
  dependencies:
    tslib "^2.6.2"

"@smithy/util-buffer-from@^2.2.0":
  version "2.2.0"
  resolved "https://registry.yarnpkg.com/@smithy/util-buffer-from/-/util-buffer-from-2.2.0.tgz#6fc88585165ec73f8681d426d96de5d402021e4b"
  integrity sha512-IJdWBbTcMQ6DA0gdNhh/BwrLkDR+ADW5Kr1aZmd4k3DIF6ezMV4R2NIAmT08wQJ3yUK82thHWmC/TnK/wpMMIA==
  dependencies:
    "@smithy/is-array-buffer" "^2.2.0"
    tslib "^2.6.2"

"@smithy/util-buffer-from@^4.2.0":
  version "4.2.0"
  resolved "https://registry.yarnpkg.com/@smithy/util-buffer-from/-/util-buffer-from-4.2.0.tgz#7abd12c4991b546e7cee24d1e8b4bfaa35c68a9d"
  integrity sha512-kAY9hTKulTNevM2nlRtxAG2FQ3B2OR6QIrPY3zE5LqJy1oxzmgBGsHLWTcNhWXKchgA0WHW+mZkQrng/pgcCew==
  dependencies:
    "@smithy/is-array-buffer" "^4.2.0"
    tslib "^2.6.2"

"@smithy/util-config-provider@^4.2.0":
  version "4.2.0"
  resolved "https://registry.yarnpkg.com/@smithy/util-config-provider/-/util-config-provider-4.2.0.tgz#2e4722937f8feda4dcb09672c59925a4e6286cfc"
  integrity sha512-YEjpl6XJ36FTKmD+kRJJWYvrHeUvm5ykaUS5xK+6oXffQPHeEM4/nXlZPe+Wu0lsgRUcNZiliYNh/y7q9c2y6Q==
  dependencies:
    tslib "^2.6.2"

"@smithy/util-defaults-mode-browser@^4.3.5":
  version "4.3.5"
  resolved "https://registry.yarnpkg.com/@smithy/util-defaults-mode-browser/-/util-defaults-mode-browser-4.3.5.tgz#c74f357b048d20c95aa636fa79d33bcfa799e2d0"
  integrity sha512-GwaGjv/QLuL/QHQaqhf/maM7+MnRFQQs7Bsl6FlaeK6lm6U7mV5AAnVabw68cIoMl5FQFyKK62u7RWRzWL25OQ==
  dependencies:
    "@smithy/property-provider" "^4.2.4"
    "@smithy/smithy-client" "^4.9.2"
    "@smithy/types" "^4.8.1"
    tslib "^2.6.2"

"@smithy/util-defaults-mode-node@^4.2.8":
  version "4.2.8"
  resolved "https://registry.yarnpkg.com/@smithy/util-defaults-mode-node/-/util-defaults-mode-node-4.2.8.tgz#3a52ae1a064b85b019aa2ccbe9b61a91e6cc605f"
  integrity sha512-gIoTf9V/nFSIZ0TtgDNLd+Ws59AJvijmMDYrOozoMHPJaG9cMRdqNO50jZTlbM6ydzQYY8L/mQ4tKSw/TB+s6g==
  dependencies:
    "@smithy/config-resolver" "^4.4.2"
    "@smithy/credential-provider-imds" "^4.2.4"
    "@smithy/node-config-provider" "^4.3.4"
    "@smithy/property-provider" "^4.2.4"
    "@smithy/smithy-client" "^4.9.2"
    "@smithy/types" "^4.8.1"
    tslib "^2.6.2"

"@smithy/util-endpoints@^3.2.4":
  version "3.2.4"
  resolved "https://registry.yarnpkg.com/@smithy/util-endpoints/-/util-endpoints-3.2.4.tgz#d68a4692a55b14f2060de75715bd4664b93a4353"
  integrity sha512-f+nBDhgYRCmUEDKEQb6q0aCcOTXRDqH5wWaFHJxt4anB4pKHlgGoYP3xtioKXH64e37ANUkzWf6p4Mnv1M5/Vg==
  dependencies:
    "@smithy/node-config-provider" "^4.3.4"
    "@smithy/types" "^4.8.1"
    tslib "^2.6.2"

"@smithy/util-hex-encoding@^4.2.0":
  version "4.2.0"
  resolved "https://registry.yarnpkg.com/@smithy/util-hex-encoding/-/util-hex-encoding-4.2.0.tgz#1c22ea3d1e2c3a81ff81c0a4f9c056a175068a7b"
  integrity sha512-CCQBwJIvXMLKxVbO88IukazJD9a4kQ9ZN7/UMGBjBcJYvatpWk+9g870El4cB8/EJxfe+k+y0GmR9CAzkF+Nbw==
  dependencies:
    tslib "^2.6.2"

"@smithy/util-middleware@^4.2.4":
  version "4.2.4"
  resolved "https://registry.yarnpkg.com/@smithy/util-middleware/-/util-middleware-4.2.4.tgz#d66d6b67c4c90be7bf0659f57000122b1a6bbf82"
  integrity sha512-fKGQAPAn8sgV0plRikRVo6g6aR0KyKvgzNrPuM74RZKy/wWVzx3BMk+ZWEueyN3L5v5EDg+P582mKU+sH5OAsg==
  dependencies:
    "@smithy/types" "^4.8.1"
    tslib "^2.6.2"

"@smithy/util-retry@^4.2.4":
  version "4.2.4"
  resolved "https://registry.yarnpkg.com/@smithy/util-retry/-/util-retry-4.2.4.tgz#1f466d3bc5b5f114994ac2298e859815f3a8deec"
  integrity sha512-yQncJmj4dtv/isTXxRb4AamZHy4QFr4ew8GxS6XLWt7sCIxkPxPzINWd7WLISEFPsIan14zrKgvyAF+/yzfwoA==
  dependencies:
    "@smithy/service-error-classification" "^4.2.4"
    "@smithy/types" "^4.8.1"
    tslib "^2.6.2"

"@smithy/util-stream@^4.5.5":
  version "4.5.5"
  resolved "https://registry.yarnpkg.com/@smithy/util-stream/-/util-stream-4.5.5.tgz#a3fd73775c65dd23370d021b8818914a2c44f28e"
  integrity sha512-7M5aVFjT+HPilPOKbOmQfCIPchZe4DSBc1wf1+NvHvSoFTiFtauZzT+onZvCj70xhXd0AEmYnZYmdJIuwxOo4w==
  dependencies:
    "@smithy/fetch-http-handler" "^5.3.5"
    "@smithy/node-http-handler" "^4.4.4"
    "@smithy/types" "^4.8.1"
    "@smithy/util-base64" "^4.3.0"
    "@smithy/util-buffer-from" "^4.2.0"
    "@smithy/util-hex-encoding" "^4.2.0"
    "@smithy/util-utf8" "^4.2.0"
    tslib "^2.6.2"

"@smithy/util-uri-escape@^4.2.0":
  version "4.2.0"
  resolved "https://registry.yarnpkg.com/@smithy/util-uri-escape/-/util-uri-escape-4.2.0.tgz#096a4cec537d108ac24a68a9c60bee73fc7e3a9e"
  integrity sha512-igZpCKV9+E/Mzrpq6YacdTQ0qTiLm85gD6N/IrmyDvQFA4UnU3d5g3m8tMT/6zG/vVkWSU+VxeUyGonL62DuxA==
  dependencies:
    tslib "^2.6.2"

"@smithy/util-utf8@^2.0.0":
  version "2.3.0"
  resolved "https://registry.yarnpkg.com/@smithy/util-utf8/-/util-utf8-2.3.0.tgz#dd96d7640363259924a214313c3cf16e7dd329c5"
  integrity sha512-R8Rdn8Hy72KKcebgLiv8jQcQkXoLMOGGv5uI1/k0l+snqkOzQ1R0ChUBCxWMlBsFMekWjq0wRudIweFs7sKT5A==
  dependencies:
    "@smithy/util-buffer-from" "^2.2.0"
    tslib "^2.6.2"

"@smithy/util-utf8@^4.2.0":
  version "4.2.0"
  resolved "https://registry.yarnpkg.com/@smithy/util-utf8/-/util-utf8-4.2.0.tgz#8b19d1514f621c44a3a68151f3d43e51087fed9d"
  integrity sha512-zBPfuzoI8xyBtR2P6WQj63Rz8i3AmfAaJLuNG8dWsfvPe8lO4aCPYLn879mEgHndZH1zQ2oXmG8O1GGzzaoZiw==
  dependencies:
    "@smithy/util-buffer-from" "^4.2.0"
    tslib "^2.6.2"

"@smithy/util-waiter@^4.2.4":
  version "4.2.4"
  resolved "https://registry.yarnpkg.com/@smithy/util-waiter/-/util-waiter-4.2.4.tgz#a28b7835aacd82ae2d10da5af5bf21b3c21b34ac"
  integrity sha512-roKXtXIC6fopFvVOju8VYHtguc/jAcMlK8IlDOHsrQn0ayMkHynjm/D2DCMRf7MJFXzjHhlzg2edr3QPEakchQ==
  dependencies:
    "@smithy/abort-controller" "^4.2.4"
    "@smithy/types" "^4.8.1"
    tslib "^2.6.2"

"@smithy/uuid@^1.1.0":
  version "1.1.0"
  resolved "https://registry.yarnpkg.com/@smithy/uuid/-/uuid-1.1.0.tgz#9fd09d3f91375eab94f478858123387df1cda987"
  integrity sha512-4aUIteuyxtBUhVdiQqcDhKFitwfd9hqoSDYY2KRXiWtgoWJ9Bmise+KfEPDiVHWeJepvF8xJO9/9+WDIciMFFw==
  dependencies:
    tslib "^2.6.2"

"@types/aws-lambda@^8.10.155":
  version "8.10.157"
  resolved "https://registry.yarnpkg.com/@types/aws-lambda/-/aws-lambda-8.10.157.tgz#0ef9fbe5790f5593f938b7ef5170b0a0ff7b2738"
  integrity sha512-ofjcRCO1N7tMZDSO11u5bFHPDfUFD3Q9YK9g4S4w8UDKuG3CNlw2lNK1sd3Itdo7JORygZmG4h9ZykS8dlXvMA==

"@types/node@^20.14.8":
  version "20.19.24"
  resolved "https://registry.yarnpkg.com/@types/node/-/node-20.19.24.tgz#6bc35bc96cda1a251000b706c76380b5c843f30b"
  integrity sha512-FE5u0ezmi6y9OZEzlJfg37mqqf6ZDSF2V/NLjUyGrR9uTZ7Sb9F7bLNZ03S4XVUNRWGA7Ck4c1kK+YnuWjl+DA==
  dependencies:
    undici-types "~6.21.0"

bowser@^2.11.0:
  version "2.12.1"
  resolved "https://registry.yarnpkg.com/bowser/-/bowser-2.12.1.tgz#f9ad78d7aebc472feb63dd9635e3ce2337e0e2c1"
  integrity sha512-z4rE2Gxh7tvshQ4hluIT7XcFrgLIQaw9X3A+kTTRdovCz5PMukm/0QC/BKSYPj3omF5Qfypn9O/c5kgpmvYUCw==

fast-xml-parser@5.2.5:
  version "5.2.5"
  resolved "https://registry.yarnpkg.com/fast-xml-parser/-/fast-xml-parser-5.2.5.tgz#4809fdfb1310494e341098c25cb1341a01a9144a"
  integrity sha512-pfX9uG9Ki0yekDHx2SiuRIyFdyAr1kMIMitPvb0YBo8SUfKvia7w7FIyd/l6av85pFYRhZscS75MwMnbvY+hcQ==
  dependencies:
    strnum "^2.1.0"

strnum@^2.1.0:
  version "2.1.1"
  resolved "https://registry.yarnpkg.com/strnum/-/strnum-2.1.1.tgz#cf2a6e0cf903728b8b2c4b971b7e36b4e82d46ab"
  integrity sha512-7ZvoFTiCnGxBtDqJ//Cu6fWtZtc7Y3x+QOirG15wztbdngGSkht27o2pyGWrVy0b4WAy3jbKmnoK6g5VlVNUUw==

tslib@^2.6.2:
  version "2.8.1"
  resolved "https://registry.yarnpkg.com/tslib/-/tslib-2.8.1.tgz#612efe4ed235d567e8aba5f2a5fab70280ade83f"
  integrity sha512-oJFu94HQb+KVduSUQL7wnpmqnfmLsOA/nAh6b6EH0wCEoK0/mPeXU6c3wKDV83MkOuHPRHtSXKKU99IBazS/2w==

typescript@^5.9.3:
  version "5.9.3"
  resolved "https://registry.yarnpkg.com/typescript/-/typescript-5.9.3.tgz#5b4f59e15310ab17a216f5d6cf53ee476ede670f"
  integrity sha512-jl1vZzPDinLr9eUt3J/t7V6FgNEw9QjvBPdysz9KfQDD41fQrC2Y4vKQdiaUpFT4bXlb1RHhLpp8wtm6M5TgSw==

undici-types@~6.21.0:
  version "6.21.0"
  resolved "https://registry.yarnpkg.com/undici-types/-/undici-types-6.21.0.tgz#691d00af3909be93a7faa13be61b3a5b50ef12cb"
  integrity sha512-iwDZqg0QAGrg9Rav5H4n0M64c3mkR59cJ6wQp+7C4nI0gsmExaedaYLNO44eT4AtBBwjbTiGPMlt2Md0T9H9JQ==
