# THIS IS AN AUTOGENERATED FILE. DO NOT EDIT THIS FILE DIRECTLY.
# yarn lockfile v1


"@aws-sdk/client-ec2@^3.750.0":
  version "3.1149.0"
  resolved "https://registry.yarnpkg.com/@aws-sdk/client-ec2/-/client-ec2-3.1149.0.tgz#7dceea9110306525502fdc3ad82f82d017f972ff"
  integrity sha512-XhotfMZNeIVjT/D2lM0wzfrlXqM+4b6VwItom1eFLIbCZxicsuJ8mFl5fAa5IsZGfYp4pCqjR+HvHLYPEnRmdA==
  dependencies:
    "@aws-sdk/core" "^3.978.2"
    "@aws-sdk/credential-provider-node" "^3.972.85"
    "@aws-sdk/middleware-sdk-ec2" "^3.972.61"
    "@aws-sdk/types" "^3.974.6"
    "@smithy/core" "^3.35.2"
    "@smithy/fetch-http-handler" "^5.8.0"
    "@smithy/node-http-handler" "^4.12.1"
    "@smithy/types" "^4.19.0"
    tslib "^2.6.2"

"@aws-sdk/core@^3.978.2":
  version "3.978.2"
  resolved "https://registry.yarnpkg.com/@aws-sdk/core/-/core-3.978.2.tgz#c24a3ca82ddc1565ce09cd387f61ed4e966ccaee"
  integrity sha512-ViOBLuGSSyPAmkKGJ6KJXtVN7MOEp3rnI7uH+kWxnHccvo8C9cvunEAnN5/oaZH1laQfsTBw7IOnmNkWlFZl2A==
  dependencies:
    "@aws-sdk/types" "^3.974.6"
    "@aws-sdk/xml-builder" "^3.972.41"
    "@aws/lambda-invoke-store" "^0.3.0"
    "@smithy/core" "^3.35.2"
    "@smithy/signature-v4" "^5.7.4"
    "@smithy/types" "^4.19.0"
    bowser "^2.11.0"
    tslib "^2.6.2"

"@aws-sdk/credential-provider-env@^3.972.73":
  version "3.972.73"
  resolved "https://registry.yarnpkg.com/@aws-sdk/credential-provider-env/-/credential-provider-env-3.972.73.tgz#c8718e49942b717e56fa399c5072cbe576dd9854"
  integrity sha512-PxlFZiF5IPUsPnuVSqjM9jlmRwZhL0xx40ccWfZiLQS8TRnHQpegpK1uAidatWuEqbJtbbY97A2Sezikz2AMUw==
  dependencies:
    "@aws-sdk/core" "^3.978.2"
    "@aws-sdk/types" "^3.974.6"
    "@smithy/core" "^3.35.2"
    "@smithy/types" "^4.19.0"
    tslib "^2.6.2"

"@aws-sdk/credential-provider-http@^3.972.75":
  version "3.972.75"
  resolved "https://registry.yarnpkg.com/@aws-sdk/credential-provider-http/-/credential-provider-http-3.972.75.tgz#f160b54bd8e344d5932b01a6b755670b6680626c"
  integrity sha512-Q/uIDy8eAVN7JgSKDg16F/f+hmNJj/ZyLJN8AkW2ofVdDgJVh8fO/A26iZ7YsvM2/k76hsf/u2lLAtyXsK8Ziw==
  dependencies:
    "@aws-sdk/core" "^3.978.2"
    "@aws-sdk/types" "^3.974.6"
    "@smithy/core" "^3.35.2"
    "@smithy/fetch-http-handler" "^5.8.0"
    "@smithy/node-http-handler" "^4.12.1"
    "@smithy/types" "^4.19.0"
    tslib "^2.6.2"

"@aws-sdk/credential-provider-ini@^3.973.18":
  version "3.973.18"
  resolved "https://registry.yarnpkg.com/@aws-sdk/credential-provider-ini/-/credential-provider-ini-3.973.18.tgz#a934deee2e85ed97e968de5b56e1453458f55399"
  integrity sha512-KoyjZ9vdjuxEQ8obAH06xKP8H0WKqGhwUZLMqAOiS7G0xgUAht4X8f0ASLC/vhNLCWGblZOD3VQHWyTROGJHLg==
  dependencies:
    "@aws-sdk/core" "^3.978.2"
    "@aws-sdk/credential-provider-env" "^3.972.73"
    "@aws-sdk/credential-provider-http" "^3.972.75"
    "@aws-sdk/credential-provider-login" "^3.972.80"
    "@aws-sdk/credential-provider-process" "^3.972.73"
    "@aws-sdk/credential-provider-sso" "^3.973.17"
    "@aws-sdk/credential-provider-web-identity" "^3.972.79"
    "@aws-sdk/nested-clients" "^3.997.47"
    "@aws-sdk/types" "^3.974.6"
    "@smithy/core" "^3.35.2"
    "@smithy/credential-provider-imds" "^4.5.2"
    "@smithy/types" "^4.19.0"
    tslib "^2.6.2"

"@aws-sdk/credential-provider-login@^3.972.80":
  version "3.972.80"
  resolved "https://registry.yarnpkg.com/@aws-sdk/credential-provider-login/-/credential-provider-login-3.972.80.tgz#8d55b44a65ac8c3e64c3ccf72dc850b296d88ad8"
  integrity sha512-xF9A0gaO7k+1dYPFoo69OQatA9Ov0QuDZfqE8H0FLyIoOph+mlEC+I1Qo9UULupGuDfSYh+kVpfcDSxSYf/2fg==
  dependencies:
    "@aws-sdk/core" "^3.978.2"
    "@aws-sdk/nested-clients" "^3.997.47"
    "@aws-sdk/types" "^3.974.6"
    "@smithy/core" "^3.35.2"
    "@smithy/types" "^4.19.0"
    tslib "^2.6.2"

"@aws-sdk/credential-provider-node@^3.972.85":
  version "3.972.85"
  resolved "https://registry.yarnpkg.com/@aws-sdk/credential-provider-node/-/credential-provider-node-3.972.85.tgz#597e518e2714a885b09a90e610b4b803a3ab4230"
  integrity sha512-CrFcML/xImiSlquH4W3V6Npz3aSkPXHDVciAU1JOBN0vqjmkcz9H9up2sCHQqN76J/WrT+TJ580L8h2joksQrg==
  dependencies:
    "@aws-sdk/credential-provider-env" "^3.972.73"
    "@aws-sdk/credential-provider-http" "^3.972.75"
    "@aws-sdk/credential-provider-ini" "^3.973.18"
    "@aws-sdk/credential-provider-process" "^3.972.73"
    "@aws-sdk/credential-provider-sso" "^3.973.17"
    "@aws-sdk/credential-provider-web-identity" "^3.972.79"
    "@aws-sdk/types" "^3.974.6"
    "@smithy/core" "^3.35.2"
    "@smithy/credential-provider-imds" "^4.5.2"
    "@smithy/types" "^4.19.0"
    tslib "^2.6.2"

"@aws-sdk/credential-provider-process@^3.972.73":
  version "3.972.73"
  resolved "https://registry.yarnpkg.com/@aws-sdk/credential-provider-process/-/credential-provider-process-3.972.73.tgz#8da8f98e4271548e907a9fd37e219fb4bb01050f"
  integrity sha512-tyNnT4aVuOEXmKKKZPExBi828vRd9heshobBsKF0bov5EORHSJc1AGsHOMRP57sDt+dIuVASUOywaixiX26t4g==
  dependencies:
    "@aws-sdk/core" "^3.978.2"
    "@aws-sdk/types" "^3.974.6"
    "@smithy/core" "^3.35.2"
    "@smithy/types" "^4.19.0"
    tslib "^2.6.2"

"@aws-sdk/credential-provider-sso@^3.973.17":
  version "3.973.17"
  resolved "https://registry.yarnpkg.com/@aws-sdk/credential-provider-sso/-/credential-provider-sso-3.973.17.tgz#77ef5643e0fb14eb5ee036e5e374897d0d8472a1"
  integrity sha512-gxKTWaUk2gSbBOH4m3NPRfEKcGXeDAOgHr7nNG5JktR1xZLo0R+DpMjbcleoHbB0uJREOG7hjIRE635IuBWsRQ==
  dependencies:
    "@aws-sdk/core" "^3.978.2"
    "@aws-sdk/nested-clients" "^3.997.47"
    "@aws-sdk/token-providers" "3.1149.0"
    "@aws-sdk/types" "^3.974.6"
    "@smithy/core" "^3.35.2"
    "@smithy/types" "^4.19.0"
    tslib "^2.6.2"

"@aws-sdk/credential-provider-web-identity@^3.972.79":
  version "3.972.79"
  resolved "https://registry.yarnpkg.com/@aws-sdk/credential-provider-web-identity/-/credential-provider-web-identity-3.972.79.tgz#0b59115ea211ce8840070434b63ae6c11fff2df3"
  integrity sha512-/jn0Gs/qm6fs6nTIA5yncHayybz42SATZ3rNxCEBYPJ9v69PLrDRgk07E9xTT2gpRcNmDXXbi27ZbuU06N0Z6Q==
  dependencies:
    "@aws-sdk/core" "^3.978.2"
    "@aws-sdk/nested-clients" "^3.997.47"
    "@aws-sdk/types" "^3.974.6"
    "@smithy/core" "^3.35.2"
    "@smithy/types" "^4.19.0"
    tslib "^2.6.2"

"@aws-sdk/middleware-sdk-ec2@^3.972.61":
  version "3.972.61"
  resolved "https://registry.yarnpkg.com/@aws-sdk/middleware-sdk-ec2/-/middleware-sdk-ec2-3.972.61.tgz#e333630e6432f422527017f3593420197be12191"
  integrity sha512-WLdhPV7vErdLFRhce+Ssz5Fd+cobT1bd99zCTeEVyfaZrsI2KzcaJA3mXnZBrubMrebKmuYhzqdjl93tJpTeiQ==
  dependencies:
    "@aws-sdk/core" "^3.978.2"
    "@aws-sdk/types" "^3.974.6"
    "@smithy/core" "^3.35.2"
    "@smithy/signature-v4" "^5.7.4"
    "@smithy/types" "^4.19.0"
    tslib "^2.6.2"

"@aws-sdk/nested-clients@^3.997.47":
  version "3.997.47"
  resolved "https://registry.yarnpkg.com/@aws-sdk/nested-clients/-/nested-clients-3.997.47.tgz#b44c86ef913480d12134130616216861fb2192ca"
  integrity sha512-bovCKvDsLocNTzaj6VrrMVJ2BGROqO0JlwcGseO67a+I9Bo+08nUJhSQfZUIx4+A4a7I4101GEJd/AYm7dQ68w==
  dependencies:
    "@aws-sdk/core" "^3.978.2"
    "@aws-sdk/signature-v4-multi-region" "^3.996.48"
    "@aws-sdk/types" "^3.974.6"
    "@smithy/core" "^3.35.2"
    "@smithy/fetch-http-handler" "^5.8.0"
    "@smithy/node-http-handler" "^4.12.1"
    "@smithy/types" "^4.19.0"
    tslib "^2.6.2"

"@aws-sdk/signature-v4-multi-region@^3.996.48":
  version "3.996.48"
  resolved "https://registry.yarnpkg.com/@aws-sdk/signature-v4-multi-region/-/signature-v4-multi-region-3.996.48.tgz#9fcce1b50a63c27e9131a900ad38c1bdd940f097"
  integrity sha512-cFDXfEbXaGwbnpvR/DyqfxfjxpjXVRVthQLgkwvcfDS5u3+8G9WSj1X1Ag/pTRg/QOeOno1Tq3ycEdrKsCUcOA==
  dependencies:
    "@aws-sdk/types" "^3.974.6"
    "@smithy/signature-v4" "^5.7.4"
    "@smithy/types" "^4.19.0"
    tslib "^2.6.2"

"@aws-sdk/token-providers@3.1149.0":
  version "3.1149.0"
  resolved "https://registry.yarnpkg.com/@aws-sdk/token-providers/-/token-providers-3.1149.0.tgz#6bc1245c018ef6e30aa310fa4ad24fc3bd02de9e"
  integrity sha512-CAwYyA8eVk1w6h8YgLvkjIOakWPwURaUFrP7BRVgkxTFUM+O87thyKsGKJ6rVPbP8eoEV10cBWQ5YfaYl3qSVQ==
  dependencies:
    "@aws-sdk/core" "^3.978.2"
    "@aws-sdk/nested-clients" "^3.997.47"
    "@aws-sdk/types" "^3.974.6"
    "@smithy/core" "^3.35.2"
    "@smithy/types" "^4.19.0"
    tslib "^2.6.2"

"@aws-sdk/types@^3.974.6":
  version "3.974.6"
  resolved "https://registry.yarnpkg.com/@aws-sdk/types/-/types-3.974.6.tgz#e388d89a012ce70e60fef26174562f99285b1e95"
  integrity sha512-v/clNZzZnDxGyvpHMOGpJKVXFAExJzUNAAjaWGdcx8QAcXLGwTaOkw33p5SHAi0YAioK32xB3hWwOekRVfmfKg==
  dependencies:
    "@smithy/types" "^4.19.0"
    tslib "^2.6.2"

"@aws-sdk/xml-builder@^3.972.41":
  version "3.972.41"
  resolved "https://registry.yarnpkg.com/@aws-sdk/xml-builder/-/xml-builder-3.972.41.tgz#d3154d8893c3a85f58ce629b70a17ce70e0a1137"
  integrity sha512-ctjVSyCMegrWfXlx6VqzSBFI6UqmQ5ZlnfMhdLIiWmhoH8UAQxSCP5N3OpG7X3k4LnS7ou74C4mt20+bfTW2aQ==
  dependencies:
    "@smithy/types" "^4.19.0"
    tslib "^2.6.2"

"@aws/lambda-invoke-store@^0.3.0":
  version "0.3.0"
  resolved "https://registry.yarnpkg.com/@aws/lambda-invoke-store/-/lambda-invoke-store-0.3.0.tgz#708802d987f8e17bdf4af4de1031660ce1cdd65f"
  integrity sha512-sl4Bm6yiMNYrZKkqqDFWN0UfnWhlS8ivKxrYl+6t0gCLrqr8y3B2IqZZbFRkfaVVp7C/baApyh71P+LeE1A2sQ==

"@smithy/core@^3.33.2", "@smithy/core@^3.33.3", "@smithy/core@^3.35.0", "@smithy/core@^3.35.2":
  version "3.35.2"
  resolved "https://registry.yarnpkg.com/@smithy/core/-/core-3.35.2.tgz#6c45b08ba0cb68f610d764d0b0bafb258268670e"
  integrity sha512-ejTukBuP/Pg3t9N8Ux+0zKsXeHWm7p6W3HbXFOyltKasSxZwCFmvTut7kBdZSCF3m9y1bXXyVu6p2xuMFcsTyQ==
  dependencies:
    "@smithy/types" "^4.19.0"
    tslib "^2.6.2"

"@smithy/credential-provider-imds@^4.5.2":
  version "4.5.2"
  resolved "https://registry.yarnpkg.com/@smithy/credential-provider-imds/-/credential-provider-imds-4.5.2.tgz#da3ea9636b5566b36b0761382d841a6d8fdde14f"
  integrity sha512-A9uSdn72ozbRUSit0eib0TW7nXuNPlaeM0zcGkJ+nE6tFcSDbnmtwoxbTCFBukVQcszDAyvsd7+rTduPTXpygg==
  dependencies:
    "@smithy/core" "^3.33.2"
    "@smithy/types" "^4.17.2"
    tslib "^2.6.2"

"@smithy/fetch-http-handler@^5.8.0":
  version "5.8.0"
  resolved "https://registry.yarnpkg.com/@smithy/fetch-http-handler/-/fetch-http-handler-5.8.0.tgz#349464e31682d739a74efa42362756be49eb2883"
  integrity sha512-ycSJu3tFAQ4v04CBB0agqFMVsSQ1iG3yw+SpgxRqKfaURpQD4CZ8Wn0zPMmSnOuTpTh65Vz+EA0rMrw089wvkA==
  dependencies:
    "@smithy/core" "^3.33.3"
    "@smithy/types" "^4.18.0"
    tslib "^2.6.2"

"@smithy/node-http-handler@^4.12.1":
  version "4.12.1"
  resolved "https://registry.yarnpkg.com/@smithy/node-http-handler/-/node-http-handler-4.12.1.tgz#e4da9379d228517ba85845081e4e6758ca315c5d"
  integrity sha512-ThMkboGeONWXAelq9FvGsuJC4rOi+qyC4/zhUF58xYpxUg5sQKx2VXZYJmtNjr4dSuBJ1HeJXETQILCz3wOHvw==
  dependencies:
    "@smithy/core" "^3.33.3"
    "@smithy/types" "^4.18.0"
    tslib "^2.6.2"

"@smithy/signature-v4@^5.7.4":
  version "5.7.4"
  resolved "https://registry.yarnpkg.com/@smithy/signature-v4/-/signature-v4-5.7.4.tgz#f188be5238ddb5c5b3117f6fb75d36a38f8b033f"
  integrity sha512-tHy0K0VtqNd5Y7Y41h0a0Lhh0L1GzC08dTWg0F7vRJWFtTENg7IZikf3wQkanYIRdb7ngoIPMTmqgUi401fEeQ==
  dependencies:
    "@smithy/core" "^3.35.0"
    "@smithy/types" "^4.19.0"
    tslib "^2.6.2"

"@smithy/types@^4.17.2", "@smithy/types@^4.18.0", "@smithy/types@^4.19.0":
  version "4.19.0"
  resolved "https://registry.yarnpkg.com/@smithy/types/-/types-4.19.0.tgz#a0dd9c9d7b2a070fc7c3d69efedea8404b3646be"
  integrity sha512-r7jh49VJxGerfAcTQA6gXcKc+98zOp/tqRwzYjgOE+iSQsP6cEU1hq2QzbuipmP68QtYdY9wKEhiCQZIzHgZ4Q==
  dependencies:
    tslib "^2.6.2"

"@types/aws-lambda@^8.10.155":
  version "8.10.163"
  resolved "https://registry.yarnpkg.com/@types/aws-lambda/-/aws-lambda-8.10.163.tgz#4639d5b950a56c37afe62f5525921f69017dcd82"
  integrity sha512-+4zuoEB3S8RIhimtOFT7zAEk2SbpwrKjjGl9CyYnQR6k08uynxfauIIB0pDU1ssr05F8oyGiETwpn+8eXZMqPw==

"@types/node@^20.19.41":
  version "20.19.43"
  resolved "https://registry.yarnpkg.com/@types/node/-/node-20.19.43.tgz#fcecf580ba42a0db55cf404c372c97973c376c97"
  integrity sha512-6oYBAi5ikg4Pl+kGsoYtawUMBT2zZMCvPNF7pVLnHZfd1zf38DRiWn/gT01RYCdUqkv7Fhr+C9ot4/tb+2sVvA==
  dependencies:
    undici-types "~6.21.0"

bowser@^2.11.0:
  version "2.14.1"
  resolved "https://registry.yarnpkg.com/bowser/-/bowser-2.14.1.tgz#4ea39bf31e305184522d7ad7bfd91389e4f0cb79"
  integrity sha512-tzPjzCxygAKWFOJP011oxFHs57HzIhOEracIgAePE4pqB3LikALKnSzUyU4MGs9/iCEUuHlAJTjTc5M+u7YEGg==

tslib@^2.6.2:
  version "2.8.1"
  resolved "https://registry.yarnpkg.com/tslib/-/tslib-2.8.1.tgz#612efe4ed235d567e8aba5f2a5fab70280ade83f"
  integrity sha512-oJFu94HQb+KVduSUQL7wnpmqnfmLsOA/nAh6b6EH0wCEoK0/mPeXU6c3wKDV83MkOuHPRHtSXKKU99IBazS/2w==

typescript@^5.9.3:
  version "5.9.3"
  resolved "https://registry.yarnpkg.com/typescript/-/typescript-5.9.3.tgz#5b4f59e15310ab17a216f5d6cf53ee476ede670f"
  integrity sha512-jl1vZzPDinLr9eUt3J/t7V6FgNEw9QjvBPdysz9KfQDD41fQrC2Y4vKQdiaUpFT4bXlb1RHhLpp8wtm6M5TgSw==

undici-types@~6.21.0:
  version "6.21.0"
  resolved "https://registry.yarnpkg.com/undici-types/-/undici-types-6.21.0.tgz#691d00af3909be93a7faa13be61b3a5b50ef12cb"
  integrity sha512-iwDZqg0QAGrg9Rav5H4n0M64c3mkR59cJ6wQp+7C4nI0gsmExaedaYLNO44eT4AtBBwjbTiGPMlt2Md0T9H9JQ==
