# THIS IS AN AUTOGENERATED FILE. DO NOT EDIT THIS FILE DIRECTLY.
# yarn lockfile v1


"@aws-crypto/ie11-detection@^1.0.0":
  version "1.0.0"
  resolved "https://registry.yarnpkg.com/@aws-crypto/ie11-detection/-/ie11-detection-1.0.0.tgz#d3a6af29ba7f15458f79c41d1cd8cac3925e726a"
  integrity sha512-kCKVhCF1oDxFYgQrxXmIrS5oaWulkvRcPz+QBDMsUr2crbF4VGgGT6+uQhSwJFdUAQ2A//Vq+uT83eJrkzFgXA==
  dependencies:
    tslib "^1.11.1"

"@aws-crypto/sha256-browser@^1.0.0":
  version "1.1.0"
  resolved "https://registry.yarnpkg.com/@aws-crypto/sha256-browser/-/sha256-browser-1.1.0.tgz#20092cc6c08d8f04db0ed57b6f05cff150384f77"
  integrity sha512-VIpuLRDonMAHgomrsm/zKbeXTnxpr4aHDQmS4pF+NcpvBp64l675yjGA9hyUYs/QJwBjUl8WqMjh9tIRgi85Sg==
  dependencies:
    "@aws-crypto/ie11-detection" "^1.0.0"
    "@aws-crypto/sha256-js" "^1.1.0"
    "@aws-crypto/supports-web-crypto" "^1.0.0"
    "@aws-sdk/types" "^3.1.0"
    "@aws-sdk/util-locate-window" "^3.0.0"
    "@aws-sdk/util-utf8-browser" "^3.0.0"
    tslib "^1.11.1"

"@aws-crypto/sha256-js@^1.0.0", "@aws-crypto/sha256-js@^1.1.0":
  version "1.1.0"
  resolved "https://registry.yarnpkg.com/@aws-crypto/sha256-js/-/sha256-js-1.1.0.tgz#a58386ad18186e392e0f1d98d18831261d27b071"
  integrity sha512-VIhuqbPgXDVr8sZe2yhgQcDRRmzf4CI8fmC1A3bHiRfE6wlz1d8KpeemqbuoEHotz/Dch9yOxlshyQDNjNFeHA==
  dependencies:
    "@aws-sdk/types" "^3.1.0"
    "@aws-sdk/util-utf8-browser" "^3.0.0"
    tslib "^1.11.1"

"@aws-crypto/supports-web-crypto@^1.0.0":
  version "1.0.0"
  resolved "https://registry.yarnpkg.com/@aws-crypto/supports-web-crypto/-/supports-web-crypto-1.0.0.tgz#c40901bc17ac1e875e248df16a2b47ad8bfd9a93"
  integrity sha512-IHLfv+WmVH89EW4n6a5eE8/hUlz6qkWGMn/v4r5ZgzcXdTC5nolii2z3k46y01hWRiC2PPhOdeSLzMUCUMco7g==
  dependencies:
    tslib "^1.11.1"

"@aws-sdk/abort-controller@3.13.1":
  version "3.13.1"
  resolved "https://registry.yarnpkg.com/@aws-sdk/abort-controller/-/abort-controller-3.13.1.tgz#5b6eaefa72dbafebf026367b0266737b458aacbe"
  integrity sha512-iK32oE9hZw3aC6Jgbr8kHGxo1Mq7ayY1dxLB2R59W0YUMB/EEQ2Z0tJaxOsLNfeNBGMvxzQXHxnjP8wUbOGCkA==
  dependencies:
    "@aws-sdk/types" "3.13.1"
    tslib "^2.0.0"

"@aws-sdk/client-rds-data@^3.14.0":
  version "3.14.0"
  resolved "https://registry.yarnpkg.com/@aws-sdk/client-rds-data/-/client-rds-data-3.14.0.tgz#4abbc843c62181a31fc3474541d0e9ee3b6768e3"
  integrity sha512-ElL+F/2xUmfdSCcPqQDM8jtPc0rvq3Jomf0wGeEUHqeC5lCOXKFXEHkopEVQZbHC8IcGgAnaEhUMRneoOlwg0g==
  dependencies:
    "@aws-crypto/sha256-browser" "^1.0.0"
    "@aws-crypto/sha256-js" "^1.0.0"
    "@aws-sdk/client-sts" "3.14.0"
    "@aws-sdk/config-resolver" "3.14.0"
    "@aws-sdk/credential-provider-node" "3.14.0"
    "@aws-sdk/fetch-http-handler" "3.13.1"
    "@aws-sdk/hash-node" "3.13.1"
    "@aws-sdk/invalid-dependency" "3.13.1"
    "@aws-sdk/middleware-content-length" "3.13.1"
    "@aws-sdk/middleware-host-header" "3.13.1"
    "@aws-sdk/middleware-logger" "3.13.1"
    "@aws-sdk/middleware-retry" "3.13.1"
    "@aws-sdk/middleware-serde" "3.13.1"
    "@aws-sdk/middleware-signing" "3.13.1"
    "@aws-sdk/middleware-stack" "3.13.1"
    "@aws-sdk/middleware-user-agent" "3.14.0"
    "@aws-sdk/node-config-provider" "3.13.1"
    "@aws-sdk/node-http-handler" "3.13.1"
    "@aws-sdk/protocol-http" "3.13.1"
    "@aws-sdk/smithy-client" "3.13.1"
    "@aws-sdk/types" "3.13.1"
    "@aws-sdk/url-parser" "3.13.1"
    "@aws-sdk/util-base64-browser" "3.13.1"
    "@aws-sdk/util-base64-node" "3.13.1"
    "@aws-sdk/util-body-length-browser" "3.13.1"
    "@aws-sdk/util-body-length-node" "3.13.1"
    "@aws-sdk/util-user-agent-browser" "3.13.1"
    "@aws-sdk/util-user-agent-node" "3.13.1"
    "@aws-sdk/util-utf8-browser" "3.13.1"
    "@aws-sdk/util-utf8-node" "3.13.1"
    tslib "^2.0.0"

"@aws-sdk/client-sso@3.14.0":
  version "3.14.0"
  resolved "https://registry.yarnpkg.com/@aws-sdk/client-sso/-/client-sso-3.14.0.tgz#da57cf40a501272238ea58e1560a6f3f9fb81c25"
  integrity sha512-uPg6AvCA5Xp2fzepmG5MDuBqcpeZZGhWmCWIqM+JwmcxU0bw/imHWuHLD4mVFw3yFL7NVfXu89wUyUTa383RZw==
  dependencies:
    "@aws-crypto/sha256-browser" "^1.0.0"
    "@aws-crypto/sha256-js" "^1.0.0"
    "@aws-sdk/config-resolver" "3.14.0"
    "@aws-sdk/fetch-http-handler" "3.13.1"
    "@aws-sdk/hash-node" "3.13.1"
    "@aws-sdk/invalid-dependency" "3.13.1"
    "@aws-sdk/middleware-content-length" "3.13.1"
    "@aws-sdk/middleware-host-header" "3.13.1"
    "@aws-sdk/middleware-logger" "3.13.1"
    "@aws-sdk/middleware-retry" "3.13.1"
    "@aws-sdk/middleware-serde" "3.13.1"
    "@aws-sdk/middleware-stack" "3.13.1"
    "@aws-sdk/middleware-user-agent" "3.14.0"
    "@aws-sdk/node-config-provider" "3.13.1"
    "@aws-sdk/node-http-handler" "3.13.1"
    "@aws-sdk/protocol-http" "3.13.1"
    "@aws-sdk/smithy-client" "3.13.1"
    "@aws-sdk/types" "3.13.1"
    "@aws-sdk/url-parser" "3.13.1"
    "@aws-sdk/util-base64-browser" "3.13.1"
    "@aws-sdk/util-base64-node" "3.13.1"
    "@aws-sdk/util-body-length-browser" "3.13.1"
    "@aws-sdk/util-body-length-node" "3.13.1"
    "@aws-sdk/util-user-agent-browser" "3.13.1"
    "@aws-sdk/util-user-agent-node" "3.13.1"
    "@aws-sdk/util-utf8-browser" "3.13.1"
    "@aws-sdk/util-utf8-node" "3.13.1"
    tslib "^2.0.0"

"@aws-sdk/client-sts@3.14.0":
  version "3.14.0"
  resolved "https://registry.yarnpkg.com/@aws-sdk/client-sts/-/client-sts-3.14.0.tgz#ef27a4ae4ae799c9fe9ed08ea3207880415663e3"
  integrity sha512-R6z/o8zSe1kYPC/aC3VxYjat3UF1f4BwAShF9JFwi5YUpgD42WzOLuoQ5tjGdvj8cYsq4m9pIOGOPSrEGZZs0Q==
  dependencies:
    "@aws-crypto/sha256-browser" "^1.0.0"
    "@aws-crypto/sha256-js" "^1.0.0"
    "@aws-sdk/config-resolver" "3.14.0"
    "@aws-sdk/credential-provider-node" "3.14.0"
    "@aws-sdk/fetch-http-handler" "3.13.1"
    "@aws-sdk/hash-node" "3.13.1"
    "@aws-sdk/invalid-dependency" "3.13.1"
    "@aws-sdk/middleware-content-length" "3.13.1"
    "@aws-sdk/middleware-host-header" "3.13.1"
    "@aws-sdk/middleware-logger" "3.13.1"
    "@aws-sdk/middleware-retry" "3.13.1"
    "@aws-sdk/middleware-sdk-sts" "3.13.1"
    "@aws-sdk/middleware-serde" "3.13.1"
    "@aws-sdk/middleware-signing" "3.13.1"
    "@aws-sdk/middleware-stack" "3.13.1"
    "@aws-sdk/middleware-user-agent" "3.14.0"
    "@aws-sdk/node-config-provider" "3.13.1"
    "@aws-sdk/node-http-handler" "3.13.1"
    "@aws-sdk/protocol-http" "3.13.1"
    "@aws-sdk/smithy-client" "3.13.1"
    "@aws-sdk/types" "3.13.1"
    "@aws-sdk/url-parser" "3.13.1"
    "@aws-sdk/util-base64-browser" "3.13.1"
    "@aws-sdk/util-base64-node" "3.13.1"
    "@aws-sdk/util-body-length-browser" "3.13.1"
    "@aws-sdk/util-body-length-node" "3.13.1"
    "@aws-sdk/util-user-agent-browser" "3.13.1"
    "@aws-sdk/util-user-agent-node" "3.13.1"
    "@aws-sdk/util-utf8-browser" "3.13.1"
    "@aws-sdk/util-utf8-node" "3.13.1"
    fast-xml-parser "3.19.0"
    tslib "^2.0.0"

"@aws-sdk/config-resolver@3.14.0":
  version "3.14.0"
  resolved "https://registry.yarnpkg.com/@aws-sdk/config-resolver/-/config-resolver-3.14.0.tgz#2f8c71595e01d1f7d1b479f1f09ac8e581afd68c"
  integrity sha512-ZuwxcQro817xq6qE9HJaWRm+cJGCXHU2ZVrSNEmU+E79gJVw2Bo+99Pk9iug4w2+lObpgqfxaCvvsobbDoMo6A==
  dependencies:
    "@aws-sdk/signature-v4" "3.13.1"
    "@aws-sdk/types" "3.13.1"
    tslib "^2.0.0"

"@aws-sdk/credential-provider-env@3.13.1":
  version "3.13.1"
  resolved "https://registry.yarnpkg.com/@aws-sdk/credential-provider-env/-/credential-provider-env-3.13.1.tgz#255e7824c080b5522e6230cf5626a6aa4bf04f16"
  integrity sha512-tPGjnwkif/ndC1kQ5fv2F2486kUHBoACKKNN1O6CslReDtfFd+Z8kFOkrFtpFufOTRcjc5e4bmaEOG69EGwUUA==
  dependencies:
    "@aws-sdk/property-provider" "3.13.1"
    "@aws-sdk/types" "3.13.1"
    tslib "^2.0.0"

"@aws-sdk/credential-provider-imds@3.13.1":
  version "3.13.1"
  resolved "https://registry.yarnpkg.com/@aws-sdk/credential-provider-imds/-/credential-provider-imds-3.13.1.tgz#d16a85ee1052e1419841162db818115938ef5b02"
  integrity sha512-TH2mhvw7V1N3DkqTHmtTwGEWx+y9iP4hST3qzrTYAP72SV6z1ElEZxVvKwOsH97ak1NRgG0DNxgVRIODolQ6Ug==
  dependencies:
    "@aws-sdk/property-provider" "3.13.1"
    "@aws-sdk/types" "3.13.1"
    tslib "^2.0.0"

"@aws-sdk/credential-provider-ini@3.13.1":
  version "3.13.1"
  resolved "https://registry.yarnpkg.com/@aws-sdk/credential-provider-ini/-/credential-provider-ini-3.13.1.tgz#ffbd2ff4424c451e58cb7f3e88d5088ab83e6ad5"
  integrity sha512-+j/9wjDj4Kqf/2Am/qeJbKLYRTcQM1QjULGmQ7uJcvKIg4Orr7XJr8aBhbJgSw2ee7x5WYbun7oBJkNiL1uSCQ==
  dependencies:
    "@aws-sdk/credential-provider-env" "3.13.1"
    "@aws-sdk/credential-provider-imds" "3.13.1"
    "@aws-sdk/credential-provider-web-identity" "3.13.1"
    "@aws-sdk/property-provider" "3.13.1"
    "@aws-sdk/shared-ini-file-loader" "3.13.1"
    "@aws-sdk/types" "3.13.1"
    tslib "^2.0.0"

"@aws-sdk/credential-provider-node@3.14.0":
  version "3.14.0"
  resolved "https://registry.yarnpkg.com/@aws-sdk/credential-provider-node/-/credential-provider-node-3.14.0.tgz#e64755067f7f20075667ddcc0edfcfa4c63ddd91"
  integrity sha512-fJUaF5x4YTUmFjzMU/bap8dU+124lUuwz1ugl64VK6qLW78/mGJwZmsmAEc/TbQIm5brv0X7VTgr6z5xUa5YEQ==
  dependencies:
    "@aws-sdk/credential-provider-env" "3.13.1"
    "@aws-sdk/credential-provider-imds" "3.13.1"
    "@aws-sdk/credential-provider-ini" "3.13.1"
    "@aws-sdk/credential-provider-process" "3.13.1"
    "@aws-sdk/credential-provider-sso" "3.14.0"
    "@aws-sdk/property-provider" "3.13.1"
    "@aws-sdk/shared-ini-file-loader" "3.13.1"
    "@aws-sdk/types" "3.13.1"
    tslib "^2.0.0"

"@aws-sdk/credential-provider-process@3.13.1":
  version "3.13.1"
  resolved "https://registry.yarnpkg.com/@aws-sdk/credential-provider-process/-/credential-provider-process-3.13.1.tgz#0594c1d4ef525dbe7c477daa30c59c057943208b"
  integrity sha512-lvO6hO7at5NHqiCpPDsjvIk8Oj/VK+kgVnFaEufSEw0IL/4avX5llIj2tj3JkqIa6guT7elR6yk70VCwI28ekA==
  dependencies:
    "@aws-sdk/credential-provider-ini" "3.13.1"
    "@aws-sdk/property-provider" "3.13.1"
    "@aws-sdk/shared-ini-file-loader" "3.13.1"
    "@aws-sdk/types" "3.13.1"
    tslib "^2.0.0"

"@aws-sdk/credential-provider-sso@3.14.0":
  version "3.14.0"
  resolved "https://registry.yarnpkg.com/@aws-sdk/credential-provider-sso/-/credential-provider-sso-3.14.0.tgz#7f3c13b12ae2ee329dd85ebb5084e2c7fa8cd5e4"
  integrity sha512-PCODdi10TrUUmRgziChUfcCXFvLw1NYdk+sF+JhXwQphlDjK1IKuIYadOqgUEBgNS/y0mX91Gj062CIPzpQ33Q==
  dependencies:
    "@aws-sdk/client-sso" "3.14.0"
    "@aws-sdk/credential-provider-ini" "3.13.1"
    "@aws-sdk/property-provider" "3.13.1"
    "@aws-sdk/shared-ini-file-loader" "3.13.1"
    "@aws-sdk/types" "3.13.1"
    tslib "^2.0.0"

"@aws-sdk/credential-provider-web-identity@3.13.1":
  version "3.13.1"
  resolved "https://registry.yarnpkg.com/@aws-sdk/credential-provider-web-identity/-/credential-provider-web-identity-3.13.1.tgz#7bb3edb13fb071f47f6f8ec9eac7adaec011323c"
  integrity sha512-6sJcigee7PUBl4AIva6QfkudpvJ3sZ0MIf5dGCFeElx3j1F5mX15lRt9ZuF31LQ/B5Jc3xBD6rILMH/nQ7Es7A==
  dependencies:
    "@aws-sdk/property-provider" "3.13.1"
    "@aws-sdk/types" "3.13.1"
    tslib "^2.0.0"

"@aws-sdk/fetch-http-handler@3.13.1":
  version "3.13.1"
  resolved "https://registry.yarnpkg.com/@aws-sdk/fetch-http-handler/-/fetch-http-handler-3.13.1.tgz#51add87f1fa0f4ea5ba6c88426ee1a54965533f4"
  integrity sha512-tG6Vti5gE/IjlpP572m/He55f/F8z/PlwN15cgNiQJrwpilpOW3isApSag+zAsKyek/cNsmCFCb0hJq0F9TumQ==
  dependencies:
    "@aws-sdk/protocol-http" "3.13.1"
    "@aws-sdk/querystring-builder" "3.13.1"
    "@aws-sdk/types" "3.13.1"
    "@aws-sdk/util-base64-browser" "3.13.1"
    tslib "^2.0.0"

"@aws-sdk/hash-node@3.13.1":
  version "3.13.1"
  resolved "https://registry.yarnpkg.com/@aws-sdk/hash-node/-/hash-node-3.13.1.tgz#79bc857380dd702a441bdedf3255552344c31d2c"
  integrity sha512-jOxl5z8aIHQ3W5p+lcnJSkcn+qG96PH196P7KBszGlUEAgUUPc+DNoodlP+DK5T4o6tFQU31S+qRIYU/73+pLg==
  dependencies:
    "@aws-sdk/types" "3.13.1"
    "@aws-sdk/util-buffer-from" "3.13.1"
    tslib "^2.0.0"

"@aws-sdk/invalid-dependency@3.13.1":
  version "3.13.1"
  resolved "https://registry.yarnpkg.com/@aws-sdk/invalid-dependency/-/invalid-dependency-3.13.1.tgz#2af7427695e9440087294c8651cfeef5e4067ee5"
  integrity sha512-Cfjcxe09h8jfunNUh5+uygVCOiYo8E1EnuOsqs5+LYUViMnST04/GjIk9499XHBKbh3akwPyBSFxZrOmHUh61Q==
  dependencies:
    "@aws-sdk/types" "3.13.1"
    tslib "^2.0.0"

"@aws-sdk/is-array-buffer@3.13.1":
  version "3.13.1"
  resolved "https://registry.yarnpkg.com/@aws-sdk/is-array-buffer/-/is-array-buffer-3.13.1.tgz#bde5c5435b3fbd1e8ad26ef6bb3eabcd11799a9e"
  integrity sha512-W1pzDpk5iAaJAZnCHHBwFSU7HW6IbQn71DKe3nnbmTbY56QdKdSZ23r+6uWxtz1xetbEd5JdzWs+AD+Ji1pC7Q==
  dependencies:
    tslib "^2.0.0"

"@aws-sdk/middleware-content-length@3.13.1":
  version "3.13.1"
  resolved "https://registry.yarnpkg.com/@aws-sdk/middleware-content-length/-/middleware-content-length-3.13.1.tgz#009d9b24901247915308e54b0b550bde87eda98c"
  integrity sha512-eAEbPrrbwPHNiO1+INyncbcV5orjXZza3RVkqYinWj6j4tUOxwLqSpbHHhVgRulN+MD+H6YX+x307jaDT4fQfg==
  dependencies:
    "@aws-sdk/protocol-http" "3.13.1"
    "@aws-sdk/types" "3.13.1"
    tslib "^2.0.0"

"@aws-sdk/middleware-host-header@3.13.1":
  version "3.13.1"
  resolved "https://registry.yarnpkg.com/@aws-sdk/middleware-host-header/-/middleware-host-header-3.13.1.tgz#d4332878da3f0c4b4b607064ab80683a63710bf6"
  integrity sha512-kwa0OLJ+wx2f3Xm1So/ld4ZDq6N7rcXdRZ8qSddCfSRYulxZaew5KdljXxqK9kBglpUE8EKzz1NZjlABc+iEYw==
  dependencies:
    "@aws-sdk/protocol-http" "3.13.1"
    "@aws-sdk/types" "3.13.1"
    tslib "^2.0.0"

"@aws-sdk/middleware-logger@3.13.1":
  version "3.13.1"
  resolved "https://registry.yarnpkg.com/@aws-sdk/middleware-logger/-/middleware-logger-3.13.1.tgz#943dd7a0877c339803251783f66e54f395a079ae"
  integrity sha512-lgIoYKvoQrRzy06Cfv9hCY5ZmQYoNUlpIKcwpQOqRe7vmtVIanU5m5EjHrTfAKDNbanXvs/vmCB5oDgafzbXFQ==
  dependencies:
    "@aws-sdk/types" "3.13.1"
    tslib "^2.0.0"

"@aws-sdk/middleware-retry@3.13.1":
  version "3.13.1"
  resolved "https://registry.yarnpkg.com/@aws-sdk/middleware-retry/-/middleware-retry-3.13.1.tgz#2b1ba129ed9e28a34f1937e19c4edd6699e97072"
  integrity sha512-AUKQ1Fi2/VUhGaSOSpqkiMY4/ma0ozvQMqCFaKciZA7ZJOq9ptBWr/E/FTd/See1vpiyRTcc9/hbFxW1ClQnqQ==
  dependencies:
    "@aws-sdk/protocol-http" "3.13.1"
    "@aws-sdk/service-error-classification" "3.13.1"
    "@aws-sdk/types" "3.13.1"
    tslib "^2.0.0"
    uuid "^8.3.2"

"@aws-sdk/middleware-sdk-sts@3.13.1":
  version "3.13.1"
  resolved "https://registry.yarnpkg.com/@aws-sdk/middleware-sdk-sts/-/middleware-sdk-sts-3.13.1.tgz#cae44c531154ba79b306d05dad9a119563eb7b56"
  integrity sha512-/l2camoPKOHGRzYUELzidtykuGYWrx2ZBmQ1g4JNGjq9ngTtyhGpDxSz6ySOYY/Hln313/+D0Dy6vAvPbOvgRQ==
  dependencies:
    "@aws-sdk/middleware-signing" "3.13.1"
    "@aws-sdk/property-provider" "3.13.1"
    "@aws-sdk/protocol-http" "3.13.1"
    "@aws-sdk/signature-v4" "3.13.1"
    "@aws-sdk/types" "3.13.1"
    tslib "^2.0.0"

"@aws-sdk/middleware-serde@3.13.1":
  version "3.13.1"
  resolved "https://registry.yarnpkg.com/@aws-sdk/middleware-serde/-/middleware-serde-3.13.1.tgz#446be010d02af1f6f008e16ad19e2bf5770b2c6a"
  integrity sha512-5C/PPY0SY2NpLVggu5XJAdQw1IqZpcRQBBa3+EpDFoMxUDzgtY2wNOm/IKTX2yYklDnQtyDsP8Z7Cma+Vj2BLA==
  dependencies:
    "@aws-sdk/types" "3.13.1"
    tslib "^2.0.0"

"@aws-sdk/middleware-signing@3.13.1":
  version "3.13.1"
  resolved "https://registry.yarnpkg.com/@aws-sdk/middleware-signing/-/middleware-signing-3.13.1.tgz#0532b174fa133ac13c19e61f02a5766d97574bf1"
  integrity sha512-0KQPH4EywfnabDjbOSFQ9Nkw7790dBa34v2319bnaurCDRBDcGOB44KJQc8Mlu6ixFRzprnwj4+5qZI7IedWpg==
  dependencies:
    "@aws-sdk/property-provider" "3.13.1"
    "@aws-sdk/protocol-http" "3.13.1"
    "@aws-sdk/signature-v4" "3.13.1"
    "@aws-sdk/types" "3.13.1"
    tslib "^2.0.0"

"@aws-sdk/middleware-stack@3.13.1":
  version "3.13.1"
  resolved "https://registry.yarnpkg.com/@aws-sdk/middleware-stack/-/middleware-stack-3.13.1.tgz#b5ecb2d9bec33821900a98bf9c8e37fcc14cd98d"
  integrity sha512-ScXJ3w6bp00Em1po1MzcPNJxj8/qct26IBjFEiy2+usetkq3F8zJlRZN053bWMxma3YoyfgQrkuxZiHGaguJbg==
  dependencies:
    tslib "^2.0.0"

"@aws-sdk/middleware-user-agent@3.14.0":
  version "3.14.0"
  resolved "https://registry.yarnpkg.com/@aws-sdk/middleware-user-agent/-/middleware-user-agent-3.14.0.tgz#88095c1ee4e73540a99ddb9a4cc0a78b7dda216d"
  integrity sha512-ZmYfKuK/RfEWzX8Xvg9sGU16zAozNu0mxj2hDB6Lu+253D69AbUO4QAAFLJVwIUr4YgZIThss6icOuebPx2zdA==
  dependencies:
    "@aws-sdk/protocol-http" "3.13.1"
    "@aws-sdk/types" "3.13.1"
    tslib "^2.0.0"

"@aws-sdk/node-config-provider@3.13.1":
  version "3.13.1"
  resolved "https://registry.yarnpkg.com/@aws-sdk/node-config-provider/-/node-config-provider-3.13.1.tgz#940389d21a7914a27aa09886af2d3f65aeaca49b"
  integrity sha512-lRfGW7zcJ3Ly6N4fxGc7b+bSa6/LBWwUReVM8c4TI0VrX+1xPBH/DX0APBRxmzBCyjzL+Ls3fo5WLxMLZHNceA==
  dependencies:
    "@aws-sdk/property-provider" "3.13.1"
    "@aws-sdk/shared-ini-file-loader" "3.13.1"
    "@aws-sdk/types" "3.13.1"
    tslib "^2.0.0"

"@aws-sdk/node-http-handler@3.13.1":
  version "3.13.1"
  resolved "https://registry.yarnpkg.com/@aws-sdk/node-http-handler/-/node-http-handler-3.13.1.tgz#96129f5b1e31346766d97e236768e73a3bfbfd3b"
  integrity sha512-DksP+IkUM3yqmhcFp4pLd+apYYq1cFQ+o+2FYAaXenGGZ6wiXmBamtF9mt7DIb9tpeSt5kmOh7dTiHQIY24gDg==
  dependencies:
    "@aws-sdk/abort-controller" "3.13.1"
    "@aws-sdk/protocol-http" "3.13.1"
    "@aws-sdk/querystring-builder" "3.13.1"
    "@aws-sdk/types" "3.13.1"
    tslib "^2.0.0"

"@aws-sdk/property-provider@3.13.1":
  version "3.13.1"
  resolved "https://registry.yarnpkg.com/@aws-sdk/property-provider/-/property-provider-3.13.1.tgz#6bf32c35068a5e0d0e511064a036fcfef71856b5"
  integrity sha512-uQ8dvpWYxY007rTwqr1COvqD+Z9NAUJjBfP+IYv8j1Dyc9o1Odkkj7Cm3fFFo021hlyCbcYtE3AnppVlAWyaCA==
  dependencies:
    "@aws-sdk/types" "3.13.1"
    tslib "^2.0.0"

"@aws-sdk/protocol-http@3.13.1":
  version "3.13.1"
  resolved "https://registry.yarnpkg.com/@aws-sdk/protocol-http/-/protocol-http-3.13.1.tgz#0ae5f09302f7a0bc47ac80c48e1dfebb43d40c04"
  integrity sha512-iTy0TS6KTxNl6dfEj272Q4pxYcEfaljNFhlUBlvAZK04abbhzzlqwtGyGitEv+wSJ6R2e1Gmk6KWUQ2F1CoCng==
  dependencies:
    "@aws-sdk/types" "3.13.1"
    tslib "^2.0.0"

"@aws-sdk/querystring-builder@3.13.1":
  version "3.13.1"
  resolved "https://registry.yarnpkg.com/@aws-sdk/querystring-builder/-/querystring-builder-3.13.1.tgz#9d9c9af7778c63f9406be1dbdc1487441e858bc7"
  integrity sha512-t/AKKzFpS1bwGuHw1nU8IpUmptbaXYWuiZnp6quFvtZjWQV1BKTDG1SEXzY1dowEpv+FNxUp6RdPakIaPInlAA==
  dependencies:
    "@aws-sdk/types" "3.13.1"
    "@aws-sdk/util-uri-escape" "3.13.1"
    tslib "^2.0.0"

"@aws-sdk/querystring-parser@3.13.1":
  version "3.13.1"
  resolved "https://registry.yarnpkg.com/@aws-sdk/querystring-parser/-/querystring-parser-3.13.1.tgz#3021b86f84f8424fa9386e9fa05d6cca94acf57a"
  integrity sha512-FKSEUkZ+csopOVP/LUb8YSu07G/n8tj4sVp3FdX6OPv+HBD0ukfbl4mzyBHJlOgWhzDihxzKL8iHoUuC2FfY3w==
  dependencies:
    "@aws-sdk/types" "3.13.1"
    tslib "^2.0.0"

"@aws-sdk/service-error-classification@3.13.1":
  version "3.13.1"
  resolved "https://registry.yarnpkg.com/@aws-sdk/service-error-classification/-/service-error-classification-3.13.1.tgz#df19a35251cc43b625bfc8e758d8ecf3d14fb083"
  integrity sha512-eVH00KOSTV23RWWY7JMuc2s7jBfiWP/UR82n3knYYtTztcm9pFIIkNhphUnOThWROzNqlW+Dif8ztb85oK5K+Q==

"@aws-sdk/shared-ini-file-loader@3.13.1":
  version "3.13.1"
  resolved "https://registry.yarnpkg.com/@aws-sdk/shared-ini-file-loader/-/shared-ini-file-loader-3.13.1.tgz#36a45b7a468607b69b893227550c4246114aa52a"
  integrity sha512-zB+niFj0iIZu2aXmKv2Xhk404Lw6gawTZPjzR4vLuTmn563yhSUSw5hJN+v/O/bR1b3JV4NPubyIQT6CKx1YUA==
  dependencies:
    tslib "^2.0.0"

"@aws-sdk/signature-v4@3.13.1":
  version "3.13.1"
  resolved "https://registry.yarnpkg.com/@aws-sdk/signature-v4/-/signature-v4-3.13.1.tgz#4c5647a670ef0c11a85c9c24e5e16fe7ea6a1901"
  integrity sha512-j+WCkQCUNhJbeRYW7KTsXd3gxk5CUeZF0LLVOT7HGvxzBhWJkpNGlsFD6ENR5iVpAlmK2yrTLJn7sma7Fgci+Q==
  dependencies:
    "@aws-sdk/is-array-buffer" "3.13.1"
    "@aws-sdk/types" "3.13.1"
    "@aws-sdk/util-hex-encoding" "3.13.1"
    "@aws-sdk/util-uri-escape" "3.13.1"
    tslib "^2.0.0"

"@aws-sdk/smithy-client@3.13.1":
  version "3.13.1"
  resolved "https://registry.yarnpkg.com/@aws-sdk/smithy-client/-/smithy-client-3.13.1.tgz#2204089c4af4d2f8985ce2adbef9533b0c9c8c5f"
  integrity sha512-DFo9LriBq0b8wQpO6DNnwQ0ISxTLn4tBHNsdXj0vHKKwg6h8IcveUNyLGGDdQejL8FLqOKJfe1NRvkY2UQFsrg==
  dependencies:
    "@aws-sdk/middleware-stack" "3.13.1"
    "@aws-sdk/types" "3.13.1"
    tslib "^2.0.0"

"@aws-sdk/types@3.13.1", "@aws-sdk/types@^3.1.0":
  version "3.13.1"
  resolved "https://registry.yarnpkg.com/@aws-sdk/types/-/types-3.13.1.tgz#f69efe2053b0fa5dfd4046cb80dc176ad645c016"
  integrity sha512-4eHboRz3I8f0C85Ta1dJ1v1Y9T1zH9xpC4/DufSIfQcD1Imc2U2LM22Qgbz8/PoP4kyhp2nJpQpW0APD91ILfw==

"@aws-sdk/url-parser@3.13.1":
  version "3.13.1"
  resolved "https://registry.yarnpkg.com/@aws-sdk/url-parser/-/url-parser-3.13.1.tgz#4ab73867f1fadf9f1ce58ec6bf4f6cae4efec81b"
  integrity sha512-kw9n96GbZ+vuh/KblpcJ1F++hWE7VCQ+cHN5CSxNnN67s/SFk4BLzSeaPup6EUkUI+wIiJMOWW56kIMrcSta5w==
  dependencies:
    "@aws-sdk/querystring-parser" "3.13.1"
    "@aws-sdk/types" "3.13.1"
    tslib "^2.0.0"

"@aws-sdk/util-base64-browser@3.13.1":
  version "3.13.1"
  resolved "https://registry.yarnpkg.com/@aws-sdk/util-base64-browser/-/util-base64-browser-3.13.1.tgz#6244d329ed9c560e1f4a161f698367cc3e863919"
  integrity sha512-bev/PmmRLxTzGkmx88KFhJEL78koIvhYdKFmWtmSJz+trQEk37u6aulWQZF6dpiMGCKYcBfI5h3LsxE75pObTQ==
  dependencies:
    tslib "^2.0.0"

"@aws-sdk/util-base64-node@3.13.1":
  version "3.13.1"
  resolved "https://registry.yarnpkg.com/@aws-sdk/util-base64-node/-/util-base64-node-3.13.1.tgz#0fdcea2ac7913a69448ed87d227a1107db9e3c8f"
  integrity sha512-z3bh+Luue39gIFOm56FSXOEZJq23J/IUM0Gj28dkdC0hpqdohP2NfcGUBhBlK8CFKBLB5GM1vVKo99T1/OQ/5g==
  dependencies:
    "@aws-sdk/util-buffer-from" "3.13.1"
    tslib "^2.0.0"

"@aws-sdk/util-body-length-browser@3.13.1":
  version "3.13.1"
  resolved "https://registry.yarnpkg.com/@aws-sdk/util-body-length-browser/-/util-body-length-browser-3.13.1.tgz#7063c658b1875a208d8c9f39bdd1c7409efce10e"
  integrity sha512-qqbBRP1YCuCJ8jCQpP4kbSPrdwJxniccmzsyjkKmaOQoOil69FFNhdwzjrMFhahnsLYD9JUdEsJmHegPbIbUtA==
  dependencies:
    tslib "^2.0.0"

"@aws-sdk/util-body-length-node@3.13.1":
  version "3.13.1"
  resolved "https://registry.yarnpkg.com/@aws-sdk/util-body-length-node/-/util-body-length-node-3.13.1.tgz#4722fad01f4feb6a3ab47344c2482446d7aa2d01"
  integrity sha512-btSynL8nZmzXPImm/oAaE9aBl1feAZsGv1jR+7+CSM2P5emTEBF4/EuYX34KZTzW7BjSzeDeRK0SHK0IWAB4bw==
  dependencies:
    tslib "^2.0.0"

"@aws-sdk/util-buffer-from@3.13.1":
  version "3.13.1"
  resolved "https://registry.yarnpkg.com/@aws-sdk/util-buffer-from/-/util-buffer-from-3.13.1.tgz#fc1fc6d46edff7ea0f370c8389313b58ef8923b7"
  integrity sha512-D/LT7a9wwB5Zo4CPWJwP/qdUhs8MYSs+tvyyF2Ox9v8AaUV+w8ukJY9/1/i1cS5bGH7aAjueTiAFSMt8ejVNCg==
  dependencies:
    "@aws-sdk/is-array-buffer" "3.13.1"
    tslib "^2.0.0"

"@aws-sdk/util-hex-encoding@3.13.1":
  version "3.13.1"
  resolved "https://registry.yarnpkg.com/@aws-sdk/util-hex-encoding/-/util-hex-encoding-3.13.1.tgz#2406c832b1aae60c8abd1dafcae442e6085aebca"
  integrity sha512-NGIqG+L5B6xENgv25BH77F9EeTkN+3tO8sFBeTMjoS7rD3uVP1uLp/RHQENjn/EG/KtgjcNyglngDuS0ZKFOOQ==
  dependencies:
    tslib "^2.0.0"

"@aws-sdk/util-locate-window@^3.0.0":
  version "3.13.1"
  resolved "https://registry.yarnpkg.com/@aws-sdk/util-locate-window/-/util-locate-window-3.13.1.tgz#45c6df057be89c3f42ffd2e43c87a7837a3fa1ac"
  integrity sha512-u1neaf5yO5FdnYF+UHsyDpHzHgMfX87nVDMyOyVvViIIhwDb2+bzzhUbex1rPtTEUfZUtgABV03UZrifGrB15g==
  dependencies:
    tslib "^2.0.0"

"@aws-sdk/util-uri-escape@3.13.1":
  version "3.13.1"
  resolved "https://registry.yarnpkg.com/@aws-sdk/util-uri-escape/-/util-uri-escape-3.13.1.tgz#5585a53fdc245b717beb7d785f39660eee219e77"
  integrity sha512-zejPAiPoS5Zja9nelZUJMdIwiXHKmubgumIV4USB+kgSR4f8BlSj/amM0NdGgZMjyVtuIvdiVHZssM/yK8G1Jg==
  dependencies:
    tslib "^2.0.0"

"@aws-sdk/util-user-agent-browser@3.13.1":
  version "3.13.1"
  resolved "https://registry.yarnpkg.com/@aws-sdk/util-user-agent-browser/-/util-user-agent-browser-3.13.1.tgz#8975041dbaf0c62f9f1f870c24d25ee337ac0c5b"
  integrity sha512-j9EL/fWIi5FivsXvjpXjROZEn44LNHY8oUkcFM4C4K8V6dmBK7kwX1svzCAfagwGyrahHkI2F3Isv0zI3FA6DQ==
  dependencies:
    "@aws-sdk/types" "3.13.1"
    bowser "^2.11.0"
    tslib "^2.0.0"

"@aws-sdk/util-user-agent-node@3.13.1":
  version "3.13.1"
  resolved "https://registry.yarnpkg.com/@aws-sdk/util-user-agent-node/-/util-user-agent-node-3.13.1.tgz#ac9dcb043d45b4425dbd308c1cea4b05a695a85c"
  integrity sha512-ztECuZn1T0GeRYvmGRlgjs2J/C+BYx2QlImP0Z3xDYeYQnBt8n2dSljutQfF941QaHiB4Ay/NIdfzczZVO7xBA==
  dependencies:
    "@aws-sdk/node-config-provider" "3.13.1"
    "@aws-sdk/types" "3.13.1"
    tslib "^2.0.0"

"@aws-sdk/util-utf8-browser@3.13.1", "@aws-sdk/util-utf8-browser@^3.0.0":
  version "3.13.1"
  resolved "https://registry.yarnpkg.com/@aws-sdk/util-utf8-browser/-/util-utf8-browser-3.13.1.tgz#eae1f3d8063566d813c0df4adf5f487bd128b56f"
  integrity sha512-+1FmtFOvDOYfoJnC6DEgjpcPKUERZA8VZ7JenY6SsEqVneWzHf4YVE2+KZM0DT9leLzgZBW/DKJWjeKxykaBEg==
  dependencies:
    tslib "^2.0.0"

"@aws-sdk/util-utf8-node@3.13.1":
  version "3.13.1"
  resolved "https://registry.yarnpkg.com/@aws-sdk/util-utf8-node/-/util-utf8-node-3.13.1.tgz#72c454d5dd57f9a404ad1cdc317940840de0fb46"
  integrity sha512-2SVqcqQQah7cYny6mUmx9UlVIYiaCULnWqOvPkpAKLS3uDFhhFrjvdrQkJXjajR4r7xb73cGn+f2iRXrEqmopw==
  dependencies:
    "@aws-sdk/util-buffer-from" "3.13.1"
    tslib "^2.0.0"

bowser@^2.11.0:
  version "2.11.0"
  resolved "https://registry.yarnpkg.com/bowser/-/bowser-2.11.0.tgz#5ca3c35757a7aa5771500c70a73a9f91ef420a8f"
  integrity sha512-AlcaJBi/pqqJBIQ8U9Mcpc9i8Aqxn88Skv5d+xBX006BY5u8N3mGLHa5Lgppa7L/HfwgwLgZ6NYs+Ag6uUmJRA==

fast-xml-parser@3.19.0:
  version "3.19.0"
  resolved "https://registry.yarnpkg.com/fast-xml-parser/-/fast-xml-parser-3.19.0.tgz#cb637ec3f3999f51406dd8ff0e6fc4d83e520d01"
  integrity sha512-4pXwmBplsCPv8FOY1WRakF970TjNGnGnfbOnLqjlYvMiF1SR3yOHyxMR/YCXpPTOspNF5gwudqktIP4VsWkvBg==

tslib@^1.11.1:
  version "1.14.1"
  resolved "https://registry.yarnpkg.com/tslib/-/tslib-1.14.1.tgz#cf2d38bdc34a134bcaf1091c41f6619e2f672d00"
  integrity sha512-Xni35NKzjgMrwevysHTCArtLDpPvye8zV/0E4EyYn43P7/7qvQwPh9BGkHewbMulVntbigmcT7rdX3BNo9wRJg==

tslib@^2.0.0:
  version "2.2.0"
  resolved "https://registry.yarnpkg.com/tslib/-/tslib-2.2.0.tgz#fb2c475977e35e241311ede2693cee1ec6698f5c"
  integrity sha512-gS9GVHRU+RGn5KQM2rllAlR3dU6m7AcpJKdtH8gFvQiC4Otgk98XnmMU+nZenHt/+VhnBPWwgrJsyrdcw6i23w==

uuid@^8.3.2:
  version "8.3.2"
  resolved "https://registry.yarnpkg.com/uuid/-/uuid-8.3.2.tgz#80d5b5ced271bb9af6c445f21a1a04c606cefbe2"
  integrity sha512-+NYs2QeMWy+GWFOEm9xnn6HCDp0l7QBD7ml8zLUmJ+93Q5NF0NocErnwkTkXVFNiX3/fpC6afS8Dhb/gz7R7eg==
