# THIS IS AN AUTOGENERATED FILE. DO NOT EDIT THIS FILE DIRECTLY.
# yarn lockfile v1


"@aws-crypto/sha256-browser@5.2.0":
  version "5.2.0"
  resolved "https://registry.yarnpkg.com/@aws-crypto/sha256-browser/-/sha256-browser-5.2.0.tgz#153895ef1dba6f9fce38af550e0ef58988eb649e"
  integrity sha512-AXfN/lGotSQwu6HNcEsIASo7kWXZ5HYWvfOmSNKDsEqC4OashTp8alTmaz+F7TC2L083SFv5RdB+qU3Vs1kZqw==
  dependencies:
    "@aws-crypto/sha256-js" "^5.2.0"
    "@aws-crypto/supports-web-crypto" "^5.2.0"
    "@aws-crypto/util" "^5.2.0"
    "@aws-sdk/types" "^3.222.0"
    "@aws-sdk/util-locate-window" "^3.0.0"
    "@smithy/util-utf8" "^2.0.0"
    tslib "^2.6.2"

"@aws-crypto/sha256-js@5.2.0", "@aws-crypto/sha256-js@^5.2.0":
  version "5.2.0"
  resolved "https://registry.yarnpkg.com/@aws-crypto/sha256-js/-/sha256-js-5.2.0.tgz#c4fdb773fdbed9a664fc1a95724e206cf3860042"
  integrity sha512-FFQQyu7edu4ufvIZ+OadFpHHOt+eSTBaYaki44c+akjg7qZg9oOQeLlk77F6tSYqjDAFClrHJk9tMf0HdVyOvA==
  dependencies:
    "@aws-crypto/util" "^5.2.0"
    "@aws-sdk/types" "^3.222.0"
    tslib "^2.6.2"

"@aws-crypto/supports-web-crypto@^5.2.0":
  version "5.2.0"
  resolved "https://registry.yarnpkg.com/@aws-crypto/supports-web-crypto/-/supports-web-crypto-5.2.0.tgz#a1e399af29269be08e695109aa15da0a07b5b5fb"
  integrity sha512-iAvUotm021kM33eCdNfwIN//F77/IADDSs58i+MDaOqFrVjZo9bAal0NK7HurRuWLLpF1iLX7gbWrjHjeo+YFg==
  dependencies:
    tslib "^2.6.2"

"@aws-crypto/util@^5.2.0":
  version "5.2.0"
  resolved "https://registry.yarnpkg.com/@aws-crypto/util/-/util-5.2.0.tgz#71284c9cffe7927ddadac793c14f14886d3876da"
  integrity sha512-4RkU9EsI6ZpBve5fseQlGNUWKMa1RLPQ1dnjnQoe07ldfIzcsGb5hC5W0Dm7u423KWzawlrpbjXBrXCEv9zazQ==
  dependencies:
    "@aws-sdk/types" "^3.222.0"
    "@smithy/util-utf8" "^2.0.0"
    tslib "^2.6.2"

"@aws-sdk/client-dynamodb@3.714.0":
  version "3.714.0"
  resolved "https://registry.yarnpkg.com/@aws-sdk/client-dynamodb/-/client-dynamodb-3.714.0.tgz#d2dd4a57e3fd722509770209580cf6ab21747d87"
  integrity sha512-LM0Gslo3MSRTjvwn30SWJt64dau4hHQcNTXgtaI0LORwha5BnRwRZHsZGwDEHwzmOu31uZZsDHF4rcygl17kSA==
  dependencies:
    "@aws-crypto/sha256-browser" "5.2.0"
    "@aws-crypto/sha256-js" "5.2.0"
    "@aws-sdk/client-sso-oidc" "3.714.0"
    "@aws-sdk/client-sts" "3.714.0"
    "@aws-sdk/core" "3.714.0"
    "@aws-sdk/credential-provider-node" "3.714.0"
    "@aws-sdk/middleware-endpoint-discovery" "3.714.0"
    "@aws-sdk/middleware-host-header" "3.714.0"
    "@aws-sdk/middleware-logger" "3.714.0"
    "@aws-sdk/middleware-recursion-detection" "3.714.0"
    "@aws-sdk/middleware-user-agent" "3.714.0"
    "@aws-sdk/region-config-resolver" "3.714.0"
    "@aws-sdk/types" "3.714.0"
    "@aws-sdk/util-endpoints" "3.714.0"
    "@aws-sdk/util-user-agent-browser" "3.714.0"
    "@aws-sdk/util-user-agent-node" "3.714.0"
    "@smithy/config-resolver" "^3.0.13"
    "@smithy/core" "^2.5.5"
    "@smithy/fetch-http-handler" "^4.1.2"
    "@smithy/hash-node" "^3.0.11"
    "@smithy/invalid-dependency" "^3.0.11"
    "@smithy/middleware-content-length" "^3.0.13"
    "@smithy/middleware-endpoint" "^3.2.5"
    "@smithy/middleware-retry" "^3.0.30"
    "@smithy/middleware-serde" "^3.0.11"
    "@smithy/middleware-stack" "^3.0.11"
    "@smithy/node-config-provider" "^3.1.12"
    "@smithy/node-http-handler" "^3.3.2"
    "@smithy/protocol-http" "^4.1.8"
    "@smithy/smithy-client" "^3.5.0"
    "@smithy/types" "^3.7.2"
    "@smithy/url-parser" "^3.0.11"
    "@smithy/util-base64" "^3.0.0"
    "@smithy/util-body-length-browser" "^3.0.0"
    "@smithy/util-body-length-node" "^3.0.0"
    "@smithy/util-defaults-mode-browser" "^3.0.30"
    "@smithy/util-defaults-mode-node" "^3.0.30"
    "@smithy/util-endpoints" "^2.1.7"
    "@smithy/util-middleware" "^3.0.11"
    "@smithy/util-retry" "^3.0.11"
    "@smithy/util-utf8" "^3.0.0"
    "@smithy/util-waiter" "^3.2.0"
    "@types/uuid" "^9.0.1"
    tslib "^2.6.2"
    uuid "^9.0.1"

"@aws-sdk/client-sso-oidc@3.714.0":
  version "3.714.0"
  resolved "https://registry.yarnpkg.com/@aws-sdk/client-sso-oidc/-/client-sso-oidc-3.714.0.tgz#ddbb500ce93003f21c26d05ac45593c961d8b8e2"
  integrity sha512-dMvpPUaL3v01psPY1ZyCzQ/w2tOgQTH1if0zBF5r2q7Vc0oOPzbBZgNAhG1bDWlRCBW0iXmoqRFoWUwQ5rtx+A==
  dependencies:
    "@aws-crypto/sha256-browser" "5.2.0"
    "@aws-crypto/sha256-js" "5.2.0"
    "@aws-sdk/core" "3.714.0"
    "@aws-sdk/credential-provider-node" "3.714.0"
    "@aws-sdk/middleware-host-header" "3.714.0"
    "@aws-sdk/middleware-logger" "3.714.0"
    "@aws-sdk/middleware-recursion-detection" "3.714.0"
    "@aws-sdk/middleware-user-agent" "3.714.0"
    "@aws-sdk/region-config-resolver" "3.714.0"
    "@aws-sdk/types" "3.714.0"
    "@aws-sdk/util-endpoints" "3.714.0"
    "@aws-sdk/util-user-agent-browser" "3.714.0"
    "@aws-sdk/util-user-agent-node" "3.714.0"
    "@smithy/config-resolver" "^3.0.13"
    "@smithy/core" "^2.5.5"
    "@smithy/fetch-http-handler" "^4.1.2"
    "@smithy/hash-node" "^3.0.11"
    "@smithy/invalid-dependency" "^3.0.11"
    "@smithy/middleware-content-length" "^3.0.13"
    "@smithy/middleware-endpoint" "^3.2.5"
    "@smithy/middleware-retry" "^3.0.30"
    "@smithy/middleware-serde" "^3.0.11"
    "@smithy/middleware-stack" "^3.0.11"
    "@smithy/node-config-provider" "^3.1.12"
    "@smithy/node-http-handler" "^3.3.2"
    "@smithy/protocol-http" "^4.1.8"
    "@smithy/smithy-client" "^3.5.0"
    "@smithy/types" "^3.7.2"
    "@smithy/url-parser" "^3.0.11"
    "@smithy/util-base64" "^3.0.0"
    "@smithy/util-body-length-browser" "^3.0.0"
    "@smithy/util-body-length-node" "^3.0.0"
    "@smithy/util-defaults-mode-browser" "^3.0.30"
    "@smithy/util-defaults-mode-node" "^3.0.30"
    "@smithy/util-endpoints" "^2.1.7"
    "@smithy/util-middleware" "^3.0.11"
    "@smithy/util-retry" "^3.0.11"
    "@smithy/util-utf8" "^3.0.0"
    tslib "^2.6.2"

"@aws-sdk/client-sso@3.714.0":
  version "3.714.0"
  resolved "https://registry.yarnpkg.com/@aws-sdk/client-sso/-/client-sso-3.714.0.tgz#a98358f499fcffec7895f9fb0fb8650b3c993bc4"
  integrity sha512-pFtjY5Ga91qrryo0UfbjetdT2p9rOgtHofogAeEuGjxx7/rupBpdlW0WDOtD/7jhmbhM8WZEr6aH7GLzzkKfCA==
  dependencies:
    "@aws-crypto/sha256-browser" "5.2.0"
    "@aws-crypto/sha256-js" "5.2.0"
    "@aws-sdk/core" "3.714.0"
    "@aws-sdk/middleware-host-header" "3.714.0"
    "@aws-sdk/middleware-logger" "3.714.0"
    "@aws-sdk/middleware-recursion-detection" "3.714.0"
    "@aws-sdk/middleware-user-agent" "3.714.0"
    "@aws-sdk/region-config-resolver" "3.714.0"
    "@aws-sdk/types" "3.714.0"
    "@aws-sdk/util-endpoints" "3.714.0"
    "@aws-sdk/util-user-agent-browser" "3.714.0"
    "@aws-sdk/util-user-agent-node" "3.714.0"
    "@smithy/config-resolver" "^3.0.13"
    "@smithy/core" "^2.5.5"
    "@smithy/fetch-http-handler" "^4.1.2"
    "@smithy/hash-node" "^3.0.11"
    "@smithy/invalid-dependency" "^3.0.11"
    "@smithy/middleware-content-length" "^3.0.13"
    "@smithy/middleware-endpoint" "^3.2.5"
    "@smithy/middleware-retry" "^3.0.30"
    "@smithy/middleware-serde" "^3.0.11"
    "@smithy/middleware-stack" "^3.0.11"
    "@smithy/node-config-provider" "^3.1.12"
    "@smithy/node-http-handler" "^3.3.2"
    "@smithy/protocol-http" "^4.1.8"
    "@smithy/smithy-client" "^3.5.0"
    "@smithy/types" "^3.7.2"
    "@smithy/url-parser" "^3.0.11"
    "@smithy/util-base64" "^3.0.0"
    "@smithy/util-body-length-browser" "^3.0.0"
    "@smithy/util-body-length-node" "^3.0.0"
    "@smithy/util-defaults-mode-browser" "^3.0.30"
    "@smithy/util-defaults-mode-node" "^3.0.30"
    "@smithy/util-endpoints" "^2.1.7"
    "@smithy/util-middleware" "^3.0.11"
    "@smithy/util-retry" "^3.0.11"
    "@smithy/util-utf8" "^3.0.0"
    tslib "^2.6.2"

"@aws-sdk/client-sts@3.714.0":
  version "3.714.0"
  resolved "https://registry.yarnpkg.com/@aws-sdk/client-sts/-/client-sts-3.714.0.tgz#3222b498ae1dd83490379558eb1af27d5d89601c"
  integrity sha512-ThcXgolapPsOzeavJF4Am312umFyoFBBeiTYD8PQGIiYkbJi4hXcjoWacmtkq6moMmMZSP9iK/ellls7vwY2JQ==
  dependencies:
    "@aws-crypto/sha256-browser" "5.2.0"
    "@aws-crypto/sha256-js" "5.2.0"
    "@aws-sdk/client-sso-oidc" "3.714.0"
    "@aws-sdk/core" "3.714.0"
    "@aws-sdk/credential-provider-node" "3.714.0"
    "@aws-sdk/middleware-host-header" "3.714.0"
    "@aws-sdk/middleware-logger" "3.714.0"
    "@aws-sdk/middleware-recursion-detection" "3.714.0"
    "@aws-sdk/middleware-user-agent" "3.714.0"
    "@aws-sdk/region-config-resolver" "3.714.0"
    "@aws-sdk/types" "3.714.0"
    "@aws-sdk/util-endpoints" "3.714.0"
    "@aws-sdk/util-user-agent-browser" "3.714.0"
    "@aws-sdk/util-user-agent-node" "3.714.0"
    "@smithy/config-resolver" "^3.0.13"
    "@smithy/core" "^2.5.5"
    "@smithy/fetch-http-handler" "^4.1.2"
    "@smithy/hash-node" "^3.0.11"
    "@smithy/invalid-dependency" "^3.0.11"
    "@smithy/middleware-content-length" "^3.0.13"
    "@smithy/middleware-endpoint" "^3.2.5"
    "@smithy/middleware-retry" "^3.0.30"
    "@smithy/middleware-serde" "^3.0.11"
    "@smithy/middleware-stack" "^3.0.11"
    "@smithy/node-config-provider" "^3.1.12"
    "@smithy/node-http-handler" "^3.3.2"
    "@smithy/protocol-http" "^4.1.8"
    "@smithy/smithy-client" "^3.5.0"
    "@smithy/types" "^3.7.2"
    "@smithy/url-parser" "^3.0.11"
    "@smithy/util-base64" "^3.0.0"
    "@smithy/util-body-length-browser" "^3.0.0"
    "@smithy/util-body-length-node" "^3.0.0"
    "@smithy/util-defaults-mode-browser" "^3.0.30"
    "@smithy/util-defaults-mode-node" "^3.0.30"
    "@smithy/util-endpoints" "^2.1.7"
    "@smithy/util-middleware" "^3.0.11"
    "@smithy/util-retry" "^3.0.11"
    "@smithy/util-utf8" "^3.0.0"
    tslib "^2.6.2"

"@aws-sdk/core@3.714.0":
  version "3.714.0"
  resolved "https://registry.yarnpkg.com/@aws-sdk/core/-/core-3.714.0.tgz#f53dbf5aa579f66bf3aa3e3e312b624e70ae871d"
  integrity sha512-TlZ50d8MEPVp9O03SvisOmcmxjxhMDKHJJcrBgYjgDej6QmNfiFwtCRkReXDdkEeXP29ehMs7uPXtmVvPqziYw==
  dependencies:
    "@aws-sdk/types" "3.714.0"
    "@smithy/core" "^2.5.5"
    "@smithy/node-config-provider" "^3.1.12"
    "@smithy/property-provider" "^3.1.11"
    "@smithy/protocol-http" "^4.1.8"
    "@smithy/signature-v4" "^4.2.4"
    "@smithy/smithy-client" "^3.5.0"
    "@smithy/types" "^3.7.2"
    "@smithy/util-middleware" "^3.0.11"
    fast-xml-parser "4.4.1"
    tslib "^2.6.2"

"@aws-sdk/credential-provider-env@3.714.0":
  version "3.714.0"
  resolved "https://registry.yarnpkg.com/@aws-sdk/credential-provider-env/-/credential-provider-env-3.714.0.tgz#87b9e71d6477fbed1d4c8c3fc561c11994ba573c"
  integrity sha512-0S4nKE1a+EHXAInXUeuWkyzVnXzmwIbwLStVidAIoyl6sJF8xGdw+r3AaoTr7p0YXzdoDUsn3wBTCA6ZwgXVbA==
  dependencies:
    "@aws-sdk/core" "3.714.0"
    "@aws-sdk/types" "3.714.0"
    "@smithy/property-provider" "^3.1.11"
    "@smithy/types" "^3.7.2"
    tslib "^2.6.2"

"@aws-sdk/credential-provider-http@3.714.0":
  version "3.714.0"
  resolved "https://registry.yarnpkg.com/@aws-sdk/credential-provider-http/-/credential-provider-http-3.714.0.tgz#06dc80fc910ef85aadb920d9be9b6aba971ea31a"
  integrity sha512-1AXEfUSQUQg+x/DpH1XJhjf2yEgTHHatM3cvYu7FZMhRXF28Q5OJDbEFPfdqrK+vmCiYRWhszDb+zuUIvz46bw==
  dependencies:
    "@aws-sdk/core" "3.714.0"
    "@aws-sdk/types" "3.714.0"
    "@smithy/fetch-http-handler" "^4.1.2"
    "@smithy/node-http-handler" "^3.3.2"
    "@smithy/property-provider" "^3.1.11"
    "@smithy/protocol-http" "^4.1.8"
    "@smithy/smithy-client" "^3.5.0"
    "@smithy/types" "^3.7.2"
    "@smithy/util-stream" "^3.3.2"
    tslib "^2.6.2"

"@aws-sdk/credential-provider-ini@3.714.0":
  version "3.714.0"
  resolved "https://registry.yarnpkg.com/@aws-sdk/credential-provider-ini/-/credential-provider-ini-3.714.0.tgz#7fbe0a9c2ef00f1eee59f1bc24194f66c77fdaf2"
  integrity sha512-w5wOcgBngfcvVev5wnYWXoc/W2ewVmGJkfRdGquhFt8pkUxktyd8eXehqkP7u31SONVlgy96EFTdSCzWpTrqOw==
  dependencies:
    "@aws-sdk/core" "3.714.0"
    "@aws-sdk/credential-provider-env" "3.714.0"
    "@aws-sdk/credential-provider-http" "3.714.0"
    "@aws-sdk/credential-provider-process" "3.714.0"
    "@aws-sdk/credential-provider-sso" "3.714.0"
    "@aws-sdk/credential-provider-web-identity" "3.714.0"
    "@aws-sdk/types" "3.714.0"
    "@smithy/credential-provider-imds" "^3.2.8"
    "@smithy/property-provider" "^3.1.11"
    "@smithy/shared-ini-file-loader" "^3.1.12"
    "@smithy/types" "^3.7.2"
    tslib "^2.6.2"

"@aws-sdk/credential-provider-node@3.714.0":
  version "3.714.0"
  resolved "https://registry.yarnpkg.com/@aws-sdk/credential-provider-node/-/credential-provider-node-3.714.0.tgz#48c90bf53e55b31b23bf464b420816ec9259f0c1"
  integrity sha512-ebho1HYNKzaw0ZfbI9kEicSW8J7tsOoV6EJajsjfFnuP+GY9J5Oi4759GEq1Qqj7GxIhrySOZFzif/hxAXPWtQ==
  dependencies:
    "@aws-sdk/credential-provider-env" "3.714.0"
    "@aws-sdk/credential-provider-http" "3.714.0"
    "@aws-sdk/credential-provider-ini" "3.714.0"
    "@aws-sdk/credential-provider-process" "3.714.0"
    "@aws-sdk/credential-provider-sso" "3.714.0"
    "@aws-sdk/credential-provider-web-identity" "3.714.0"
    "@aws-sdk/types" "3.714.0"
    "@smithy/credential-provider-imds" "^3.2.8"
    "@smithy/property-provider" "^3.1.11"
    "@smithy/shared-ini-file-loader" "^3.1.12"
    "@smithy/types" "^3.7.2"
    tslib "^2.6.2"

"@aws-sdk/credential-provider-process@3.714.0":
  version "3.714.0"
  resolved "https://registry.yarnpkg.com/@aws-sdk/credential-provider-process/-/credential-provider-process-3.714.0.tgz#1fd25ddda0bac94fad7d2cbeeeb84d5746af3f2a"
  integrity sha512-mHM+zYJDUiXggBx4YvQgMOhbkV07KUib8/jWPnAZbUJcRncN/yevAp/WNocjUN4VaBWkooJUgoTET/okRK+TCQ==
  dependencies:
    "@aws-sdk/core" "3.714.0"
    "@aws-sdk/types" "3.714.0"
    "@smithy/property-provider" "^3.1.11"
    "@smithy/shared-ini-file-loader" "^3.1.12"
    "@smithy/types" "^3.7.2"
    tslib "^2.6.2"

"@aws-sdk/credential-provider-sso@3.714.0":
  version "3.714.0"
  resolved "https://registry.yarnpkg.com/@aws-sdk/credential-provider-sso/-/credential-provider-sso-3.714.0.tgz#803a21cbd558a2b47ab102c68ec9ed92e999523f"
  integrity sha512-LQyHUQd+/A0PO96m6/A3KeekRplRpG9AmwLn8VPknlmACAhhbWHehzerCTd42V8dClf5pigr25/aVqh/2p/sRw==
  dependencies:
    "@aws-sdk/client-sso" "3.714.0"
    "@aws-sdk/core" "3.714.0"
    "@aws-sdk/token-providers" "3.714.0"
    "@aws-sdk/types" "3.714.0"
    "@smithy/property-provider" "^3.1.11"
    "@smithy/shared-ini-file-loader" "^3.1.12"
    "@smithy/types" "^3.7.2"
    tslib "^2.6.2"

"@aws-sdk/credential-provider-web-identity@3.714.0":
  version "3.714.0"
  resolved "https://registry.yarnpkg.com/@aws-sdk/credential-provider-web-identity/-/credential-provider-web-identity-3.714.0.tgz#975b11d07c0f87bc4f6470cb45aef5aee590b78c"
  integrity sha512-piKfEJvLrGZ0bH4NPO19d1dtfCZi2p6YJUK/9vRCD1rvJidOuHNeUwIcxTnkIMovQHX12rZVvU9ub0C3CwegUQ==
  dependencies:
    "@aws-sdk/core" "3.714.0"
    "@aws-sdk/types" "3.714.0"
    "@smithy/property-provider" "^3.1.11"
    "@smithy/types" "^3.7.2"
    tslib "^2.6.2"

"@aws-sdk/endpoint-cache@3.693.0":
  version "3.693.0"
  resolved "https://registry.yarnpkg.com/@aws-sdk/endpoint-cache/-/endpoint-cache-3.693.0.tgz#4b3f0bbc16dc2907e1b977e3d8ddfc7ba008fd12"
  integrity sha512-/zK0ZZncBf5FbTfo8rJMcQIXXk4Ibhe5zEMiwFNivVPR2uNC0+oqfwXz7vjxwY0t6BPE3Bs4h9uFEz4xuGCY6w==
  dependencies:
    mnemonist "0.38.3"
    tslib "^2.6.2"

"@aws-sdk/lib-dynamodb@3.714.0":
  version "3.714.0"
  resolved "https://registry.yarnpkg.com/@aws-sdk/lib-dynamodb/-/lib-dynamodb-3.714.0.tgz#b5fcf4d1fac705b07911dea0b7d55983f900e9a5"
  integrity sha512-vrBw6/UntU7+nJs35aLX9BkBVZrNVkGJBBykkUZnZa8FxFyyQ4Xv5yvRqMwx2lg3kidVev6NQY3sIveeMtqAFg==
  dependencies:
    "@aws-sdk/core" "3.714.0"
    "@aws-sdk/util-dynamodb" "3.714.0"
    "@smithy/core" "^2.5.5"
    "@smithy/smithy-client" "^3.5.0"
    "@smithy/types" "^3.7.2"
    tslib "^2.6.2"

"@aws-sdk/middleware-endpoint-discovery@3.714.0":
  version "3.714.0"
  resolved "https://registry.yarnpkg.com/@aws-sdk/middleware-endpoint-discovery/-/middleware-endpoint-discovery-3.714.0.tgz#70f3e8ad87d1eb73d5573ef0fc8a8acaaf6dbf0b"
  integrity sha512-WttOa+M6/aPCK0OHPlWPBaQDTVhfKsWYnmDNvS2d0qvoJEjZuGRyf5DxcA2gWt3MMekxwq9IxOpdA5R9T70HiA==
  dependencies:
    "@aws-sdk/endpoint-cache" "3.693.0"
    "@aws-sdk/types" "3.714.0"
    "@smithy/node-config-provider" "^3.1.12"
    "@smithy/protocol-http" "^4.1.8"
    "@smithy/types" "^3.7.2"
    tslib "^2.6.2"

"@aws-sdk/middleware-host-header@3.714.0":
  version "3.714.0"
  resolved "https://registry.yarnpkg.com/@aws-sdk/middleware-host-header/-/middleware-host-header-3.714.0.tgz#c14707c2501e70a4343644f876bea5b575dc74e2"
  integrity sha512-6l68kjNrh5QC8FGX3I3geBDavWN5Tg1RLHJ2HLA8ByGBtJyCwnz3hEkKfaxn0bBx0hF9DzbfjEOUF6cDqy2Kjg==
  dependencies:
    "@aws-sdk/types" "3.714.0"
    "@smithy/protocol-http" "^4.1.8"
    "@smithy/types" "^3.7.2"
    tslib "^2.6.2"

"@aws-sdk/middleware-logger@3.714.0":
  version "3.714.0"
  resolved "https://registry.yarnpkg.com/@aws-sdk/middleware-logger/-/middleware-logger-3.714.0.tgz#c059e1aabf28fdfc647db6a3dba625a9813787cd"
  integrity sha512-RkqHlMvQWUaRklU1bMfUuBvdWwxgUtEqpADaHXlGVj3vtEY2UgBjy+57CveC4MByqKIunNvVHBBbjrGVtwY7Lg==
  dependencies:
    "@aws-sdk/types" "3.714.0"
    "@smithy/types" "^3.7.2"
    tslib "^2.6.2"

"@aws-sdk/middleware-recursion-detection@3.714.0":
  version "3.714.0"
  resolved "https://registry.yarnpkg.com/@aws-sdk/middleware-recursion-detection/-/middleware-recursion-detection-3.714.0.tgz#c2d20d335c035196ac1cd5cdf3f58c5f31b01bdb"
  integrity sha512-AVU5ixnh93nqtsfgNc284oXsXaadyHGPHpql/jwgaaqQfEXjS/1/j3j9E/vpacfTTz2Vzo7hAOjnvrOXSEVDaA==
  dependencies:
    "@aws-sdk/types" "3.714.0"
    "@smithy/protocol-http" "^4.1.8"
    "@smithy/types" "^3.7.2"
    tslib "^2.6.2"

"@aws-sdk/middleware-user-agent@3.714.0":
  version "3.714.0"
  resolved "https://registry.yarnpkg.com/@aws-sdk/middleware-user-agent/-/middleware-user-agent-3.714.0.tgz#15cebf91f8bf51f494174911fd8808b32bf3a905"
  integrity sha512-OgLjJf7WxUqA2OgiqGCfIc68gsbXlIG8LjObBiF0qlMStAd0L23AGuK5VmYinJlsle9qUpwQvWgKFKaDgdQXgA==
  dependencies:
    "@aws-sdk/core" "3.714.0"
    "@aws-sdk/types" "3.714.0"
    "@aws-sdk/util-endpoints" "3.714.0"
    "@smithy/core" "^2.5.5"
    "@smithy/protocol-http" "^4.1.8"
    "@smithy/types" "^3.7.2"
    tslib "^2.6.2"

"@aws-sdk/region-config-resolver@3.714.0":
  version "3.714.0"
  resolved "https://registry.yarnpkg.com/@aws-sdk/region-config-resolver/-/region-config-resolver-3.714.0.tgz#26449aeb67daa00560c69bb80cb6cd187ee18dc9"
  integrity sha512-HJzsQxgMOAzZrbf/YIqEx30or4tZK1oNAk6Wm6xecUQx+23JXIaePRu1YFUOLBBERQ4QBPpISFurZWBMZ5ibAw==
  dependencies:
    "@aws-sdk/types" "3.714.0"
    "@smithy/node-config-provider" "^3.1.12"
    "@smithy/types" "^3.7.2"
    "@smithy/util-config-provider" "^3.0.0"
    "@smithy/util-middleware" "^3.0.11"
    tslib "^2.6.2"

"@aws-sdk/token-providers@3.714.0":
  version "3.714.0"
  resolved "https://registry.yarnpkg.com/@aws-sdk/token-providers/-/token-providers-3.714.0.tgz#c308dff77d18978f630188000aebb87be38f5526"
  integrity sha512-vKN064aLE3kl+Zl16Ony3jltHnMddMBT7JRkP1L+lLywhA0PcAKxpdvComul/sTBWnbnwLnaS5NsDUhcWySH8A==
  dependencies:
    "@aws-sdk/types" "3.714.0"
    "@smithy/property-provider" "^3.1.11"
    "@smithy/shared-ini-file-loader" "^3.1.12"
    "@smithy/types" "^3.7.2"
    tslib "^2.6.2"

"@aws-sdk/types@3.714.0":
  version "3.714.0"
  resolved "https://registry.yarnpkg.com/@aws-sdk/types/-/types-3.714.0.tgz#de6afee1436d2d95364efa0663887f3bf0b1303a"
  integrity sha512-ZjpP2gYbSFlxxaUDa1Il5AVvfggvUPbjzzB/l3q0gIE5Thd6xKW+yzEpt2mLZ5s5UaYSABZbF94g8NUOF4CVGA==
  dependencies:
    "@smithy/types" "^3.7.2"
    tslib "^2.6.2"

"@aws-sdk/types@^3.222.0":
  version "3.398.0"
  resolved "https://registry.yarnpkg.com/@aws-sdk/types/-/types-3.398.0.tgz#8ce02559536670f9188cddfce32e9dd12b4fe965"
  integrity sha512-r44fkS+vsEgKCuEuTV+TIk0t0m5ZlXHNjSDYEUvzLStbbfUFiNus/YG4UCa0wOk9R7VuQI67badsvvPeVPCGDQ==
  dependencies:
    "@smithy/types" "^2.2.2"
    tslib "^2.5.0"

"@aws-sdk/util-dynamodb@3.714.0":
  version "3.714.0"
  resolved "https://registry.yarnpkg.com/@aws-sdk/util-dynamodb/-/util-dynamodb-3.714.0.tgz#e4e5d1c58a0c5695998cf66a4f4f24e9bed35dd5"
  integrity sha512-R2hD9d4YCpC2d8aZA8+r6HxGK9Av5WgB5R8kXZaufvQXyWzGmvtKm6xxU4QUHm6X24c9G6lISh2aRvOzPNFRow==
  dependencies:
    tslib "^2.6.2"

"@aws-sdk/util-endpoints@3.714.0":
  version "3.714.0"
  resolved "https://registry.yarnpkg.com/@aws-sdk/util-endpoints/-/util-endpoints-3.714.0.tgz#f059c27bedf329584358b1f837cd9a5c220f34e2"
  integrity sha512-Xv+Z2lhe7w7ZZRsgBwBMZgGTVmS+dkkj2S13uNHAx9lhB5ovM8PhK5G/j28xYf6vIibeuHkRAbb7/ozdZIGR+A==
  dependencies:
    "@aws-sdk/types" "3.714.0"
    "@smithy/types" "^3.7.2"
    "@smithy/util-endpoints" "^2.1.7"
    tslib "^2.6.2"

"@aws-sdk/util-locate-window@^3.0.0":
  version "3.310.0"
  resolved "https://registry.yarnpkg.com/@aws-sdk/util-locate-window/-/util-locate-window-3.310.0.tgz#b071baf050301adee89051032bd4139bba32cc40"
  integrity sha512-qo2t/vBTnoXpjKxlsC2e1gBrRm80M3bId27r0BRB2VniSSe7bL1mmzM+/HFtujm0iAxtPM+aLEflLJlJeDPg0w==
  dependencies:
    tslib "^2.5.0"

"@aws-sdk/util-user-agent-browser@3.714.0":
  version "3.714.0"
  resolved "https://registry.yarnpkg.com/@aws-sdk/util-user-agent-browser/-/util-user-agent-browser-3.714.0.tgz#7768660fa92a70b78406810a30174fb20508eb61"
  integrity sha512-OdJJ03cP9/MgIVToPJPCPUImbpZzTcwdIgbXC0tUQPJhbD7b7cB4LdnkhNHko+MptpOrCq4CPY/33EpOjRdofw==
  dependencies:
    "@aws-sdk/types" "3.714.0"
    "@smithy/types" "^3.7.2"
    bowser "^2.11.0"
    tslib "^2.6.2"

"@aws-sdk/util-user-agent-node@3.714.0":
  version "3.714.0"
  resolved "https://registry.yarnpkg.com/@aws-sdk/util-user-agent-node/-/util-user-agent-node-3.714.0.tgz#b9c86713fb0c9770cec9935eac93a74cf70844fd"
  integrity sha512-x8JoZb7yBEbNUmHUNoRAP4L++6A5uZCVf2yFLw8CZKpH4q+Cf1a68ou48OfnND3H0rbBnLXc/3uOlseRvd57/g==
  dependencies:
    "@aws-sdk/middleware-user-agent" "3.714.0"
    "@aws-sdk/types" "3.714.0"
    "@smithy/node-config-provider" "^3.1.12"
    "@smithy/types" "^3.7.2"
    tslib "^2.6.2"

"@smithy/abort-controller@^3.1.9":
  version "3.1.9"
  resolved "https://registry.yarnpkg.com/@smithy/abort-controller/-/abort-controller-3.1.9.tgz#47d323f754136a489e972d7fd465d534d72fcbff"
  integrity sha512-yiW0WI30zj8ZKoSYNx90no7ugVn3khlyH/z5W8qtKBtVE6awRALbhSG+2SAHA1r6bO/6M9utxYKVZ3PCJ1rWxw==
  dependencies:
    "@smithy/types" "^3.7.2"
    tslib "^2.6.2"

"@smithy/config-resolver@^3.0.13":
  version "3.0.13"
  resolved "https://registry.yarnpkg.com/@smithy/config-resolver/-/config-resolver-3.0.13.tgz#653643a77a33d0f5907a5e7582353886b07ba752"
  integrity sha512-Gr/qwzyPaTL1tZcq8WQyHhTZREER5R1Wytmz4WnVGL4onA3dNk6Btll55c8Vr58pLdvWZmtG8oZxJTw3t3q7Jg==
  dependencies:
    "@smithy/node-config-provider" "^3.1.12"
    "@smithy/types" "^3.7.2"
    "@smithy/util-config-provider" "^3.0.0"
    "@smithy/util-middleware" "^3.0.11"
    tslib "^2.6.2"

"@smithy/core@^2.5.5", "@smithy/core@^2.5.6":
  version "2.5.6"
  resolved "https://registry.yarnpkg.com/@smithy/core/-/core-2.5.6.tgz#f2fe273e254f1318afef35bb223220db6760c122"
  integrity sha512-w494xO+CPwG/5B/N2l0obHv2Fi9U4DAY+sTi1GWT3BVvGpZetJjJXAynIO9IHp4zS1PinGhXtRSZydUXbJO4ag==
  dependencies:
    "@smithy/middleware-serde" "^3.0.11"
    "@smithy/protocol-http" "^4.1.8"
    "@smithy/types" "^3.7.2"
    "@smithy/util-body-length-browser" "^3.0.0"
    "@smithy/util-middleware" "^3.0.11"
    "@smithy/util-stream" "^3.3.3"
    "@smithy/util-utf8" "^3.0.0"
    tslib "^2.6.2"

"@smithy/credential-provider-imds@^3.2.8":
  version "3.2.8"
  resolved "https://registry.yarnpkg.com/@smithy/credential-provider-imds/-/credential-provider-imds-3.2.8.tgz#27ed2747074c86a7d627a98e56f324a65cba88de"
  integrity sha512-ZCY2yD0BY+K9iMXkkbnjo+08T2h8/34oHd0Jmh6BZUSZwaaGlGCyBT/3wnS7u7Xl33/EEfN4B6nQr3Gx5bYxgw==
  dependencies:
    "@smithy/node-config-provider" "^3.1.12"
    "@smithy/property-provider" "^3.1.11"
    "@smithy/types" "^3.7.2"
    "@smithy/url-parser" "^3.0.11"
    tslib "^2.6.2"

"@smithy/fetch-http-handler@^4.1.2":
  version "4.1.2"
  resolved "https://registry.yarnpkg.com/@smithy/fetch-http-handler/-/fetch-http-handler-4.1.2.tgz#f034ff16416b37d92908a1381ef5fddbf4ef1879"
  integrity sha512-R7rU7Ae3ItU4rC0c5mB2sP5mJNbCfoDc8I5XlYjIZnquyUwec7fEo78F6DA3SmgJgkU1qTMcZJuGblxZsl10ZA==
  dependencies:
    "@smithy/protocol-http" "^4.1.8"
    "@smithy/querystring-builder" "^3.0.11"
    "@smithy/types" "^3.7.2"
    "@smithy/util-base64" "^3.0.0"
    tslib "^2.6.2"

"@smithy/hash-node@^3.0.11":
  version "3.0.11"
  resolved "https://registry.yarnpkg.com/@smithy/hash-node/-/hash-node-3.0.11.tgz#99e09ead3fc99c8cd7ca0f254ea0e35714f2a0d3"
  integrity sha512-emP23rwYyZhQBvklqTtwetkQlqbNYirDiEEwXl2v0GYWMnCzxst7ZaRAnWuy28njp5kAH54lvkdG37MblZzaHA==
  dependencies:
    "@smithy/types" "^3.7.2"
    "@smithy/util-buffer-from" "^3.0.0"
    "@smithy/util-utf8" "^3.0.0"
    tslib "^2.6.2"

"@smithy/invalid-dependency@^3.0.11":
  version "3.0.11"
  resolved "https://registry.yarnpkg.com/@smithy/invalid-dependency/-/invalid-dependency-3.0.11.tgz#8144d7b0af9d34ab5f672e1f674f97f8740bb9ae"
  integrity sha512-NuQmVPEJjUX6c+UELyVz8kUx8Q539EDeNwbRyu4IIF8MeV7hUtq1FB3SHVyki2u++5XLMFqngeMKk7ccspnNyQ==
  dependencies:
    "@smithy/types" "^3.7.2"
    tslib "^2.6.2"

"@smithy/is-array-buffer@^2.0.0":
  version "2.0.0"
  resolved "https://registry.yarnpkg.com/@smithy/is-array-buffer/-/is-array-buffer-2.0.0.tgz#8fa9b8040651e7ba0b2f6106e636a91354ff7d34"
  integrity sha512-z3PjFjMyZNI98JFRJi/U0nGoLWMSJlDjAW4QUX2WNZLas5C0CmVV6LJ01JI0k90l7FvpmixjWxPFmENSClQ7ug==
  dependencies:
    tslib "^2.5.0"

"@smithy/is-array-buffer@^3.0.0":
  version "3.0.0"
  resolved "https://registry.yarnpkg.com/@smithy/is-array-buffer/-/is-array-buffer-3.0.0.tgz#9a95c2d46b8768946a9eec7f935feaddcffa5e7a"
  integrity sha512-+Fsu6Q6C4RSJiy81Y8eApjEB5gVtM+oFKTffg+jSuwtvomJJrhUJBu2zS8wjXSgH/g1MKEWrzyChTBe6clb5FQ==
  dependencies:
    tslib "^2.6.2"

"@smithy/middleware-content-length@^3.0.13":
  version "3.0.13"
  resolved "https://registry.yarnpkg.com/@smithy/middleware-content-length/-/middleware-content-length-3.0.13.tgz#6e08fe52739ac8fb3996088e0f8837e4b2ea187f"
  integrity sha512-zfMhzojhFpIX3P5ug7jxTjfUcIPcGjcQYzB9t+rv0g1TX7B0QdwONW+ATouaLoD7h7LOw/ZlXfkq4xJ/g2TrIw==
  dependencies:
    "@smithy/protocol-http" "^4.1.8"
    "@smithy/types" "^3.7.2"
    tslib "^2.6.2"

"@smithy/middleware-endpoint@^3.2.5", "@smithy/middleware-endpoint@^3.2.7":
  version "3.2.7"
  resolved "https://registry.yarnpkg.com/@smithy/middleware-endpoint/-/middleware-endpoint-3.2.7.tgz#fda56f2ac65111c069ed3646ae125f56d70d12a1"
  integrity sha512-GTxSKf280aJBANGN97MomUQhW1VNxZ6w7HAj/pvZM5MUHbMPOGnWOp1PRYKi4czMaHNj9bdiA+ZarmT3Wkdqiw==
  dependencies:
    "@smithy/core" "^2.5.6"
    "@smithy/middleware-serde" "^3.0.11"
    "@smithy/node-config-provider" "^3.1.12"
    "@smithy/shared-ini-file-loader" "^3.1.12"
    "@smithy/types" "^3.7.2"
    "@smithy/url-parser" "^3.0.11"
    "@smithy/util-middleware" "^3.0.11"
    tslib "^2.6.2"

"@smithy/middleware-retry@^3.0.30":
  version "3.0.32"
  resolved "https://registry.yarnpkg.com/@smithy/middleware-retry/-/middleware-retry-3.0.32.tgz#758b0f4fff3f4b2bd420f0fe20552a41233b5c68"
  integrity sha512-v8gVA9HqibuZkFuFpfkC/EcHE8no/3Mv3JvRUGly63Axt4yyas1WDVOasFSdiqm2hZVpY7/k8mRT1Wd5k7r3Yw==
  dependencies:
    "@smithy/node-config-provider" "^3.1.12"
    "@smithy/protocol-http" "^4.1.8"
    "@smithy/service-error-classification" "^3.0.11"
    "@smithy/smithy-client" "^3.5.2"
    "@smithy/types" "^3.7.2"
    "@smithy/util-middleware" "^3.0.11"
    "@smithy/util-retry" "^3.0.11"
    tslib "^2.6.2"
    uuid "^9.0.1"

"@smithy/middleware-serde@^3.0.11":
  version "3.0.11"
  resolved "https://registry.yarnpkg.com/@smithy/middleware-serde/-/middleware-serde-3.0.11.tgz#c7d54e0add4f83e05c6878a011fc664e21022f12"
  integrity sha512-KzPAeySp/fOoQA82TpnwItvX8BBURecpx6ZMu75EZDkAcnPtO6vf7q4aH5QHs/F1s3/snQaSFbbUMcFFZ086Mw==
  dependencies:
    "@smithy/types" "^3.7.2"
    tslib "^2.6.2"

"@smithy/middleware-stack@^3.0.11":
  version "3.0.11"
  resolved "https://registry.yarnpkg.com/@smithy/middleware-stack/-/middleware-stack-3.0.11.tgz#453af2096924e4064d9da4e053cfdf65d9a36acc"
  integrity sha512-1HGo9a6/ikgOMrTrWL/WiN9N8GSVYpuRQO5kjstAq4CvV59bjqnh7TbdXGQ4vxLD3xlSjfBjq5t1SOELePsLnA==
  dependencies:
    "@smithy/types" "^3.7.2"
    tslib "^2.6.2"

"@smithy/node-config-provider@^3.1.12":
  version "3.1.12"
  resolved "https://registry.yarnpkg.com/@smithy/node-config-provider/-/node-config-provider-3.1.12.tgz#1b1d674fc83f943dc7b3017e37f16f374e878a6c"
  integrity sha512-O9LVEu5J/u/FuNlZs+L7Ikn3lz7VB9hb0GtPT9MQeiBmtK8RSY3ULmsZgXhe6VAlgTw0YO+paQx4p8xdbs43vQ==
  dependencies:
    "@smithy/property-provider" "^3.1.11"
    "@smithy/shared-ini-file-loader" "^3.1.12"
    "@smithy/types" "^3.7.2"
    tslib "^2.6.2"

"@smithy/node-http-handler@^3.3.2", "@smithy/node-http-handler@^3.3.3":
  version "3.3.3"
  resolved "https://registry.yarnpkg.com/@smithy/node-http-handler/-/node-http-handler-3.3.3.tgz#94dbb3f15342b656ceba2b26e14aa741cace8919"
  integrity sha512-BrpZOaZ4RCbcJ2igiSNG16S+kgAc65l/2hmxWdmhyoGWHTLlzQzr06PXavJp9OBlPEG/sHlqdxjWmjzV66+BSQ==
  dependencies:
    "@smithy/abort-controller" "^3.1.9"
    "@smithy/protocol-http" "^4.1.8"
    "@smithy/querystring-builder" "^3.0.11"
    "@smithy/types" "^3.7.2"
    tslib "^2.6.2"

"@smithy/property-provider@^3.1.11":
  version "3.1.11"
  resolved "https://registry.yarnpkg.com/@smithy/property-provider/-/property-provider-3.1.11.tgz#161cf1c2a2ada361e417382c57f5ba6fbca8acad"
  integrity sha512-I/+TMc4XTQ3QAjXfOcUWbSS073oOEAxgx4aZy8jHaf8JQnRkq2SZWw8+PfDtBvLUjcGMdxl+YwtzWe6i5uhL/A==
  dependencies:
    "@smithy/types" "^3.7.2"
    tslib "^2.6.2"

"@smithy/protocol-http@^4.1.8":
  version "4.1.8"
  resolved "https://registry.yarnpkg.com/@smithy/protocol-http/-/protocol-http-4.1.8.tgz#0461758671335f65e8ff3fc0885ab7ed253819c9"
  integrity sha512-hmgIAVyxw1LySOwkgMIUN0kjN8TG9Nc85LJeEmEE/cNEe2rkHDUWhnJf2gxcSRFLWsyqWsrZGw40ROjUogg+Iw==
  dependencies:
    "@smithy/types" "^3.7.2"
    tslib "^2.6.2"

"@smithy/querystring-builder@^3.0.11":
  version "3.0.11"
  resolved "https://registry.yarnpkg.com/@smithy/querystring-builder/-/querystring-builder-3.0.11.tgz#2ed04adbe725671824c5613d0d6f9376d791a909"
  integrity sha512-u+5HV/9uJaeLj5XTb6+IEF/dokWWkEqJ0XiaRRogyREmKGUgZnNecLucADLdauWFKUNbQfulHFEZEdjwEBjXRg==
  dependencies:
    "@smithy/types" "^3.7.2"
    "@smithy/util-uri-escape" "^3.0.0"
    tslib "^2.6.2"

"@smithy/querystring-parser@^3.0.11":
  version "3.0.11"
  resolved "https://registry.yarnpkg.com/@smithy/querystring-parser/-/querystring-parser-3.0.11.tgz#9d3177ea19ce8462f18d9712b395239e1ca1f969"
  integrity sha512-Je3kFvCsFMnso1ilPwA7GtlbPaTixa3WwC+K21kmMZHsBEOZYQaqxcMqeFFoU7/slFjKDIpiiPydvdJm8Q/MCw==
  dependencies:
    "@smithy/types" "^3.7.2"
    tslib "^2.6.2"

"@smithy/service-error-classification@^3.0.11":
  version "3.0.11"
  resolved "https://registry.yarnpkg.com/@smithy/service-error-classification/-/service-error-classification-3.0.11.tgz#d3d7fc0aacd2e60d022507367e55c7939e5bcb8a"
  integrity sha512-QnYDPkyewrJzCyaeI2Rmp7pDwbUETe+hU8ADkXmgNusO1bgHBH7ovXJiYmba8t0fNfJx75fE8dlM6SEmZxheog==
  dependencies:
    "@smithy/types" "^3.7.2"

"@smithy/shared-ini-file-loader@^3.1.12":
  version "3.1.12"
  resolved "https://registry.yarnpkg.com/@smithy/shared-ini-file-loader/-/shared-ini-file-loader-3.1.12.tgz#d98b1b663eb18935ce2cbc79024631d34f54042a"
  integrity sha512-1xKSGI+U9KKdbG2qDvIR9dGrw3CNx+baqJfyr0igKEpjbHL5stsqAesYBzHChYHlelWtb87VnLWlhvfCz13H8Q==
  dependencies:
    "@smithy/types" "^3.7.2"
    tslib "^2.6.2"

"@smithy/signature-v4@^4.2.4":
  version "4.2.4"
  resolved "https://registry.yarnpkg.com/@smithy/signature-v4/-/signature-v4-4.2.4.tgz#3501d3d09fd82768867bfc00a7be4bad62f62f4d"
  integrity sha512-5JWeMQYg81TgU4cG+OexAWdvDTs5JDdbEZx+Qr1iPbvo91QFGzjy0IkXAKaXUHqmKUJgSHK0ZxnCkgZpzkeNTA==
  dependencies:
    "@smithy/is-array-buffer" "^3.0.0"
    "@smithy/protocol-http" "^4.1.8"
    "@smithy/types" "^3.7.2"
    "@smithy/util-hex-encoding" "^3.0.0"
    "@smithy/util-middleware" "^3.0.11"
    "@smithy/util-uri-escape" "^3.0.0"
    "@smithy/util-utf8" "^3.0.0"
    tslib "^2.6.2"

"@smithy/smithy-client@^3.5.0", "@smithy/smithy-client@^3.5.2":
  version "3.5.2"
  resolved "https://registry.yarnpkg.com/@smithy/smithy-client/-/smithy-client-3.5.2.tgz#1d944062e49fd151efac76b908d36204d6df1997"
  integrity sha512-h7xn+1wlpbXyLrtvo/teHR1SFGIIrQ3imzG0nz43zVLAJgvfC1Mtdwa1pFhoIOYrt/TiNjt4pD0gSYQEdZSBtg==
  dependencies:
    "@smithy/core" "^2.5.6"
    "@smithy/middleware-endpoint" "^3.2.7"
    "@smithy/middleware-stack" "^3.0.11"
    "@smithy/protocol-http" "^4.1.8"
    "@smithy/types" "^3.7.2"
    "@smithy/util-stream" "^3.3.3"
    tslib "^2.6.2"

"@smithy/types@^2.2.2":
  version "2.2.2"
  resolved "https://registry.yarnpkg.com/@smithy/types/-/types-2.2.2.tgz#bd8691eb92dd07ac33b83e0e1c45f283502b1bf7"
  integrity sha512-4PS0y1VxDnELGHGgBWlDksB2LJK8TG8lcvlWxIsgR+8vROI7Ms8h1P4FQUx+ftAX2QZv5g1CJCdhdRmQKyonyw==
  dependencies:
    tslib "^2.5.0"

"@smithy/types@^3.7.2":
  version "3.7.2"
  resolved "https://registry.yarnpkg.com/@smithy/types/-/types-3.7.2.tgz#05cb14840ada6f966de1bf9a9c7dd86027343e10"
  integrity sha512-bNwBYYmN8Eh9RyjS1p2gW6MIhSO2rl7X9QeLM8iTdcGRP+eDiIWDt66c9IysCc22gefKszZv+ubV9qZc7hdESg==
  dependencies:
    tslib "^2.6.2"

"@smithy/url-parser@^3.0.11":
  version "3.0.11"
  resolved "https://registry.yarnpkg.com/@smithy/url-parser/-/url-parser-3.0.11.tgz#e5f5ffabfb6230159167cf4cc970705fca6b8b2d"
  integrity sha512-TmlqXkSk8ZPhfc+SQutjmFr5FjC0av3GZP4B/10caK1SbRwe/v+Wzu/R6xEKxoNqL+8nY18s1byiy6HqPG37Aw==
  dependencies:
    "@smithy/querystring-parser" "^3.0.11"
    "@smithy/types" "^3.7.2"
    tslib "^2.6.2"

"@smithy/util-base64@^3.0.0":
  version "3.0.0"
  resolved "https://registry.yarnpkg.com/@smithy/util-base64/-/util-base64-3.0.0.tgz#f7a9a82adf34e27a72d0719395713edf0e493017"
  integrity sha512-Kxvoh5Qtt0CDsfajiZOCpJxgtPHXOKwmM+Zy4waD43UoEMA+qPxxa98aE/7ZhdnBFZFXMOiBR5xbcaMhLtznQQ==
  dependencies:
    "@smithy/util-buffer-from" "^3.0.0"
    "@smithy/util-utf8" "^3.0.0"
    tslib "^2.6.2"

"@smithy/util-body-length-browser@^3.0.0":
  version "3.0.0"
  resolved "https://registry.yarnpkg.com/@smithy/util-body-length-browser/-/util-body-length-browser-3.0.0.tgz#86ec2f6256310b4845a2f064e2f571c1ca164ded"
  integrity sha512-cbjJs2A1mLYmqmyVl80uoLTJhAcfzMOyPgjwAYusWKMdLeNtzmMz9YxNl3/jRLoxSS3wkqkf0jwNdtXWtyEBaQ==
  dependencies:
    tslib "^2.6.2"

"@smithy/util-body-length-node@^3.0.0":
  version "3.0.0"
  resolved "https://registry.yarnpkg.com/@smithy/util-body-length-node/-/util-body-length-node-3.0.0.tgz#99a291bae40d8932166907fe981d6a1f54298a6d"
  integrity sha512-Tj7pZ4bUloNUP6PzwhN7K386tmSmEET9QtQg0TgdNOnxhZvCssHji+oZTUIuzxECRfG8rdm2PMw2WCFs6eIYkA==
  dependencies:
    tslib "^2.6.2"

"@smithy/util-buffer-from@^2.0.0":
  version "2.0.0"
  resolved "https://registry.yarnpkg.com/@smithy/util-buffer-from/-/util-buffer-from-2.0.0.tgz#7eb75d72288b6b3001bc5f75b48b711513091deb"
  integrity sha512-/YNnLoHsR+4W4Vf2wL5lGv0ksg8Bmk3GEGxn2vEQt52AQaPSCuaO5PM5VM7lP1K9qHRKHwrPGktqVoAHKWHxzw==
  dependencies:
    "@smithy/is-array-buffer" "^2.0.0"
    tslib "^2.5.0"

"@smithy/util-buffer-from@^3.0.0":
  version "3.0.0"
  resolved "https://registry.yarnpkg.com/@smithy/util-buffer-from/-/util-buffer-from-3.0.0.tgz#559fc1c86138a89b2edaefc1e6677780c24594e3"
  integrity sha512-aEOHCgq5RWFbP+UDPvPot26EJHjOC+bRgse5A8V3FSShqd5E5UN4qc7zkwsvJPPAVsf73QwYcHN1/gt/rtLwQA==
  dependencies:
    "@smithy/is-array-buffer" "^3.0.0"
    tslib "^2.6.2"

"@smithy/util-config-provider@^3.0.0":
  version "3.0.0"
  resolved "https://registry.yarnpkg.com/@smithy/util-config-provider/-/util-config-provider-3.0.0.tgz#62c6b73b22a430e84888a8f8da4b6029dd5b8efe"
  integrity sha512-pbjk4s0fwq3Di/ANL+rCvJMKM5bzAQdE5S/6RL5NXgMExFAi6UgQMPOm5yPaIWPpr+EOXKXRonJ3FoxKf4mCJQ==
  dependencies:
    tslib "^2.6.2"

"@smithy/util-defaults-mode-browser@^3.0.30":
  version "3.0.32"
  resolved "https://registry.yarnpkg.com/@smithy/util-defaults-mode-browser/-/util-defaults-mode-browser-3.0.32.tgz#5ec553d17f5d5c975a07bfce156818172849e1d1"
  integrity sha512-FAGsnm/xJ19SZeoqGyo9CosqjUlm+XJTmygDMktebvDKw3bKiIiZ40O1MA6Z52KLmekYU2GO7BEK7u6e7ZORKw==
  dependencies:
    "@smithy/property-provider" "^3.1.11"
    "@smithy/smithy-client" "^3.5.2"
    "@smithy/types" "^3.7.2"
    bowser "^2.11.0"
    tslib "^2.6.2"

"@smithy/util-defaults-mode-node@^3.0.30":
  version "3.0.32"
  resolved "https://registry.yarnpkg.com/@smithy/util-defaults-mode-node/-/util-defaults-mode-node-3.0.32.tgz#b399625a808fe9c8331eac01b10ba582d95ab1a4"
  integrity sha512-2CzKhkPFCVdd15f3+0D1rldNlvJME8pVRBtVVsea2hy7lcOn0bGB0dTVUwzgfM4LW/aU4IOg3jWf25ZWaxbOiw==
  dependencies:
    "@smithy/config-resolver" "^3.0.13"
    "@smithy/credential-provider-imds" "^3.2.8"
    "@smithy/node-config-provider" "^3.1.12"
    "@smithy/property-provider" "^3.1.11"
    "@smithy/smithy-client" "^3.5.2"
    "@smithy/types" "^3.7.2"
    tslib "^2.6.2"

"@smithy/util-endpoints@^2.1.7":
  version "2.1.7"
  resolved "https://registry.yarnpkg.com/@smithy/util-endpoints/-/util-endpoints-2.1.7.tgz#a088ebfab946a7219dd4763bfced82709894b82d"
  integrity sha512-tSfcqKcN/Oo2STEYCABVuKgJ76nyyr6skGl9t15hs+YaiU06sgMkN7QYjo0BbVw+KT26zok3IzbdSOksQ4YzVw==
  dependencies:
    "@smithy/node-config-provider" "^3.1.12"
    "@smithy/types" "^3.7.2"
    tslib "^2.6.2"

"@smithy/util-hex-encoding@^3.0.0":
  version "3.0.0"
  resolved "https://registry.yarnpkg.com/@smithy/util-hex-encoding/-/util-hex-encoding-3.0.0.tgz#32938b33d5bf2a15796cd3f178a55b4155c535e6"
  integrity sha512-eFndh1WEK5YMUYvy3lPlVmYY/fZcQE1D8oSf41Id2vCeIkKJXPcYDCZD+4+xViI6b1XSd7tE+s5AmXzz5ilabQ==
  dependencies:
    tslib "^2.6.2"

"@smithy/util-middleware@^3.0.11":
  version "3.0.11"
  resolved "https://registry.yarnpkg.com/@smithy/util-middleware/-/util-middleware-3.0.11.tgz#2ab5c17266b42c225e62befcffb048afa682b5bf"
  integrity sha512-dWpyc1e1R6VoXrwLoLDd57U1z6CwNSdkM69Ie4+6uYh2GC7Vg51Qtan7ITzczuVpqezdDTKJGJB95fFvvjU/ow==
  dependencies:
    "@smithy/types" "^3.7.2"
    tslib "^2.6.2"

"@smithy/util-retry@^3.0.11":
  version "3.0.11"
  resolved "https://registry.yarnpkg.com/@smithy/util-retry/-/util-retry-3.0.11.tgz#d267e5ccb290165cee69732547fea17b695a7425"
  integrity sha512-hJUC6W7A3DQgaee3Hp9ZFcOxVDZzmBIRBPlUAk8/fSOEl7pE/aX7Dci0JycNOnm9Mfr0KV2XjIlUOcGWXQUdVQ==
  dependencies:
    "@smithy/service-error-classification" "^3.0.11"
    "@smithy/types" "^3.7.2"
    tslib "^2.6.2"

"@smithy/util-stream@^3.3.2", "@smithy/util-stream@^3.3.3":
  version "3.3.3"
  resolved "https://registry.yarnpkg.com/@smithy/util-stream/-/util-stream-3.3.3.tgz#2aacf96782a16009277affa1b8de1bb4843fda1d"
  integrity sha512-bOm0YMMxRjbI3X6QkWwADPFkh2AH2xBMQIB1IQgCsCRqXXpSJatgjUR3oxHthpYwFkw3WPkOt8VgMpJxC0rFqg==
  dependencies:
    "@smithy/fetch-http-handler" "^4.1.2"
    "@smithy/node-http-handler" "^3.3.3"
    "@smithy/types" "^3.7.2"
    "@smithy/util-base64" "^3.0.0"
    "@smithy/util-buffer-from" "^3.0.0"
    "@smithy/util-hex-encoding" "^3.0.0"
    "@smithy/util-utf8" "^3.0.0"
    tslib "^2.6.2"

"@smithy/util-uri-escape@^3.0.0":
  version "3.0.0"
  resolved "https://registry.yarnpkg.com/@smithy/util-uri-escape/-/util-uri-escape-3.0.0.tgz#e43358a78bf45d50bb736770077f0f09195b6f54"
  integrity sha512-LqR7qYLgZTD7nWLBecUi4aqolw8Mhza9ArpNEQ881MJJIU2sE5iHCK6TdyqqzcDLy0OPe10IY4T8ctVdtynubg==
  dependencies:
    tslib "^2.6.2"

"@smithy/util-utf8@^2.0.0":
  version "2.0.0"
  resolved "https://registry.yarnpkg.com/@smithy/util-utf8/-/util-utf8-2.0.0.tgz#b4da87566ea7757435e153799df9da717262ad42"
  integrity sha512-rctU1VkziY84n5OXe3bPNpKR001ZCME2JCaBBFgtiM2hfKbHFudc/BkMuPab8hRbLd0j3vbnBTTZ1igBf0wgiQ==
  dependencies:
    "@smithy/util-buffer-from" "^2.0.0"
    tslib "^2.5.0"

"@smithy/util-utf8@^3.0.0":
  version "3.0.0"
  resolved "https://registry.yarnpkg.com/@smithy/util-utf8/-/util-utf8-3.0.0.tgz#1a6a823d47cbec1fd6933e5fc87df975286d9d6a"
  integrity sha512-rUeT12bxFnplYDe815GXbq/oixEGHfRFFtcTF3YdDi/JaENIM6aSYYLJydG83UNzLXeRI5K8abYd/8Sp/QM0kA==
  dependencies:
    "@smithy/util-buffer-from" "^3.0.0"
    tslib "^2.6.2"

"@smithy/util-waiter@^3.2.0":
  version "3.2.0"
  resolved "https://registry.yarnpkg.com/@smithy/util-waiter/-/util-waiter-3.2.0.tgz#1e52f870e77d2e5572025f7606053e6ff00df93d"
  integrity sha512-PpjSboaDUE6yl+1qlg3Si57++e84oXdWGbuFUSAciXsVfEZJJJupR2Nb0QuXHiunt2vGR+1PTizOMvnUPaG2Qg==
  dependencies:
    "@smithy/abort-controller" "^3.1.9"
    "@smithy/types" "^3.7.2"
    tslib "^2.6.2"

"@types/aws-lambda@^8.10.126":
  version "8.10.128"
  resolved "https://registry.yarnpkg.com/@types/aws-lambda/-/aws-lambda-8.10.128.tgz#1c26e3e062e33961b250355cb4c9b6b3544b74a9"
  integrity sha512-bw4+ORfyywsj9Tq3WJA9j6HG4EbYy+dz+k8LN73ApmwjTdf82ZCSELz3b7BJQzeG5HE8IaTy9SXTHmruIK5ZlQ==

"@types/node@^20.9.0":
  version "20.17.10"
  resolved "https://registry.yarnpkg.com/@types/node/-/node-20.17.10.tgz#3f7166190aece19a0d1d364d75c8b0b5778c1e18"
  integrity sha512-/jrvh5h6NXhEauFFexRin69nA0uHJ5gwk4iDivp/DeoEua3uwCUto6PC86IpRITBOs4+6i2I56K5x5b6WYGXHA==
  dependencies:
    undici-types "~6.19.2"

"@types/uuid@^9.0.1":
  version "9.0.8"
  resolved "https://registry.yarnpkg.com/@types/uuid/-/uuid-9.0.8.tgz#7545ba4fc3c003d6c756f651f3bf163d8f0f29ba"
  integrity sha512-jg+97EGIcY9AGHJJRaaPVgetKDsrTgbRjQ5Msgjh/DQKEFl0DtyRr/VCOyD1T2R1MNeWPK/u7JoGhlDZnKBAfA==

bowser@^2.11.0:
  version "2.11.0"
  resolved "https://registry.yarnpkg.com/bowser/-/bowser-2.11.0.tgz#5ca3c35757a7aa5771500c70a73a9f91ef420a8f"
  integrity sha512-AlcaJBi/pqqJBIQ8U9Mcpc9i8Aqxn88Skv5d+xBX006BY5u8N3mGLHa5Lgppa7L/HfwgwLgZ6NYs+Ag6uUmJRA==

fast-xml-parser@4.4.1:
  version "4.4.1"
  resolved "https://registry.yarnpkg.com/fast-xml-parser/-/fast-xml-parser-4.4.1.tgz#86dbf3f18edf8739326447bcaac31b4ae7f6514f"
  integrity sha512-xkjOecfnKGkSsOwtZ5Pz7Us/T6mrbPQrq0nh+aCO5V9nk5NLWmasAHumTKjiPJPWANe+kAZ84Jc8ooJkzZ88Sw==
  dependencies:
    strnum "^1.0.5"

mnemonist@0.38.3:
  version "0.38.3"
  resolved "https://registry.yarnpkg.com/mnemonist/-/mnemonist-0.38.3.tgz#35ec79c1c1f4357cfda2fe264659c2775ccd7d9d"
  integrity sha512-2K9QYubXx/NAjv4VLq1d1Ly8pWNC5L3BrixtdkyTegXWJIqY+zLNDhhX/A+ZwWt70tB1S8H4BE8FLYEFyNoOBw==
  dependencies:
    obliterator "^1.6.1"

obliterator@^1.6.1:
  version "1.6.1"
  resolved "https://registry.yarnpkg.com/obliterator/-/obliterator-1.6.1.tgz#dea03e8ab821f6c4d96a299e17aef6a3af994ef3"
  integrity sha512-9WXswnqINnnhOG/5SLimUlzuU1hFJUc8zkwyD59Sd+dPOMf05PmnYG/d6Q7HZ+KmgkZJa1PxRso6QdM3sTNHig==

strnum@^1.0.5:
  version "1.0.5"
  resolved "https://registry.yarnpkg.com/strnum/-/strnum-1.0.5.tgz#5c4e829fe15ad4ff0d20c3db5ac97b73c9b072db"
  integrity sha512-J8bbNyKKXl5qYcR36TIO8W3mVGVHrmmxsd5PAItGkmyzwJvybiw2IVq5nqd0i4LSNSkB/sx9VHllbfFdr9k1JA==

tslib@^2.5.0:
  version "2.6.2"
  resolved "https://registry.yarnpkg.com/tslib/-/tslib-2.6.2.tgz#703ac29425e7b37cd6fd456e92404d46d1f3e4ae"
  integrity sha512-AEYxH93jGFPn/a2iVAwW87VuUIkR1FVUKB77NwMF7nBTDkDrrT/Hpt/IrCJ0QXhW27jTBDcf5ZY7w6RiqTMw2Q==

tslib@^2.6.2:
  version "2.8.0"
  resolved "https://registry.yarnpkg.com/tslib/-/tslib-2.8.0.tgz#d124c86c3c05a40a91e6fdea4021bd31d377971b"
  integrity sha512-jWVzBLplnCmoaTr13V9dYbiQ99wvZRd0vNWaDRg+aVYRcjDF3nDksxFDE/+fkXnKhpnUUkmx5pK/v8mCtLVqZA==

typescript@^5.2.2:
  version "5.7.2"
  resolved "https://registry.yarnpkg.com/typescript/-/typescript-5.7.2.tgz#3169cf8c4c8a828cde53ba9ecb3d2b1d5dd67be6"
  integrity sha512-i5t66RHxDvVN40HfDd1PsEThGNnlMCMT3jMUuoh9/0TaqWevNontacunWyN02LA9/fIbEWlcHZcgTKb9QoaLfg==

undici-types@~6.19.2:
  version "6.19.8"
  resolved "https://registry.yarnpkg.com/undici-types/-/undici-types-6.19.8.tgz#35111c9d1437ab83a7cdc0abae2f26d88eda0a02"
  integrity sha512-ve2KP6f/JnbPBFyobGHuerC9g1FYGn/F8n1LWTwNxCEzd6IfqTwUQcNXgEtmmQ6DlRrC1hrSrBnCZPokRrDHjw==

uuid@^9.0.1:
  version "9.0.1"
  resolved "https://registry.yarnpkg.com/uuid/-/uuid-9.0.1.tgz#e188d4c8853cc722220392c424cd637f32293f30"
  integrity sha512-b+1eJOlsR9K8HJpow9Ok3fiWOWSIcIzXodvv0rQjVoOVNpWMpxf1wZNpt4y9h10odCNrqnYp1OBzRktckBe3sA==
